// !$*UTF8*$!
{
	archiveVersion = 1;
	classes = {
	};
	objectVersion = 55;
	objects = {

/* Begin PBXBuildFile section */
		3FC5B41F28036F3B002C57C5 /* AppDelegate.swift in Sources */ = {isa = PBXBuildFile; fileRef = 3FC5B41E28036F3B002C57C5 /* AppDelegate.swift */; };
		3FC5B42128036F3C002C57C5 /* SceneDelegate.swift in Sources */ = {isa = PBXBuildFile; fileRef = 3FC5B42028036F3C002C57C5 /* SceneDelegate.swift */; };
		3FC5B42328036F3C002C57C5 /* GrocerySectionsViewController.swift in Sources */ = {isa = PBXBuildFile; fileRef = 3FC5B42228036F3C002C57C5 /* GrocerySectionsViewController.swift */; };
		3FC5B42628036F3C002C57C5 /* Main.storyboard in Resources */ = {isa = PBXBuildFile; fileRef = 3FC5B42428036F3C002C57C5 /* Main.storyboard */; };
		3FC5B42828036F3D002C57C5 /* Assets.xcassets in Resources */ = {isa = PBXBuildFile; fileRef = 3FC5B42728036F3D002C57C5 /* Assets.xcassets */; };
		3FC5B42B28036F3D002C57C5 /* LaunchScreen.storyboard in Resources */ = {isa = PBXBuildFile; fileRef = 3FC5B42928036F3D002C57C5 /* LaunchScreen.storyboard */; };
		3FC5B43628036F3D002C57C5 /* Veerabathini_GroceryAppTests.swift in Sources */ = {isa = PBXBuildFile; fileRef = 3FC5B43528036F3D002C57C5 /* Veerabathini_GroceryAppTests.swift */; };
		3FC5B44028036F3D002C57C5 /* Veerabathini_GroceryAppUITests.swift in Sources */ = {isa = PBXBuildFile; fileRef = 3FC5B43F28036F3D002C57C5 /* Veerabathini_GroceryAppUITests.swift */; };
		3FC5B44228036F3D002C57C5 /* Veerabathini_GroceryAppUITestsLaunchTests.swift in Sources */ = {isa = PBXBuildFile; fileRef = 3FC5B44128036F3D002C57C5 /* Veerabathini_GroceryAppUITestsLaunchTests.swift */; };
		3FC5B44F28037110002C57C5 /* GroceryItemsViewController.swift in Sources */ = {isa = PBXBuildFile; fileRef = 3FC5B44E28037110002C57C5 /* GroceryItemsViewController.swift */; };
		3FC5B45128039855002C57C5 /* ItemInfoViewController.swift in Sources */ = {isa = PBXBuildFile; fileRef = 3FC5B45028039855002C57C5 /* ItemInfoViewController.swift */; };
		3FC5B45328064151002C57C5 /* GrocerySection.swift in Sources */ = {isa = PBXBuildFile; fileRef = 3FC5B45228064151002C57C5 /* GrocerySection.swift */; };
/* End PBXBuildFile section */

/* Begin PBXContainerItemProxy section */
		3FC5B43228036F3D002C57C5 /* PBXContainerItemProxy */ = {
			isa = PBXContainerItemProxy;
			containerPortal = 3FC5B41328036F3B002C57C5 /* Project object */;
			proxyType = 1;
			remoteGlobalIDString = 3FC5B41A28036F3B002C57C5;
			remoteInfo = Veerabathini_GroceryApp;
		};
		3FC5B43C28036F3D002C57C5 /* PBXContainerItemProxy */ = {
			isa = PBXContainerItemProxy;
			containerPortal = 3FC5B41328036F3B002C57C5 /* Project object */;
			proxyType = 1;
			remoteGlobalIDString = 3FC5B41A28036F3B002C57C5;
			remoteInfo = Veerabathini_GroceryApp;
		};
/* End PBXContainerItemProxy section */

/* Begin PBXFileReference section */
		3FC5B41B28036F3B002C57C5 /* Veerabathini_GroceryApp.app */ = {isa = PBXFileReference; explicitFileType = wrapper.application; includeInIndex = 0; path = Veerabathini_GroceryApp.app; sourceTree = BUILT_PRODUCTS_DIR; };
		3FC5B41E28036F3B002C57C5 /* AppDelegate.swift */ = {isa = PBXFileReference; lastKnownFileType = sourcecode.swift; path = AppDelegate.swift; sourceTree = "<group>"; };
		3FC5B42028036F3C002C57C5 /* SceneDelegate.swift */ = {isa = PBXFileReference; lastKnownFileType = sourcecode.swift; path = SceneDelegate.swift; sourceTree = "<group>"; };
		3FC5B42228036F3C002C57C5 /* GrocerySectionsViewController.swift */ = {isa = PBXFileReference; lastKnownFileType = sourcecode.swift; path = GrocerySectionsViewController.swift; sourceTree = "<group>"; };
		3FC5B42528036F3C002C57C5 /* Base */ = {isa = PBXFileReference; lastKnownFileType = file.storyboard; name = Base; path = Base.lproj/Main.storyboard; sourceTree = "<group>"; };
		3FC5B42728036F3D002C57C5 /* Assets.xcassets */ = {isa = PBXFileReference; lastKnownFileType = folder.assetcatalog; path = Assets.xcassets; sourceTree = "<group>"; };
		3FC5B42A28036F3D002C57C5 /* Base */ = {isa = PBXFileReference; lastKnownFileType = file.storyboard; name = Base; path = Base.lproj/LaunchScreen.storyboard; sourceTree = "<group>"; };
		3FC5B42C28036F3D002C57C5 /* Info.plist */ = {isa = PBXFileReference; lastKnownFileType = text.plist.xml; path = Info.plist; sourceTree = "<group>"; };
		3FC5B43128036F3D002C57C5 /* Veerabathini_GroceryAppTests.xctest */ = {isa = PBXFileReference; explicitFileType = wrapper.cfbundle; includeInIndex = 0; path = Veerabathini_GroceryAppTests.xctest; sourceTree = BUILT_PRODUCTS_DIR; };
		3FC5B43528036F3D002C57C5 /* Veerabathini_GroceryAppTests.swift */ = {isa = PBXFileReference; lastKnownFileType = sourcecode.swift; path = Veerabathini_GroceryAppTests.swift; sourceTree = "<group>"; };
		3FC5B43B28036F3D002C57C5 /* Veerabathini_GroceryAppUITests.xctest */ = {isa = PBXFileReference; explicitFileType = wrapper.cfbundle; includeInIndex = 0; path = Veerabathini_GroceryAppUITests.xctest; sourceTree = BUILT_PRODUCTS_DIR; };
		3FC5B43F28036F3D002C57C5 /* Veerabathini_GroceryAppUITests.swift */ = {isa = PBXFileReference; lastKnownFileType = sourcecode.swift; path = Veerabathini_GroceryAppUITests.swift; sourceTree = "<group>"; };
		3FC5B44128036F3D002C57C5 /* Veerabathini_GroceryAppUITestsLaunchTests.swift */ = {isa = PBXFileReference; lastKnownFileType = sourcecode.swift; path = Veerabathini_GroceryAppUITestsLaunchTests.swift; sourceTree = "<group>"; };
		3FC5B44E28037110002C57C5 /* GroceryItemsViewController.swift */ = {isa = PBXFileReference; lastKnownFileType = sourcecode.swift; path = GroceryItemsViewController.swift; sourceTree = "<group>"; };
		3FC5B45028039855002C57C5 /* ItemInfoViewController.swift */ = {isa = PBXFileReference; lastKnownFileType = sourcecode.swift; path = ItemInfoViewController.swift; sourceTree = "<group>"; };
		3FC5B45228064151002C57C5 /* GrocerySection.swift */ = {isa = PBXFileReference; lastKnownFileType = sourcecode.swift; path = GrocerySection.swift; sourceTree = "<group>"; };
/* End PBXFileReference section */

/* Begin PBXFrameworksBuildPhase section */
		3FC5B41828036F3B002C57C5 /* Frameworks */ = {
			isa = PBXFrameworksBuildPhase;
			buildActionMask = 2147483647;
			files = (
			);
			runOnlyForDeploymentPostprocessing = 0;
		};
		3FC5B42E28036F3D002C57C5 /* Frameworks */ = {
			isa = PBXFrameworksBuildPhase;
			buildActionMask = 2147483647;
			files = (
			);
			runOnlyForDeploymentPostprocessing = 0;
		};
		3FC5B43828036F3D002C57C5 /* Frameworks */ = {
			isa = PBXFrameworksBuildPhase;
			buildActionMask = 2147483647;
			files = (
			);
			runOnlyForDeploymentPostprocessing = 0;
		};
/* End PBXFrameworksBuildPhase section */

/* Begin PBXGroup section */
		3FC5B41228036F3B002C57C5 = {
			isa = PBXGroup;
			children = (
				3FC5B41D28036F3B002C57C5 /* Veerabathini_GroceryApp */,
				3FC5B43428036F3D002C57C5 /* Veerabathini_GroceryAppTests */,
				3FC5B43E28036F3D002C57C5 /* Veerabathini_GroceryAppUITests */,
				3FC5B41C28036F3B002C57C5 /* Products */,
			);
			sourceTree = "<group>";
		};
		3FC5B41C28036F3B002C57C5 /* Products */ = {
			isa = PBXGroup;
			children = (
				3FC5B41B28036F3B002C57C5 /* Veerabathini_GroceryApp.app */,
				3FC5B43128036F3D002C57C5 /* Veerabathini_GroceryAppTests.xctest */,
				3FC5B43B28036F3D002C57C5 /* Veerabathini_GroceryAppUITests.xctest */,
			);
			name = Products;
			sourceTree = "<group>";
		};
		3FC5B41D28036F3B002C57C5 /* Veerabathini_GroceryApp */ = {
			isa = PBXGroup;
			children = (
				3FC5B41E28036F3B002C57C5 /* AppDelegate.swift */,
				3FC5B42028036F3C002C57C5 /* SceneDelegate.swift */,
				3FC5B42228036F3C002C57C5 /* GrocerySectionsViewController.swift */,
				3FC5B42428036F3C002C57C5 /* Main.storyboard */,
				3FC5B42728036F3D002C57C5 /* Assets.xcassets */,
				3FC5B42928036F3D002C57C5 /* LaunchScreen.storyboard */,
				3FC5B42C28036F3D002C57C5 /* Info.plist */,
				3FC5B44E28037110002C57C5 /* GroceryItemsViewController.swift */,
				3FC5B45028039855002C57C5 /* ItemInfoViewController.swift */,
				3FC5B45228064151002C57C5 /* GrocerySection.swift */,
			);
			path = Veerabathini_GroceryApp;
			sourceTree = "<group>";
		};
		3FC5B43428036F3D002C57C5 /* Veerabathini_GroceryAppTests */ = {
			isa = PBXGroup;
			children = (
				3FC5B43528036F3D002C57C5 /* Veerabathini_GroceryAppTests.swift */,
			);
			path = Veerabathini_GroceryAppTests;
			sourceTree = "<group>";
		};
		3FC5B43E28036F3D002C57C5 /* Veerabathini_GroceryAppUITests */ = {
			isa = PBXGroup;
			children = (
				3FC5B43F28036F3D002C57C5 /* Veerabathini_GroceryAppUITests.swift */,
				3FC5B44128036F3D002C57C5 /* Veerabathini_GroceryAppUITestsLaunchTests.swift */,
			);
			path = Veerabathini_GroceryAppUITests;
			sourceTree = "<group>";
		};
/* End PBXGroup section */

/* Begin PBXNativeTarget section */
		3FC5B41A28036F3B002C57C5 /* Veerabathini_GroceryApp */ = {
			isa = PBXNativeTarget;
			buildConfigurationList = 3FC5B44528036F3D002C57C5 /* Build configuration list for PBXNativeTarget "Veerabathini_GroceryApp" */;
			buildPhases = (
				3FC5B41728036F3B002C57C5 /* Sources */,
				3FC5B41828036F3B002C57C5 /* Frameworks */,
				3FC5B41928036F3B002C57C5 /* Resources */,
			);
			buildRules = (
			);
			dependencies = (
			);
			name = Veerabathini_GroceryApp;
			productName = Veerabathini_GroceryApp;
			productReference = 3FC5B41B28036F3B002C57C5 /* Veerabathini_GroceryApp.app */;
			productType = "com.apple.product-type.application";
		};
		3FC5B43028036F3D002C57C5 /* Veerabathini_GroceryAppTests */ = {
			isa = PBXNativeTarget;
			buildConfigurationList = 3FC5B44828036F3D002C57C5 /* Build configuration list for PBXNativeTarget "Veerabathini_GroceryAppTests" */;
			buildPhases = (
				3FC5B42D28036F3D002C57C5 /* Sources */,
				3FC5B42E28036F3D002C57C5 /* Frameworks */,
				3FC5B42F28036F3D002C57C5 /* Resources */,
			);
			buildRules = (
			);
			dependencies = (
				3FC5B43328036F3D002C57C5 /* PBXTargetDependency */,
			);
			name = Veerabathini_GroceryAppTests;
			productName = Veerabathini_GroceryAppTests;
			productReference = 3FC5B43128036F3D002C57C5 /* Veerabathini_GroceryAppTests.xctest */;
			productType = "com.apple.product-type.bundle.unit-test";
		};
		3FC5B43A28036F3D002C57C5 /* Veerabathini_GroceryAppUITests */ = {
			isa = PBXNativeTarget;
			buildConfigurationList = 3FC5B44B28036F3D002C57C5 /* Build configuration list for PBXNativeTarget "Veerabathini_GroceryAppUITests" */;
			buildPhases = (
				3FC5B43728036F3D002C57C5 /* Sources */,
				3FC5B43828036F3D002C57C5 /* Frameworks */,
				3FC5B43928036F3D002C57C5 /* Resources */,
			);
			buildRules = (
			);
			dependencies = (
				3FC5B43D28036F3D002C57C5 /* PBXTargetDependency */,
			);
			name = Veerabathini_GroceryAppUITests;
			productName = Veerabathini_GroceryAppUITests;
			productReference = 3FC5B43B28036F3D002C57C5 /* Veerabathini_GroceryAppUITests.xctest */;
			productType = "com.apple.product-type.bundle.ui-testing";
		};
/* End PBXNativeTarget section */

/* Begin PBXProject section */
		3FC5B41328036F3B002C57C5 /* Project object */ = {
			isa = PBXProject;
			attributes = {
				BuildIndependentTargetsInParallel = 1;
				LastSwiftUpdateCheck = 1320;
				LastUpgradeCheck = 1320;
				TargetAttributes = {
					3FC5B41A28036F3B002C57C5 = {
						CreatedOnToolsVersion = 13.2.1;
					};
					3FC5B43028036F3D002C57C5 = {
						CreatedOnToolsVersion = 13.2.1;
						TestTargetID = 3FC5B41A28036F3B002C57C5;
					};
					3FC5B43A28036F3D002C57C5 = {
						CreatedOnToolsVersion = 13.2.1;
						TestTargetID = 3FC5B41A28036F3B002C57C5;
					};
				};
			};
			buildConfigurationList = 3FC5B41628036F3B002C57C5 /* Build configuration list for PBXProject "Veerabathini_GroceryApp" */;
			compatibilityVersion = "Xcode 13.0";
			developmentRegion = en;
			hasScannedForEncodings = 0;
			knownRegions = (
				en,
				Base,
			);
			mainGroup = 3FC5B41228036F3B002C57C5;
			productRefGroup = 3FC5B41C28036F3B002C57C5 /* Products */;
			projectDirPath = "";
			projectRoot = "";
			targets = (
				3FC5B41A28036F3B002C57C5 /* Veerabathini_GroceryApp */,
				3FC5B43028036F3D002C57C5 /* Veerabathini_GroceryAppTests */,
				3FC5B43A28036F3D002C57C5 /* Veerabathini_GroceryAppUITests */,
			);
		};
/* End PBXProject section */

/* Begin PBXResourcesBuildPhase section */
		3FC5B41928036F3B002C57C5 /* Resources */ = {
			isa = PBXResourcesBuildPhase;
			buildActionMask = 2147483647;
			files = (
				3FC5B42B28036F3D002C57C5 /* LaunchScreen.storyboard in Resources */,
				3FC5B42828036F3D002C57C5 /* Assets.xcassets in Resources */,
				3FC5B42628036F3C002C57C5 /* Main.storyboard in Resources */,
			);
			runOnlyForDeploymentPostprocessing = 0;
		};
		3FC5B42F28036F3D002C57C5 /* Resources */ = {
			isa = PBXResourcesBuildPhase;
			buildActionMask = 2147483647;
			files = (
			);
			runOnlyForDeploymentPostprocessing = 0;
		};
		3FC5B43928036F3D002C57C5 /* Resources */ = {
			isa = PBXResourcesBuildPhase;
			buildActionMask = 2147483647;
			files = (
			);
			runOnlyForDeploymentPostprocessing = 0;
		};
/* End PBXResourcesBuildPhase section */

/* Begin PBXSourcesBuildPhase section */
		3FC5B41728036F3B002C57C5 /* Sources */ = {
			isa = PBXSourcesBuildPhase;
			buildActionMask = 2147483647;
			files = (
				3FC5B42328036F3C002C57C5 /* GrocerySectionsViewController.swift in Sources */,
				3FC5B44F28037110002C57C5 /* GroceryItemsViewController.swift in Sources */,
				3FC5B41F28036F3B002C57C5 /* AppDelegate.swift in Sources */,
				3FC5B45328064151002C57C5 /* GrocerySection.swift in Sources */,
				3FC5B45128039855002C57C5 /* ItemInfoViewController.swift in Sources */,
				3FC5B42128036F3C002C57C5 /* SceneDelegate.swift in Sources */,
			);
			runOnlyForDeploymentPostprocessing = 0;
		};
		3FC5B42D28036F3D002C57C5 /* Sources */ = {
			isa = PBXSourcesBuildPhase;
			buildActionMask = 2147483647;
			files = (
				3FC5B43628036F3D002C57C5 /* Veerabathini_GroceryAppTests.swift in Sources */,
			);
			runOnlyForDeploymentPostprocessing = 0;
		};
		3FC5B43728036F3D002C57C5 /* Sources */ = {
			isa = PBXSourcesBuildPhase;
			buildActionMask = 2147483647;
			files = (
				3FC5B44228036F3D002C57C5 /* Veerabathini_GroceryAppUITestsLaunchTests.swift in Sources */,
				3FC5B44028036F3D002C57C5 /* Veerabathini_GroceryAppUITests.swift in Sources */,
			);
			runOnlyForDeploymentPostprocessing = 0;
		};
/* End PBXSourcesBuildPhase section */

/* Begin PBXTargetDependency section */
		3FC5B43328036F3D002C57C5 /* PBXTargetDependency */ = {
			isa = PBXTargetDependency;
			target = 3FC5B41A28036F3B002C57C5 /* Veerabathini_GroceryApp */;
			targetProxy = 3FC5B43228036F3D002C57C5 /* PBXContainerItemProxy */;
		};
		3FC5B43D28036F3D002C57C5 /* PBXTargetDependency */ = {
			isa = PBXTargetDependency;
			target = 3FC5B41A28036F3B002C57C5 /* Veerabathini_GroceryApp */;
			targetProxy = 3FC5B43C28036F3D002C57C5 /* PBXContainerItemProxy */;
		};
/* End PBXTargetDependency section */

/* Begin PBXVariantGroup section */
		3FC5B42428036F3C002C57C5 /* Main.storyboard */ = {
			isa = PBXVariantGroup;
			children = (
				3FC5B42528036F3C002C57C5 /* Base */,
			);
			name = Main.storyboard;
			sourceTree = "<group>";
		};
		3FC5B42928036F3D002C57C5 /* LaunchScreen.storyboard */ = {
			isa = PBXVariantGroup;
			children = (
				3FC5B42A28036F3D002C57C5 /* Base */,
			);
			name = LaunchScreen.storyboard;
			sourceTree = "<group>";
		};
/* End PBXVariantGroup section */

/* Begin XCBuildConfiguration section */
		3FC5B44328036F3D002C57C5 /* Debug */ = {
			isa = XCBuildConfiguration;
			buildSettings = {
				ALWAYS_SEARCH_USER_PATHS = NO;
				CLANG_ANALYZER_NONNULL = YES;
				CLANG_ANALYZER_NUMBER_OBJECT_CONVERSION = YES_AGGRESSIVE;
				CLANG_CXX_LANGUAGE_STANDARD = "gnu++17";
				CLANG_CXX_LIBRARY = "libc++";
				CLANG_ENABLE_MODULES = YES;
				CLANG_ENABLE_OBJC_ARC = YES;
				CLANG_ENABLE_OBJC_WEAK = YES;
				CLANG_WARN_BLOCK_CAPTURE_AUTORELEASING = YES;
				CLANG_WARN_BOOL_CONVERSION = YES;
				CLANG_WARN_COMMA = YES;
				CLANG_WARN_CONSTANT_CONVERSION = YES;
				CLANG_WARN_DEPRECATED_OBJC_IMPLEMENTATIONS = YES;
				CLANG_WARN_DIRECT_OBJC_ISA_USAGE = YES_ERROR;
				CLANG_WARN_DOCUMENTATION_COMMENTS = YES;
				CLANG_WARN_EMPTY_BODY = YES;
				CLANG_WARN_ENUM_CONVERSION = YES;
				CLANG_WARN_INFINITE_RECURSION = YES;
				CLANG_WARN_INT_CONVERSION = YES;
				CLANG_WARN_NON_LITERAL_NULL_CONVERSION = YES;
				CLANG_WARN_OBJC_IMPLICIT_RETAIN_SELF = YES;
				CLANG_WARN_OBJC_LITERAL_CONVERSION = YES;
				CLANG_WARN_OBJC_ROOT_CLASS = YES_ERROR;
				CLANG_WARN_QUOTED_INCLUDE_IN_FRAMEWORK_HEADER = YES;
				CLANG_WARN_RANGE_LOOP_ANALYSIS = YES;
				CLANG_WARN_STRICT_PROTOTYPES = YES;
				CLANG_WARN_SUSPICIOUS_MOVE = YES;
				CLANG_WARN_UNGUARDED_AVAILABILITY = YES_AGGRESSIVE;
				CLANG_WARN_UNREACHABLE_CODE = YES;
				CLANG_WARN__DUPLICATE_METHOD_MATCH = YES;
				COPY_PHASE_STRIP = NO;
				DEBUG_INFORMATION_FORMAT = dwarf;
				ENABLE_STRICT_OBJC_MSGSEND = YES;
				ENABLE_TESTABILITY = YES;
				GCC_C_LANGUAGE_STANDARD = gnu11;
				GCC_DYNAMIC_NO_PIC = NO;
				GCC_NO_COMMON_BLOCKS = YES;
				GCC_OPTIMIZATION_LEVEL = 0;
				GCC_PREPROCESSOR_DEFINITIONS = (
					"DEBUG=1",
					"$(inherited)",
				);
				GCC_WARN_64_TO_32_BIT_CONVERSION = YES;
				GCC_WARN_ABOUT_RETURN_TYPE = YES_ERROR;
				GCC_WARN_UNDECLARED_SELECTOR = YES;
				GCC_WARN_UNINITIALIZED_AUTOS = YES_AGGRESSIVE;
				GCC_WARN_UNUSED_FUNCTION = YES;
				GCC_WARN_UNUSED_VARIABLE = YES;
				IPHONEOS_DEPLOYMENT_TARGET = 15.2;
				MTL_ENABLE_DEBUG_INFO = INCLUDE_SOURCE;
				MTL_FAST_MATH = YES;
				ONLY_ACTIVE_ARCH = YES;
				SDKROOT = iphoneos;
				SWIFT_ACTIVE_COMPILATION_CONDITIONS = DEBUG;
				SWIFT_OPTIMIZATION_LEVEL = "-Onone";
			};
			name = Debug;
		};
		3FC5B44428036F3D002C57C5 /* Release */ = {
			isa = XCBuildConfiguration;
			buildSettings = {
				ALWAYS_SEARCH_USER_PATHS = NO;
				CLANG_ANALYZER_NONNULL = YES;
				CLANG_ANALYZER_NUMBER_OBJECT_CONVERSION = YES_AGGRESSIVE;
				CLANG_CXX_LANGUAGE_STANDARD = "gnu++17";
				CLANG_CXX_LIBRARY = "libc++";
				CLANG_ENABLE_MODULES = YES;
				CLANG_ENABLE_OBJC_ARC = YES;
				CLANG_ENABLE_OBJC_WEAK = YES;
				CLANG_WARN_BLOCK_CAPTURE_AUTORELEASING = YES;
				CLANG_WARN_BOOL_CONVERSION = YES;
				CLANG_WARN_COMMA = YES;
				CLANG_WARN_CONSTANT_CONVERSION = YES;
				CLANG_WARN_DEPRECATED_OBJC_IMPLEMENTATIONS = YES;
				CLANG_WARN_DIRECT_OBJC_ISA_USAGE = YES_ERROR;
				CLANG_WARN_DOCUMENTATION_COMMENTS = YES;
				CLANG_WARN_EMPTY_BODY = YES;
				CLANG_WARN_ENUM_CONVERSION = YES;
				CLANG_WARN_INFINITE_RECURSION = YES;
				CLANG_WARN_INT_CONVERSION = YES;
				CLANG_WARN_NON_LITERAL_NULL_CONVERSION = YES;
				CLANG_WARN_OBJC_IMPLICIT_RETAIN_SELF = YES;
				CLANG_WARN_OBJC_LITERAL_CONVERSION = YES;
				CLANG_WARN_OBJC_ROOT_CLASS = YES_ERROR;
				CLANG_WARN_QUOTED_INCLUDE_IN_FRAMEWORK_HEADER = YES;
				CLANG_WARN_RANGE_LOOP_ANALYSIS = YES;
				CLANG_WARN_STRICT_PROTOTYPES = YES;
				CLANG_WARN_SUSPICIOUS_MOVE = YES;
				CLANG_WARN_UNGUARDED_AVAILABILITY = YES_AGGRESSIVE;
				CLANG_WARN_UNREACHABLE_CODE = YES;
				CLANG_WARN__DUPLICATE_METHOD_MATCH = YES;
				COPY_PHASE_STRIP = NO;
				DEBUG_INFORMATION_FORMAT = "dwarf-with-dsym";
				ENABLE_NS_ASSERTIONS = NO;
				ENABLE_STRICT_OBJC_MSGSEND = YES;
				GCC_C_LANGUAGE_STANDARD = gnu11;
				GCC_NO_COMMON_BLOCKS = YES;
				GCC_WARN_64_TO_32_BIT_CONVERSION = YES;
				GCC_WARN_ABOUT_RETURN_TYPE = YES_ERROR;
				GCC_WARN_UNDECLARED_SELECTOR = YES;
				GCC_WARN_UNINITIALIZED_AUTOS = YES_AGGRESSIVE;
				GCC_WARN_UNUSED_FUNCTION = YES;
				GCC_WARN_UNUSED_VARIABLE = YES;
				IPHONEOS_DEPLOYMENT_TARGET = 15.2;
				MTL_ENABLE_DEBUG_INFO = NO;
				MTL_FAST_MATH = YES;
				SDKROOT = iphoneos;
				SWIFT_COMPILATION_MODE = wholemodule;
				SWIFT_OPTIMIZATION_LEVEL = "-O";
				VALIDATE_PRODUCT = YES;
			};
			name = Release;
		};
		3FC5B44628036F3D002C57C5 /* Debug */ = {
			isa = XCBuildConfiguration;
			buildSettings = {
				ASSETCATALOG_COMPILER_APPICON_NAME = AppIcon;
				ASSETCATALOG_COMPILER_GLOBAL_ACCENT_COLOR_NAME = AccentColor;
				CODE_SIGN_STYLE = Automatic;
				CURRENT_PROJECT_VERSION = 1;
				GENERATE_INFOPLIST_FILE = YES;
				INFOPLIST_FILE = Veerabathini_GroceryApp/Info.plist;
				INFOPLIST_KEY_UIApplicationSupportsIndirectInputEvents = YES;
				INFOPLIST_KEY_UILaunchStoryboardName = LaunchScreen;
				INFOPLIST_KEY_UIMainStoryboardFile = Main;
				INFOPLIST_KEY_UISupportedInterfaceOrientations_iPad = "UIInterfaceOrientationPortrait UIInterfaceOrientationPortraitUpsideDown UIInterfaceOrientationLandscapeLeft UIInterfaceOrientationLandscapeRight";
				INFOPLIST_KEY_UISupportedInterfaceOrientations_iPhone = "UIInterfaceOrientationPortrait UIInterfaceOrientationLandscapeLeft UIInterfaceOrientationLandscapeRight";
				LD_RUNPATH_SEARCH_PATHS = (
					"$(inherited)",
					"@executable_path/Frameworks",
				);
				MARKETING_VERSION = 1.0;
				PRODUCT_BUNDLE_IDENTIFIER = "nwmsu.Veerabathini-GroceryApp";
				PRODUCT_NAME = "$(TARGET_NAME)";
				SWIFT_EMIT_LOC_STRINGS = YES;
				SWIFT_VERSION = 5.0;
				TARGETED_DEVICE_FAMILY = "1,2";
			};
			name = Debug;
		};
		3FC5B44728036F3D002C57C5 /* Release */ = {
			isa = XCBuildConfiguration;
			buildSettings = {
				ASSETCATALOG_COMPILER_APPICON_NAME = AppIcon;
				ASSETCATALOG_COMPILER_GLOBAL_ACCENT_COLOR_NAME = AccentColor;
				CODE_SIGN_STYLE = Automatic;
				CURRENT_PROJECT_VERSION = 1;
				GENERATE_INFOPLIST_FILE = YES;
				INFOPLIST_FILE = Veerabathini_GroceryApp/Info.plist;
				INFOPLIST_KEY_UIApplicationSupportsIndirectInputEvents = YES;
				INFOPLIST_KEY_UILaunchStoryboardName = LaunchScreen;
				INFOPLIST_KEY_UIMainStoryboardFile = Main;
				INFOPLIST_KEY_UISupportedInterfaceOrientations_iPad = "UIInterfaceOrientationPortrait UIInterfaceOrientationPortraitUpsideDown UIInterfaceOrientationLandscapeLeft UIInterfaceOrientationLandscapeRight";
				INFOPLIST_KEY_UISupportedInterfaceOrientations_iPhone = "UIInterfaceOrientationPortrait UIInterfaceOrientationLandscapeLeft UIInterfaceOrientationLandscapeRight";
				LD_RUNPATH_SEARCH_PATHS = (
					"$(inherited)",
					"@executable_path/Frameworks",
				);
				MARKETING_VERSION = 1.0;
				PRODUCT_BUNDLE_IDENTIFIER = "nwmsu.Veerabathini-GroceryApp";
				PRODUCT_NAME = "$(TARGET_NAME)";
				SWIFT_EMIT_LOC_STRINGS = YES;
				SWIFT_VERSION = 5.0;
				TARGETED_DEVICE_FAMILY = "1,2";
			};
			name = Release;
		};
		3FC5B44928036F3D002C57C5 /* Debug */ = {
			isa = XCBuildConfiguration;
			buildSettings = {
				ALWAYS_EMBED_SWIFT_STANDARD_LIBRARIES = YES;
				BUNDLE_LOADER = "$(TEST_HOST)";
				CODE_SIGN_STYLE = Automatic;
				CURRENT_PROJECT_VERSION = 1;
				GENERATE_INFOPLIST_FILE = YES;
				IPHONEOS_DEPLOYMENT_TARGET = 15.2;
				MARKETING_VERSION = 1.0;
				PRODUCT_BUNDLE_IDENTIFIER = "nwmsu.Veerabathini-GroceryAppTests";
				PRODUCT_NAME = "$(TARGET_NAME)";
				SWIFT_EMIT_LOC_STRINGS = NO;
				SWIFT_VERSION = 5.0;
				TARGETED_DEVICE_FAMILY = "1,2";
				TEST_HOST = "$(BUILT_PRODUCTS_DIR)/Veerabathini_GroceryApp.app/Veerabathini_GroceryApp";
			};
			name = Debug;
		};
		3FC5B44A28036F3D002C57C5 /* Release */ = {
			isa = XCBuildConfiguration;
			buildSettings = {
				ALWAYS_EMBED_SWIFT_STANDARD_LIBRARIES = YES;
				BUNDLE_LOADER = "$(TEST_HOST)";
				CODE_SIGN_STYLE = Automatic;
				CURRENT_PROJECT_VERSION = 1;
				GENERATE_INFOPLIST_FILE = YES;
				IPHONEOS_DEPLOYMENT_TARGET = 15.2;
				MARKETING_VERSION = 1.0;
				PRODUCT_BUNDLE_IDENTIFIER = "nwmsu.Veerabathini-GroceryAppTests";
				PRODUCT_NAME = "$(TARGET_NAME)";
				SWIFT_EMIT_LOC_STRINGS = NO;
				SWIFT_VERSION = 5.0;
				TARGETED_DEVICE_FAMILY = "1,2";
				TEST_HOST = "$(BUILT_PRODUCTS_DIR)/Veerabathini_GroceryApp.app/Veerabathini_GroceryApp";
			};
			name = Release;
		};
		3FC5B44C28036F3D002C57C5 /* Debug */ = {
			isa = XCBuildConfiguration;
			buildSettings = {
				ALWAYS_EMBED_SWIFT_STANDARD_LIBRARIES = YES;
				CODE_SIGN_STYLE = Automatic;
				CURRENT_PROJECT_VERSION = 1;
				GENERATE_INFOPLIST_FILE = YES;
				MARKETING_VERSION = 1.0;
				PRODUCT_BUNDLE_IDENTIFIER = "nwmsu.Veerabathini-GroceryAppUITests";
				PRODUCT_NAME = "$(TARGET_NAME)";
				SWIFT_EMIT_LOC_STRINGS = NO;
				SWIFT_VERSION = 5.0;
				TARGETED_DEVICE_FAMILY = "1,2";
				TEST_TARGET_NAME = Veerabathini_GroceryApp;
			};
			name = Debug;
		};
		3FC5B44D28036F3D002C57C5 /* Release */ = {
			isa = XCBuildConfiguration;
			buildSettings = {
				ALWAYS_EMBED_SWIFT_STANDARD_LIBRARIES = YES;
				CODE_SIGN_STYLE = Automatic;
				CURRENT_PROJECT_VERSION = 1;
				GENERATE_INFOPLIST_FILE = YES;
				MARKETING_VERSION = 1.0;
				PRODUCT_BUNDLE_IDENTIFIER = "nwmsu.Veerabathini-GroceryAppUITests";
				PRODUCT_NAME = "$(TARGET_NAME)";
				SWIFT_EMIT_LOC_STRINGS = NO;
				SWIFT_VERSION = 5.0;
				TARGETED_DEVICE_FAMILY = "1,2";
				TEST_TARGET_NAME = Veerabathini_GroceryApp;
			};
			name = Release;
		};
/* End XCBuildConfiguration section */

/* Begin XCConfigurationList section */
		3FC5B41628036F3B002C57C5 /* Build configuration list for PBXProject "Veerabathini_GroceryApp" */ = {
			isa = XCConfigurationList;
			buildConfigurations = (
				3FC5B44328036F3D002C57C5 /* Debug */,
				3FC5B44428036F3D002C57C5 /* Release */,
			);
			defaultConfigurationIsVisible = 0;
			defaultConfigurationName = Release;
		};
		3FC5B44528036F3D002C57C5 /* Build configuration list for PBXNativeTarget "Veerabathini_GroceryApp" */ = {
			isa = XCConfigurationList;
			buildConfigurations = (
				3FC5B44628036F3D002C57C5 /* Debug */,
				3FC5B44728036F3D002C57C5 /* Release */,
			);
			defaultConfigurationIsVisible = 0;
			defaultConfigurationName = Release;
		};
		3FC5B44828036F3D002C57C5 /* Build configuration list for PBXNativeTarget "Veerabathini_GroceryAppTests" */ = {
			isa = XCConfigurationList;
			buildConfigurations = (
				3FC5B44928036F3D002C57C5 /* Debug */,
				3FC5B44A28036F3D002C57C5 /* Release */,
			);
			defaultConfigurationIsVisible = 0;
			defaultConfigurationName = Release;
		};
		3FC5B44B28036F3D002C57C5 /* Build configuration list for PBXNativeTarget "Veerabathini_GroceryAppUITests" */ = {
			isa = XCConfigurationList;
			buildConfigurations = (
				3FC5B44C28036F3D002C57C5 /* Debug */,
				3FC5B44D28036F3D002C57C5 /* Release */,
			);
			defaultConfigurationIsVisible = 0;
			defaultConfigurationName = Release;
		};
/* End XCConfigurationList section */
	};
	rootObject = 3FC5B41328036F3B002C57C5 /* Project object */;
}
