// !$*UTF8*$!
{
	archiveVersion = 1;
	classes = {
	};
	objectVersion = 55;
	objects = {

/* Begin PBXBuildFile section */
		596499EC27F3540D00403655 /* AppDelegate.swift in Sources */ = {isa = PBXBuildFile; fileRef = 596499EB27F3540D00403655 /* AppDelegate.swift */; };
		596499EE27F3540D00403655 /* SceneDelegate.swift in Sources */ = {isa = PBXBuildFile; fileRef = 596499ED27F3540D00403655 /* SceneDelegate.swift */; };
		596499F027F3540D00403655 /* ViewController.swift in Sources */ = {isa = PBXBuildFile; fileRef = 596499EF27F3540D00403655 /* ViewController.swift */; };
		596499F327F3540D00403655 /* Main.storyboard in Resources */ = {isa = PBXBuildFile; fileRef = 596499F127F3540D00403655 /* Main.storyboard */; };
		596499F527F3540E00403655 /* Assets.xcassets in Resources */ = {isa = PBXBuildFile; fileRef = 596499F427F3540E00403655 /* Assets.xcassets */; };
		596499F827F3540E00403655 /* LaunchScreen.storyboard in Resources */ = {isa = PBXBuildFile; fileRef = 596499F627F3540E00403655 /* LaunchScreen.storyboard */; };
		59649A0327F3540E00403655 /* TableViewDemoTests.swift in Sources */ = {isa = PBXBuildFile; fileRef = 59649A0227F3540E00403655 /* TableViewDemoTests.swift */; };
		59649A0D27F3540E00403655 /* TableViewDemoUITests.swift in Sources */ = {isa = PBXBuildFile; fileRef = 59649A0C27F3540E00403655 /* TableViewDemoUITests.swift */; };
		59649A0F27F3540E00403655 /* TableViewDemoUITestsLaunchTests.swift in Sources */ = {isa = PBXBuildFile; fileRef = 59649A0E27F3540E00403655 /* TableViewDemoUITestsLaunchTests.swift */; };
		59649A1C27F355FB00403655 /* DetailViewController.swift in Sources */ = {isa = PBXBuildFile; fileRef = 59649A1B27F355FB00403655 /* DetailViewController.swift */; };
/* End PBXBuildFile section */

/* Begin PBXContainerItemProxy section */
		596499FF27F3540E00403655 /* PBXContainerItemProxy */ = {
			isa = PBXContainerItemProxy;
			containerPortal = 596499E027F3540D00403655 /* Project object */;
			proxyType = 1;
			remoteGlobalIDString = 596499E727F3540D00403655;
			remoteInfo = TableViewDemo;
		};
		59649A0927F3540E00403655 /* PBXContainerItemProxy */ = {
			isa = PBXContainerItemProxy;
			containerPortal = 596499E027F3540D00403655 /* Project object */;
			proxyType = 1;
			remoteGlobalIDString = 596499E727F3540D00403655;
			remoteInfo = TableViewDemo;
		};
/* End PBXContainerItemProxy section */

/* Begin PBXFileReference section */
		596499E827F3540D00403655 /* TableViewDemo.app */ = {isa = PBXFileReference; explicitFileType = wrapper.application; includeInIndex = 0; path = TableViewDemo.app; sourceTree = BUILT_PRODUCTS_DIR; };
		596499EB27F3540D00403655 /* AppDelegate.swift */ = {isa = PBXFileReference; lastKnownFileType = sourcecode.swift; path = AppDelegate.swift; sourceTree = "<group>"; };
		596499ED27F3540D00403655 /* SceneDelegate.swift */ = {isa = PBXFileReference; lastKnownFileType = sourcecode.swift; path = SceneDelegate.swift; sourceTree = "<group>"; };
		596499EF27F3540D00403655 /* ViewController.swift */ = {isa = PBXFileReference; lastKnownFileType = sourcecode.swift; path = ViewController.swift; sourceTree = "<group>"; };
		596499F227F3540D00403655 /* Base */ = {isa = PBXFileReference; lastKnownFileType = file.storyboard; name = Base; path = Base.lproj/Main.storyboard; sourceTree = "<group>"; };
		596499F427F3540E00403655 /* Assets.xcassets */ = {isa = PBXFileReference; lastKnownFileType = folder.assetcatalog; path = Assets.xcassets; sourceTree = "<group>"; };
		596499F727F3540E00403655 /* Base */ = {isa = PBXFileReference; lastKnownFileType = file.storyboard; name = Base; path = Base.lproj/LaunchScreen.storyboard; sourceTree = "<group>"; };
		596499F927F3540E00403655 /* Info.plist */ = {isa = PBXFileReference; lastKnownFileType = text.plist.xml; path = Info.plist; sourceTree = "<group>"; };
		596499FE27F3540E00403655 /* TableViewDemoTests.xctest */ = {isa = PBXFileReference; explicitFileType = wrapper.cfbundle; includeInIndex = 0; path = TableViewDemoTests.xctest; sourceTree = BUILT_PRODUCTS_DIR; };
		59649A0227F3540E00403655 /* TableViewDemoTests.swift */ = {isa = PBXFileReference; lastKnownFileType = sourcecode.swift; path = TableViewDemoTests.swift; sourceTree = "<group>"; };
		59649A0827F3540E00403655 /* TableViewDemoUITests.xctest */ = {isa = PBXFileReference; explicitFileType = wrapper.cfbundle; includeInIndex = 0; path = TableViewDemoUITests.xctest; sourceTree = BUILT_PRODUCTS_DIR; };
		59649A0C27F3540E00403655 /* TableViewDemoUITests.swift */ = {isa = PBXFileReference; lastKnownFileType = sourcecode.swift; path = TableViewDemoUITests.swift; sourceTree = "<group>"; };
		59649A0E27F3540E00403655 /* TableViewDemoUITestsLaunchTests.swift */ = {isa = PBXFileReference; lastKnownFileType = sourcecode.swift; path = TableViewDemoUITestsLaunchTests.swift; sourceTree = "<group>"; };
		59649A1B27F355FB00403655 /* DetailViewController.swift */ = {isa = PBXFileReference; lastKnownFileType = sourcecode.swift; path = DetailViewController.swift; sourceTree = "<group>"; };
/* End PBXFileReference section */

/* Begin PBXFrameworksBuildPhase section */
		596499E527F3540D00403655 /* Frameworks */ = {
			isa = PBXFrameworksBuildPhase;
			buildActionMask = 2147483647;
			files = (
			);
			runOnlyForDeploymentPostprocessing = 0;
		};
		596499FB27F3540E00403655 /* Frameworks */ = {
			isa = PBXFrameworksBuildPhase;
			buildActionMask = 2147483647;
			files = (
			);
			runOnlyForDeploymentPostprocessing = 0;
		};
		59649A0527F3540E00403655 /* Frameworks */ = {
			isa = PBXFrameworksBuildPhase;
			buildActionMask = 2147483647;
			files = (
			);
			runOnlyForDeploymentPostprocessing = 0;
		};
/* End PBXFrameworksBuildPhase section */

/* Begin PBXGroup section */
		596499DF27F3540D00403655 = {
			isa = PBXGroup;
			children = (
				596499EA27F3540D00403655 /* TableViewDemo */,
				59649A0127F3540E00403655 /* TableViewDemoTests */,
				59649A0B27F3540E00403655 /* TableViewDemoUITests */,
				596499E927F3540D00403655 /* Products */,
			);
			sourceTree = "<group>";
		};
		596499E927F3540D00403655 /* Products */ = {
			isa = PBXGroup;
			children = (
				596499E827F3540D00403655 /* TableViewDemo.app */,
				596499FE27F3540E00403655 /* TableViewDemoTests.xctest */,
				59649A0827F3540E00403655 /* TableViewDemoUITests.xctest */,
			);
			name = Products;
			sourceTree = "<group>";
		};
		596499EA27F3540D00403655 /* TableViewDemo */ = {
			isa = PBXGroup;
			children = (
				596499EB27F3540D00403655 /* AppDelegate.swift */,
				596499ED27F3540D00403655 /* SceneDelegate.swift */,
				596499EF27F3540D00403655 /* ViewController.swift */,
				596499F127F3540D00403655 /* Main.storyboard */,
				596499F427F3540E00403655 /* Assets.xcassets */,
				596499F627F3540E00403655 /* LaunchScreen.storyboard */,
				596499F927F3540E00403655 /* Info.plist */,
				59649A1B27F355FB00403655 /* DetailViewController.swift */,
			);
			path = TableViewDemo;
			sourceTree = "<group>";
		};
		59649A0127F3540E00403655 /* TableViewDemoTests */ = {
			isa = PBXGroup;
			children = (
				59649A0227F3540E00403655 /* TableViewDemoTests.swift */,
			);
			path = TableViewDemoTests;
			sourceTree = "<group>";
		};
		59649A0B27F3540E00403655 /* TableViewDemoUITests */ = {
			isa = PBXGroup;
			children = (
				59649A0C27F3540E00403655 /* TableViewDemoUITests.swift */,
				59649A0E27F3540E00403655 /* TableViewDemoUITestsLaunchTests.swift */,
			);
			path = TableViewDemoUITests;
			sourceTree = "<group>";
		};
/* End PBXGroup section */

/* Begin PBXNativeTarget section */
		596499E727F3540D00403655 /* TableViewDemo */ = {
			isa = PBXNativeTarget;
			buildConfigurationList = 59649A1227F3540E00403655 /* Build configuration list for PBXNativeTarget "TableViewDemo" */;
			buildPhases = (
				596499E427F3540D00403655 /* Sources */,
				596499E527F3540D00403655 /* Frameworks */,
				596499E627F3540D00403655 /* Resources */,
			);
			buildRules = (
			);
			dependencies = (
			);
			name = TableViewDemo;
			productName = TableViewDemo;
			productReference = 596499E827F3540D00403655 /* TableViewDemo.app */;
			productType = "com.apple.product-type.application";
		};
		596499FD27F3540E00403655 /* TableViewDemoTests */ = {
			isa = PBXNativeTarget;
			buildConfigurationList = 59649A1527F3540E00403655 /* Build configuration list for PBXNativeTarget "TableViewDemoTests" */;
			buildPhases = (
				596499FA27F3540E00403655 /* Sources */,
				596499FB27F3540E00403655 /* Frameworks */,
				596499FC27F3540E00403655 /* Resources */,
			);
			buildRules = (
			);
			dependencies = (
				59649A0027F3540E00403655 /* PBXTargetDependency */,
			);
			name = TableViewDemoTests;
			productName = TableViewDemoTests;
			productReference = 596499FE27F3540E00403655 /* TableViewDemoTests.xctest */;
			productType = "com.apple.product-type.bundle.unit-test";
		};
		59649A0727F3540E00403655 /* TableViewDemoUITests */ = {
			isa = PBXNativeTarget;
			buildConfigurationList = 59649A1827F3540E00403655 /* Build configuration list for PBXNativeTarget "TableViewDemoUITests" */;
			buildPhases = (
				59649A0427F3540E00403655 /* Sources */,
				59649A0527F3540E00403655 /* Frameworks */,
				59649A0627F3540E00403655 /* Resources */,
			);
			buildRules = (
			);
			dependencies = (
				59649A0A27F3540E00403655 /* PBXTargetDependency */,
			);
			name = TableViewDemoUITests;
			productName = TableViewDemoUITests;
			productReference = 59649A0827F3540E00403655 /* TableViewDemoUITests.xctest */;
			productType = "com.apple.product-type.bundle.ui-testing";
		};
/* End PBXNativeTarget section */

/* Begin PBXProject section */
		596499E027F3540D00403655 /* Project object */ = {
			isa = PBXProject;
			attributes = {
				BuildIndependentTargetsInParallel = 1;
				LastSwiftUpdateCheck = 1320;
				LastUpgradeCheck = 1320;
				TargetAttributes = {
					596499E727F3540D00403655 = {
						CreatedOnToolsVersion = 13.2.1;
					};
					596499FD27F3540E00403655 = {
						CreatedOnToolsVersion = 13.2.1;
						TestTargetID = 596499E727F3540D00403655;
					};
					59649A0727F3540E00403655 = {
						CreatedOnToolsVersion = 13.2.1;
						TestTargetID = 596499E727F3540D00403655;
					};
				};
			};
			buildConfigurationList = 596499E327F3540D00403655 /* Build configuration list for PBXProject "TableViewDemo" */;
			compatibilityVersion = "Xcode 13.0";
			developmentRegion = en;
			hasScannedForEncodings = 0;
			knownRegions = (
				en,
				Base,
			);
			mainGroup = 596499DF27F3540D00403655;
			productRefGroup = 596499E927F3540D00403655 /* Products */;
			projectDirPath = "";
			projectRoot = "";
			targets = (
				596499E727F3540D00403655 /* TableViewDemo */,
				596499FD27F3540E00403655 /* TableViewDemoTests */,
				59649A0727F3540E00403655 /* TableViewDemoUITests */,
			);
		};
/* End PBXProject section */

/* Begin PBXResourcesBuildPhase section */
		596499E627F3540D00403655 /* Resources */ = {
			isa = PBXResourcesBuildPhase;
			buildActionMask = 2147483647;
			files = (
				596499F827F3540E00403655 /* LaunchScreen.storyboard in Resources */,
				596499F527F3540E00403655 /* Assets.xcassets in Resources */,
				596499F327F3540D00403655 /* Main.storyboard in Resources */,
			);
			runOnlyForDeploymentPostprocessing = 0;
		};
		596499FC27F3540E00403655 /* Resources */ = {
			isa = PBXResourcesBuildPhase;
			buildActionMask = 2147483647;
			files = (
			);
			runOnlyForDeploymentPostprocessing = 0;
		};
		59649A0627F3540E00403655 /* Resources */ = {
			isa = PBXResourcesBuildPhase;
			buildActionMask = 2147483647;
			files = (
			);
			runOnlyForDeploymentPostprocessing = 0;
		};
/* End PBXResourcesBuildPhase section */

/* Begin PBXSourcesBuildPhase section */
		596499E427F3540D00403655 /* Sources */ = {
			isa = PBXSourcesBuildPhase;
			buildActionMask = 2147483647;
			files = (
				596499F027F3540D00403655 /* ViewController.swift in Sources */,
				596499EC27F3540D00403655 /* AppDelegate.swift in Sources */,
				596499EE27F3540D00403655 /* SceneDelegate.swift in Sources */,
				59649A1C27F355FB00403655 /* DetailViewController.swift in Sources */,
			);
			runOnlyForDeploymentPostprocessing = 0;
		};
		596499FA27F3540E00403655 /* Sources */ = {
			isa = PBXSourcesBuildPhase;
			buildActionMask = 2147483647;
			files = (
				59649A0327F3540E00403655 /* TableViewDemoTests.swift in Sources */,
			);
			runOnlyForDeploymentPostprocessing = 0;
		};
		59649A0427F3540E00403655 /* Sources */ = {
			isa = PBXSourcesBuildPhase;
			buildActionMask = 2147483647;
			files = (
				59649A0D27F3540E00403655 /* TableViewDemoUITests.swift in Sources */,
				59649A0F27F3540E00403655 /* TableViewDemoUITestsLaunchTests.swift in Sources */,
			);
			runOnlyForDeploymentPostprocessing = 0;
		};
/* End PBXSourcesBuildPhase section */

/* Begin PBXTargetDependency section */
		59649A0027F3540E00403655 /* PBXTargetDependency */ = {
			isa = PBXTargetDependency;
			target = 596499E727F3540D00403655 /* TableViewDemo */;
			targetProxy = 596499FF27F3540E00403655 /* PBXContainerItemProxy */;
		};
		59649A0A27F3540E00403655 /* PBXTargetDependency */ = {
			isa = PBXTargetDependency;
			target = 596499E727F3540D00403655 /* TableViewDemo */;
			targetProxy = 59649A0927F3540E00403655 /* PBXContainerItemProxy */;
		};
/* End PBXTargetDependency section */

/* Begin PBXVariantGroup section */
		596499F127F3540D00403655 /* Main.storyboard */ = {
			isa = PBXVariantGroup;
			children = (
				596499F227F3540D00403655 /* Base */,
			);
			name = Main.storyboard;
			sourceTree = "<group>";
		};
		596499F627F3540E00403655 /* LaunchScreen.storyboard */ = {
			isa = PBXVariantGroup;
			children = (
				596499F727F3540E00403655 /* Base */,
			);
			name = LaunchScreen.storyboard;
			sourceTree = "<group>";
		};
/* End PBXVariantGroup section */

/* Begin XCBuildConfiguration section */
		59649A1027F3540E00403655 /* Debug */ = {
			isa = XCBuildConfiguration;
			buildSettings = {
				ALWAYS_SEARCH_USER_PATHS = NO;
				CLANG_ANALYZER_NONNULL = YES;
				CLANG_ANALYZER_NUMBER_OBJECT_CONVERSION = YES_AGGRESSIVE;
				CLANG_CXX_LANGUAGE_STANDARD = "gnu++17";
				CLANG_CXX_LIBRARY = "libc++";
				CLANG_ENABLE_MODULES = YES;
				CLANG_ENABLE_OBJC_ARC = YES;
				CLANG_ENABLE_OBJC_WEAK = YES;
				CLANG_WARN_BLOCK_CAPTURE_AUTORELEASING = YES;
				CLANG_WARN_BOOL_CONVERSION = YES;
				CLANG_WARN_COMMA = YES;
				CLANG_WARN_CONSTANT_CONVERSION = YES;
				CLANG_WARN_DEPRECATED_OBJC_IMPLEMENTATIONS = YES;
				CLANG_WARN_DIRECT_OBJC_ISA_USAGE = YES_ERROR;
				CLANG_WARN_DOCUMENTATION_COMMENTS = YES;
				CLANG_WARN_EMPTY_BODY = YES;
				CLANG_WARN_ENUM_CONVERSION = YES;
				CLANG_WARN_INFINITE_RECURSION = YES;
				CLANG_WARN_INT_CONVERSION = YES;
				CLANG_WARN_NON_LITERAL_NULL_CONVERSION = YES;
				CLANG_WARN_OBJC_IMPLICIT_RETAIN_SELF = YES;
				CLANG_WARN_OBJC_LITERAL_CONVERSION = YES;
				CLANG_WARN_OBJC_ROOT_CLASS = YES_ERROR;
				CLANG_WARN_QUOTED_INCLUDE_IN_FRAMEWORK_HEADER = YES;
				CLANG_WARN_RANGE_LOOP_ANALYSIS = YES;
				CLANG_WARN_STRICT_PROTOTYPES = YES;
				CLANG_WARN_SUSPICIOUS_MOVE = YES;
				CLANG_WARN_UNGUARDED_AVAILABILITY = YES_AGGRESSIVE;
				CLANG_WARN_UNREACHABLE_CODE = YES;
				CLANG_WARN__DUPLICATE_METHOD_MATCH = YES;
				COPY_PHASE_STRIP = NO;
				DEBUG_INFORMATION_FORMAT = dwarf;
				ENABLE_STRICT_OBJC_MSGSEND = YES;
				ENABLE_TESTABILITY = YES;
				GCC_C_LANGUAGE_STANDARD = gnu11;
				GCC_DYNAMIC_NO_PIC = NO;
				GCC_NO_COMMON_BLOCKS = YES;
				GCC_OPTIMIZATION_LEVEL = 0;
				GCC_PREPROCESSOR_DEFINITIONS = (
					"DEBUG=1",
					"$(inherited)",
				);
				GCC_WARN_64_TO_32_BIT_CONVERSION = YES;
				GCC_WARN_ABOUT_RETURN_TYPE = YES_ERROR;
				GCC_WARN_UNDECLARED_SELECTOR = YES;
				GCC_WARN_UNINITIALIZED_AUTOS = YES_AGGRESSIVE;
				GCC_WARN_UNUSED_FUNCTION = YES;
				GCC_WARN_UNUSED_VARIABLE = YES;
				IPHONEOS_DEPLOYMENT_TARGET = 15.2;
				MTL_ENABLE_DEBUG_INFO = INCLUDE_SOURCE;
				MTL_FAST_MATH = YES;
				ONLY_ACTIVE_ARCH = YES;
				SDKROOT = iphoneos;
				SWIFT_ACTIVE_COMPILATION_CONDITIONS = DEBUG;
				SWIFT_OPTIMIZATION_LEVEL = "-Onone";
			};
			name = Debug;
		};
		59649A1127F3540E00403655 /* Release */ = {
			isa = XCBuildConfiguration;
			buildSettings = {
				ALWAYS_SEARCH_USER_PATHS = NO;
				CLANG_ANALYZER_NONNULL = YES;
				CLANG_ANALYZER_NUMBER_OBJECT_CONVERSION = YES_AGGRESSIVE;
				CLANG_CXX_LANGUAGE_STANDARD = "gnu++17";
				CLANG_CXX_LIBRARY = "libc++";
				CLANG_ENABLE_MODULES = YES;
				CLANG_ENABLE_OBJC_ARC = YES;
				CLANG_ENABLE_OBJC_WEAK = YES;
				CLANG_WARN_BLOCK_CAPTURE_AUTORELEASING = YES;
				CLANG_WARN_BOOL_CONVERSION = YES;
				CLANG_WARN_COMMA = YES;
				CLANG_WARN_CONSTANT_CONVERSION = YES;
				CLANG_WARN_DEPRECATED_OBJC_IMPLEMENTATIONS = YES;
				CLANG_WARN_DIRECT_OBJC_ISA_USAGE = YES_ERROR;
				CLANG_WARN_DOCUMENTATION_COMMENTS = YES;
				CLANG_WARN_EMPTY_BODY = YES;
				CLANG_WARN_ENUM_CONVERSION = YES;
				CLANG_WARN_INFINITE_RECURSION = YES;
				CLANG_WARN_INT_CONVERSION = YES;
				CLANG_WARN_NON_LITERAL_NULL_CONVERSION = YES;
				CLANG_WARN_OBJC_IMPLICIT_RETAIN_SELF = YES;
				CLANG_WARN_OBJC_LITERAL_CONVERSION = YES;
				CLANG_WARN_OBJC_ROOT_CLASS = YES_ERROR;
				CLANG_WARN_QUOTED_INCLUDE_IN_FRAMEWORK_HEADER = YES;
				CLANG_WARN_RANGE_LOOP_ANALYSIS = YES;
				CLANG_WARN_STRICT_PROTOTYPES = YES;
				CLANG_WARN_SUSPICIOUS_MOVE = YES;
				CLANG_WARN_UNGUARDED_AVAILABILITY = YES_AGGRESSIVE;
				CLANG_WARN_UNREACHABLE_CODE = YES;
				CLANG_WARN__DUPLICATE_METHOD_MATCH = YES;
				COPY_PHASE_STRIP = NO;
				DEBUG_INFORMATION_FORMAT = "dwarf-with-dsym";
				ENABLE_NS_ASSERTIONS = NO;
				ENABLE_STRICT_OBJC_MSGSEND = YES;
				GCC_C_LANGUAGE_STANDARD = gnu11;
				GCC_NO_COMMON_BLOCKS = YES;
				GCC_WARN_64_TO_32_BIT_CONVERSION = YES;
				GCC_WARN_ABOUT_RETURN_TYPE = YES_ERROR;
				GCC_WARN_UNDECLARED_SELECTOR = YES;
				GCC_WARN_UNINITIALIZED_AUTOS = YES_AGGRESSIVE;
				GCC_WARN_UNUSED_FUNCTION = YES;
				GCC_WARN_UNUSED_VARIABLE = YES;
				IPHONEOS_DEPLOYMENT_TARGET = 15.2;
				MTL_ENABLE_DEBUG_INFO = NO;
				MTL_FAST_MATH = YES;
				SDKROOT = iphoneos;
				SWIFT_COMPILATION_MODE = wholemodule;
				SWIFT_OPTIMIZATION_LEVEL = "-O";
				VALIDATE_PRODUCT = YES;
			};
			name = Release;
		};
		59649A1327F3540E00403655 /* Debug */ = {
			isa = XCBuildConfiguration;
			buildSettings = {
				ASSETCATALOG_COMPILER_APPICON_NAME = AppIcon;
				ASSETCATALOG_COMPILER_GLOBAL_ACCENT_COLOR_NAME = AccentColor;
				CODE_SIGN_STYLE = Automatic;
				CURRENT_PROJECT_VERSION = 1;
				GENERATE_INFOPLIST_FILE = YES;
				INFOPLIST_FILE = TableViewDemo/Info.plist;
				INFOPLIST_KEY_UIApplicationSupportsIndirectInputEvents = YES;
				INFOPLIST_KEY_UILaunchStoryboardName = LaunchScreen;
				INFOPLIST_KEY_UIMainStoryboardFile = Main;
				INFOPLIST_KEY_UISupportedInterfaceOrientations_iPad = "UIInterfaceOrientationPortrait UIInterfaceOrientationPortraitUpsideDown UIInterfaceOrientationLandscapeLeft UIInterfaceOrientationLandscapeRight";
				INFOPLIST_KEY_UISupportedInterfaceOrientations_iPhone = "UIInterfaceOrientationPortrait UIInterfaceOrientationLandscapeLeft UIInterfaceOrientationLandscapeRight";
				LD_RUNPATH_SEARCH_PATHS = (
					"$(inherited)",
					"@executable_path/Frameworks",
				);
				MARKETING_VERSION = 1.0;
				PRODUCT_BUNDLE_IDENTIFIER = nwmsu.TableViewDemo;
				PRODUCT_NAME = "$(TARGET_NAME)";
				SWIFT_EMIT_LOC_STRINGS = YES;
				SWIFT_VERSION = 5.0;
				TARGETED_DEVICE_FAMILY = "1,2";
			};
			name = Debug;
		};
		59649A1427F3540E00403655 /* Release */ = {
			isa = XCBuildConfiguration;
			buildSettings = {
				ASSETCATALOG_COMPILER_APPICON_NAME = AppIcon;
				ASSETCATALOG_COMPILER_GLOBAL_ACCENT_COLOR_NAME = AccentColor;
				CODE_SIGN_STYLE = Automatic;
				CURRENT_PROJECT_VERSION = 1;
				GENERATE_INFOPLIST_FILE = YES;
				INFOPLIST_FILE = TableViewDemo/Info.plist;
				INFOPLIST_KEY_UIApplicationSupportsIndirectInputEvents = YES;
				INFOPLIST_KEY_UILaunchStoryboardName = LaunchScreen;
				INFOPLIST_KEY_UIMainStoryboardFile = Main;
				INFOPLIST_KEY_UISupportedInterfaceOrientations_iPad = "UIInterfaceOrientationPortrait UIInterfaceOrientationPortraitUpsideDown UIInterfaceOrientationLandscapeLeft UIInterfaceOrientationLandscapeRight";
				INFOPLIST_KEY_UISupportedInterfaceOrientations_iPhone = "UIInterfaceOrientationPortrait UIInterfaceOrientationLandscapeLeft UIInterfaceOrientationLandscapeRight";
				LD_RUNPATH_SEARCH_PATHS = (
					"$(inherited)",
					"@executable_path/Frameworks",
				);
				MARKETING_VERSION = 1.0;
				PRODUCT_BUNDLE_IDENTIFIER = nwmsu.TableViewDemo;
				PRODUCT_NAME = "$(TARGET_NAME)";
				SWIFT_EMIT_LOC_STRINGS = YES;
				SWIFT_VERSION = 5.0;
				TARGETED_DEVICE_FAMILY = "1,2";
			};
			name = Release;
		};
		59649A1627F3540E00403655 /* Debug */ = {
			isa = XCBuildConfiguration;
			buildSettings = {
				ALWAYS_EMBED_SWIFT_STANDARD_LIBRARIES = YES;
				BUNDLE_LOADER = "$(TEST_HOST)";
				CODE_SIGN_STYLE = Automatic;
				CURRENT_PROJECT_VERSION = 1;
				GENERATE_INFOPLIST_FILE = YES;
				IPHONEOS_DEPLOYMENT_TARGET = 15.2;
				MARKETING_VERSION = 1.0;
				PRODUCT_BUNDLE_IDENTIFIER = nwmsu.TableViewDemoTests;
				PRODUCT_NAME = "$(TARGET_NAME)";
				SWIFT_EMIT_LOC_STRINGS = NO;
				SWIFT_VERSION = 5.0;
				TARGETED_DEVICE_FAMILY = "1,2";
				TEST_HOST = "$(BUILT_PRODUCTS_DIR)/TableViewDemo.app/TableViewDemo";
			};
			name = Debug;
		};
		59649A1727F3540E00403655 /* Release */ = {
			isa = XCBuildConfiguration;
			buildSettings = {
				ALWAYS_EMBED_SWIFT_STANDARD_LIBRARIES = YES;
				BUNDLE_LOADER = "$(TEST_HOST)";
				CODE_SIGN_STYLE = Automatic;
				CURRENT_PROJECT_VERSION = 1;
				GENERATE_INFOPLIST_FILE = YES;
				IPHONEOS_DEPLOYMENT_TARGET = 15.2;
				MARKETING_VERSION = 1.0;
				PRODUCT_BUNDLE_IDENTIFIER = nwmsu.TableViewDemoTests;
				PRODUCT_NAME = "$(TARGET_NAME)";
				SWIFT_EMIT_LOC_STRINGS = NO;
				SWIFT_VERSION = 5.0;
				TARGETED_DEVICE_FAMILY = "1,2";
				TEST_HOST = "$(BUILT_PRODUCTS_DIR)/TableViewDemo.app/TableViewDemo";
			};
			name = Release;
		};
		59649A1927F3540E00403655 /* Debug */ = {
			isa = XCBuildConfiguration;
			buildSettings = {
				ALWAYS_EMBED_SWIFT_STANDARD_LIBRARIES = YES;
				CODE_SIGN_STYLE = Automatic;
				CURRENT_PROJECT_VERSION = 1;
				GENERATE_INFOPLIST_FILE = YES;
				MARKETING_VERSION = 1.0;
				PRODUCT_BUNDLE_IDENTIFIER = nwmsu.TableViewDemoUITests;
				PRODUCT_NAME = "$(TARGET_NAME)";
				SWIFT_EMIT_LOC_STRINGS = NO;
				SWIFT_VERSION = 5.0;
				TARGETED_DEVICE_FAMILY = "1,2";
				TEST_TARGET_NAME = TableViewDemo;
			};
			name = Debug;
		};
		59649A1A27F3540E00403655 /* Release */ = {
			isa = XCBuildConfiguration;
			buildSettings = {
				ALWAYS_EMBED_SWIFT_STANDARD_LIBRARIES = YES;
				CODE_SIGN_STYLE = Automatic;
				CURRENT_PROJECT_VERSION = 1;
				GENERATE_INFOPLIST_FILE = YES;
				MARKETING_VERSION = 1.0;
				PRODUCT_BUNDLE_IDENTIFIER = nwmsu.TableViewDemoUITests;
				PRODUCT_NAME = "$(TARGET_NAME)";
				SWIFT_EMIT_LOC_STRINGS = NO;
				SWIFT_VERSION = 5.0;
				TARGETED_DEVICE_FAMILY = "1,2";
				TEST_TARGET_NAME = TableViewDemo;
			};
			name = Release;
		};
/* End XCBuildConfiguration section */

/* Begin XCConfigurationList section */
		596499E327F3540D00403655 /* Build configuration list for PBXProject "TableViewDemo" */ = {
			isa = XCConfigurationList;
			buildConfigurations = (
				59649A1027F3540E00403655 /* Debug */,
				59649A1127F3540E00403655 /* Release */,
			);
			defaultConfigurationIsVisible = 0;
			defaultConfigurationName = Release;
		};
		59649A1227F3540E00403655 /* Build configuration list for PBXNativeTarget "TableViewDemo" */ = {
			isa = XCConfigurationList;
			buildConfigurations = (
				59649A1327F3540E00403655 /* Debug */,
				59649A1427F3540E00403655 /* Release */,
			);
			defaultConfigurationIsVisible = 0;
			defaultConfigurationName = Release;
		};
		59649A1527F3540E00403655 /* Build configuration list for PBXNativeTarget "TableViewDemoTests" */ = {
			isa = XCConfigurationList;
			buildConfigurations = (
				59649A1627F3540E00403655 /* Debug */,
				59649A1727F3540E00403655 /* Release */,
			);
			defaultConfigurationIsVisible = 0;
			defaultConfigurationName = Release;
		};
		59649A1827F3540E00403655 /* Build configuration list for PBXNativeTarget "TableViewDemoUITests" */ = {
			isa = XCConfigurationList;
			buildConfigurations = (
				59649A1927F3540E00403655 /* Debug */,
				59649A1A27F3540E00403655 /* Release */,
			);
			defaultConfigurationIsVisible = 0;
			defaultConfigurationName = Release;
		};
/* End XCConfigurationList section */
	};
	rootObject = 596499E027F3540D00403655 /* Project object */;
}
