// !$*UTF8*$!
{
	archiveVersion = 1;
	classes = {
	};
	objectVersion = 55;
	objects = {

/* Begin PBXBuildFile section */
		5948A6B52805C6BD00EF4F26 /* AppDelegate.swift in Sources */ = {isa = PBXBuildFile; fileRef = 5948A6B42805C6BD00EF4F26 /* AppDelegate.swift */; };
		5948A6B72805C6BD00EF4F26 /* SceneDelegate.swift in Sources */ = {isa = PBXBuildFile; fileRef = 5948A6B62805C6BD00EF4F26 /* SceneDelegate.swift */; };
		5948A6B92805C6BD00EF4F26 /* ViewController.swift in Sources */ = {isa = PBXBuildFile; fileRef = 5948A6B82805C6BD00EF4F26 /* ViewController.swift */; };
		5948A6BC2805C6BD00EF4F26 /* Main.storyboard in Resources */ = {isa = PBXBuildFile; fileRef = 5948A6BA2805C6BD00EF4F26 /* Main.storyboard */; };
		5948A6BE2805C6BE00EF4F26 /* Assets.xcassets in Resources */ = {isa = PBXBuildFile; fileRef = 5948A6BD2805C6BE00EF4F26 /* Assets.xcassets */; };
		5948A6C12805C6BE00EF4F26 /* LaunchScreen.storyboard in Resources */ = {isa = PBXBuildFile; fileRef = 5948A6BF2805C6BE00EF4F26 /* LaunchScreen.storyboard */; };
		5948A6CC2805C6BF00EF4F26 /* MovieCollectionViewAppTests.swift in Sources */ = {isa = PBXBuildFile; fileRef = 5948A6CB2805C6BF00EF4F26 /* MovieCollectionViewAppTests.swift */; };
		5948A6D62805C6BF00EF4F26 /* MovieCollectionViewAppUITests.swift in Sources */ = {isa = PBXBuildFile; fileRef = 5948A6D52805C6BF00EF4F26 /* MovieCollectionViewAppUITests.swift */; };
		5948A6D82805C6BF00EF4F26 /* MovieCollectionViewAppUITestsLaunchTests.swift in Sources */ = {isa = PBXBuildFile; fileRef = 5948A6D72805C6BF00EF4F26 /* MovieCollectionViewAppUITestsLaunchTests.swift */; };
		5948A6E52805CA5300EF4F26 /* Movie.swift in Sources */ = {isa = PBXBuildFile; fileRef = 5948A6E42805CA5200EF4F26 /* Movie.swift */; };
		5948A6E72805CC3200EF4F26 /* MovieCollectionViewCell.swift in Sources */ = {isa = PBXBuildFile; fileRef = 5948A6E62805CC3200EF4F26 /* MovieCollectionViewCell.swift */; };
/* End PBXBuildFile section */

/* Begin PBXContainerItemProxy section */
		5948A6C82805C6BF00EF4F26 /* PBXContainerItemProxy */ = {
			isa = PBXContainerItemProxy;
			containerPortal = 5948A6A92805C6BD00EF4F26 /* Project object */;
			proxyType = 1;
			remoteGlobalIDString = 5948A6B02805C6BD00EF4F26;
			remoteInfo = MovieCollectionViewApp;
		};
		5948A6D22805C6BF00EF4F26 /* PBXContainerItemProxy */ = {
			isa = PBXContainerItemProxy;
			containerPortal = 5948A6A92805C6BD00EF4F26 /* Project object */;
			proxyType = 1;
			remoteGlobalIDString = 5948A6B02805C6BD00EF4F26;
			remoteInfo = MovieCollectionViewApp;
		};
/* End PBXContainerItemProxy section */

/* Begin PBXFileReference section */
		5948A6B12805C6BD00EF4F26 /* MovieCollectionViewApp.app */ = {isa = PBXFileReference; explicitFileType = wrapper.application; includeInIndex = 0; path = MovieCollectionViewApp.app; sourceTree = BUILT_PRODUCTS_DIR; };
		5948A6B42805C6BD00EF4F26 /* AppDelegate.swift */ = {isa = PBXFileReference; lastKnownFileType = sourcecode.swift; path = AppDelegate.swift; sourceTree = "<group>"; };
		5948A6B62805C6BD00EF4F26 /* SceneDelegate.swift */ = {isa = PBXFileReference; lastKnownFileType = sourcecode.swift; path = SceneDelegate.swift; sourceTree = "<group>"; };
		5948A6B82805C6BD00EF4F26 /* ViewController.swift */ = {isa = PBXFileReference; lastKnownFileType = sourcecode.swift; path = ViewController.swift; sourceTree = "<group>"; };
		5948A6BB2805C6BD00EF4F26 /* Base */ = {isa = PBXFileReference; lastKnownFileType = file.storyboard; name = Base; path = Base.lproj/Main.storyboard; sourceTree = "<group>"; };
		5948A6BD2805C6BE00EF4F26 /* Assets.xcassets */ = {isa = PBXFileReference; lastKnownFileType = folder.assetcatalog; path = Assets.xcassets; sourceTree = "<group>"; };
		5948A6C02805C6BE00EF4F26 /* Base */ = {isa = PBXFileReference; lastKnownFileType = file.storyboard; name = Base; path = Base.lproj/LaunchScreen.storyboard; sourceTree = "<group>"; };
		5948A6C22805C6BF00EF4F26 /* Info.plist */ = {isa = PBXFileReference; lastKnownFileType = text.plist.xml; path = Info.plist; sourceTree = "<group>"; };
		5948A6C72805C6BF00EF4F26 /* MovieCollectionViewAppTests.xctest */ = {isa = PBXFileReference; explicitFileType = wrapper.cfbundle; includeInIndex = 0; path = MovieCollectionViewAppTests.xctest; sourceTree = BUILT_PRODUCTS_DIR; };
		5948A6CB2805C6BF00EF4F26 /* MovieCollectionViewAppTests.swift */ = {isa = PBXFileReference; lastKnownFileType = sourcecode.swift; path = MovieCollectionViewAppTests.swift; sourceTree = "<group>"; };
		5948A6D12805C6BF00EF4F26 /* MovieCollectionViewAppUITests.xctest */ = {isa = PBXFileReference; explicitFileType = wrapper.cfbundle; includeInIndex = 0; path = MovieCollectionViewAppUITests.xctest; sourceTree = BUILT_PRODUCTS_DIR; };
		5948A6D52805C6BF00EF4F26 /* MovieCollectionViewAppUITests.swift */ = {isa = PBXFileReference; lastKnownFileType = sourcecode.swift; path = MovieCollectionViewAppUITests.swift; sourceTree = "<group>"; };
		5948A6D72805C6BF00EF4F26 /* MovieCollectionViewAppUITestsLaunchTests.swift */ = {isa = PBXFileReference; lastKnownFileType = sourcecode.swift; path = MovieCollectionViewAppUITestsLaunchTests.swift; sourceTree = "<group>"; };
		5948A6E42805CA5200EF4F26 /* Movie.swift */ = {isa = PBXFileReference; fileEncoding = 4; lastKnownFileType = sourcecode.swift; name = Movie.swift; path = ../../../Downloads/Movie.swift; sourceTree = "<group>"; };
		5948A6E62805CC3200EF4F26 /* MovieCollectionViewCell.swift */ = {isa = PBXFileReference; lastKnownFileType = sourcecode.swift; path = MovieCollectionViewCell.swift; sourceTree = "<group>"; };
/* End PBXFileReference section */

/* Begin PBXFrameworksBuildPhase section */
		5948A6AE2805C6BD00EF4F26 /* Frameworks */ = {
			isa = PBXFrameworksBuildPhase;
			buildActionMask = 2147483647;
			files = (
			);
			runOnlyForDeploymentPostprocessing = 0;
		};
		5948A6C42805C6BF00EF4F26 /* Frameworks */ = {
			isa = PBXFrameworksBuildPhase;
			buildActionMask = 2147483647;
			files = (
			);
			runOnlyForDeploymentPostprocessing = 0;
		};
		5948A6CE2805C6BF00EF4F26 /* Frameworks */ = {
			isa = PBXFrameworksBuildPhase;
			buildActionMask = 2147483647;
			files = (
			);
			runOnlyForDeploymentPostprocessing = 0;
		};
/* End PBXFrameworksBuildPhase section */

/* Begin PBXGroup section */
		5948A6A82805C6BD00EF4F26 = {
			isa = PBXGroup;
			children = (
				5948A6B32805C6BD00EF4F26 /* MovieCollectionViewApp */,
				5948A6CA2805C6BF00EF4F26 /* MovieCollectionViewAppTests */,
				5948A6D42805C6BF00EF4F26 /* MovieCollectionViewAppUITests */,
				5948A6B22805C6BD00EF4F26 /* Products */,
			);
			sourceTree = "<group>";
		};
		5948A6B22805C6BD00EF4F26 /* Products */ = {
			isa = PBXGroup;
			children = (
				5948A6B12805C6BD00EF4F26 /* MovieCollectionViewApp.app */,
				5948A6C72805C6BF00EF4F26 /* MovieCollectionViewAppTests.xctest */,
				5948A6D12805C6BF00EF4F26 /* MovieCollectionViewAppUITests.xctest */,
			);
			name = Products;
			sourceTree = "<group>";
		};
		5948A6B32805C6BD00EF4F26 /* MovieCollectionViewApp */ = {
			isa = PBXGroup;
			children = (
				5948A6E42805CA5200EF4F26 /* Movie.swift */,
				5948A6B42805C6BD00EF4F26 /* AppDelegate.swift */,
				5948A6B62805C6BD00EF4F26 /* SceneDelegate.swift */,
				5948A6B82805C6BD00EF4F26 /* ViewController.swift */,
				5948A6BA2805C6BD00EF4F26 /* Main.storyboard */,
				5948A6BD2805C6BE00EF4F26 /* Assets.xcassets */,
				5948A6BF2805C6BE00EF4F26 /* LaunchScreen.storyboard */,
				5948A6C22805C6BF00EF4F26 /* Info.plist */,
				5948A6E62805CC3200EF4F26 /* MovieCollectionViewCell.swift */,
			);
			path = MovieCollectionViewApp;
			sourceTree = "<group>";
		};
		5948A6CA2805C6BF00EF4F26 /* MovieCollectionViewAppTests */ = {
			isa = PBXGroup;
			children = (
				5948A6CB2805C6BF00EF4F26 /* MovieCollectionViewAppTests.swift */,
			);
			path = MovieCollectionViewAppTests;
			sourceTree = "<group>";
		};
		5948A6D42805C6BF00EF4F26 /* MovieCollectionViewAppUITests */ = {
			isa = PBXGroup;
			children = (
				5948A6D52805C6BF00EF4F26 /* MovieCollectionViewAppUITests.swift */,
				5948A6D72805C6BF00EF4F26 /* MovieCollectionViewAppUITestsLaunchTests.swift */,
			);
			path = MovieCollectionViewAppUITests;
			sourceTree = "<group>";
		};
/* End PBXGroup section */

/* Begin PBXNativeTarget section */
		5948A6B02805C6BD00EF4F26 /* MovieCollectionViewApp */ = {
			isa = PBXNativeTarget;
			buildConfigurationList = 5948A6DB2805C6BF00EF4F26 /* Build configuration list for PBXNativeTarget "MovieCollectionViewApp" */;
			buildPhases = (
				5948A6AD2805C6BD00EF4F26 /* Sources */,
				5948A6AE2805C6BD00EF4F26 /* Frameworks */,
				5948A6AF2805C6BD00EF4F26 /* Resources */,
			);
			buildRules = (
			);
			dependencies = (
			);
			name = MovieCollectionViewApp;
			productName = MovieCollectionViewApp;
			productReference = 5948A6B12805C6BD00EF4F26 /* MovieCollectionViewApp.app */;
			productType = "com.apple.product-type.application";
		};
		5948A6C62805C6BF00EF4F26 /* MovieCollectionViewAppTests */ = {
			isa = PBXNativeTarget;
			buildConfigurationList = 5948A6DE2805C6BF00EF4F26 /* Build configuration list for PBXNativeTarget "MovieCollectionViewAppTests" */;
			buildPhases = (
				5948A6C32805C6BF00EF4F26 /* Sources */,
				5948A6C42805C6BF00EF4F26 /* Frameworks */,
				5948A6C52805C6BF00EF4F26 /* Resources */,
			);
			buildRules = (
			);
			dependencies = (
				5948A6C92805C6BF00EF4F26 /* PBXTargetDependency */,
			);
			name = MovieCollectionViewAppTests;
			productName = MovieCollectionViewAppTests;
			productReference = 5948A6C72805C6BF00EF4F26 /* MovieCollectionViewAppTests.xctest */;
			productType = "com.apple.product-type.bundle.unit-test";
		};
		5948A6D02805C6BF00EF4F26 /* MovieCollectionViewAppUITests */ = {
			isa = PBXNativeTarget;
			buildConfigurationList = 5948A6E12805C6BF00EF4F26 /* Build configuration list for PBXNativeTarget "MovieCollectionViewAppUITests" */;
			buildPhases = (
				5948A6CD2805C6BF00EF4F26 /* Sources */,
				5948A6CE2805C6BF00EF4F26 /* Frameworks */,
				5948A6CF2805C6BF00EF4F26 /* Resources */,
			);
			buildRules = (
			);
			dependencies = (
				5948A6D32805C6BF00EF4F26 /* PBXTargetDependency */,
			);
			name = MovieCollectionViewAppUITests;
			productName = MovieCollectionViewAppUITests;
			productReference = 5948A6D12805C6BF00EF4F26 /* MovieCollectionViewAppUITests.xctest */;
			productType = "com.apple.product-type.bundle.ui-testing";
		};
/* End PBXNativeTarget section */

/* Begin PBXProject section */
		5948A6A92805C6BD00EF4F26 /* Project object */ = {
			isa = PBXProject;
			attributes = {
				BuildIndependentTargetsInParallel = 1;
				LastSwiftUpdateCheck = 1320;
				LastUpgradeCheck = 1320;
				TargetAttributes = {
					5948A6B02805C6BD00EF4F26 = {
						CreatedOnToolsVersion = 13.2.1;
					};
					5948A6C62805C6BF00EF4F26 = {
						CreatedOnToolsVersion = 13.2.1;
						TestTargetID = 5948A6B02805C6BD00EF4F26;
					};
					5948A6D02805C6BF00EF4F26 = {
						CreatedOnToolsVersion = 13.2.1;
						TestTargetID = 5948A6B02805C6BD00EF4F26;
					};
				};
			};
			buildConfigurationList = 5948A6AC2805C6BD00EF4F26 /* Build configuration list for PBXProject "MovieCollectionViewApp" */;
			compatibilityVersion = "Xcode 13.0";
			developmentRegion = en;
			hasScannedForEncodings = 0;
			knownRegions = (
				en,
				Base,
			);
			mainGroup = 5948A6A82805C6BD00EF4F26;
			productRefGroup = 5948A6B22805C6BD00EF4F26 /* Products */;
			projectDirPath = "";
			projectRoot = "";
			targets = (
				5948A6B02805C6BD00EF4F26 /* MovieCollectionViewApp */,
				5948A6C62805C6BF00EF4F26 /* MovieCollectionViewAppTests */,
				5948A6D02805C6BF00EF4F26 /* MovieCollectionViewAppUITests */,
			);
		};
/* End PBXProject section */

/* Begin PBXResourcesBuildPhase section */
		5948A6AF2805C6BD00EF4F26 /* Resources */ = {
			isa = PBXResourcesBuildPhase;
			buildActionMask = 2147483647;
			files = (
				5948A6C12805C6BE00EF4F26 /* LaunchScreen.storyboard in Resources */,
				5948A6BE2805C6BE00EF4F26 /* Assets.xcassets in Resources */,
				5948A6BC2805C6BD00EF4F26 /* Main.storyboard in Resources */,
			);
			runOnlyForDeploymentPostprocessing = 0;
		};
		5948A6C52805C6BF00EF4F26 /* Resources */ = {
			isa = PBXResourcesBuildPhase;
			buildActionMask = 2147483647;
			files = (
			);
			runOnlyForDeploymentPostprocessing = 0;
		};
		5948A6CF2805C6BF00EF4F26 /* Resources */ = {
			isa = PBXResourcesBuildPhase;
			buildActionMask = 2147483647;
			files = (
			);
			runOnlyForDeploymentPostprocessing = 0;
		};
/* End PBXResourcesBuildPhase section */

/* Begin PBXSourcesBuildPhase section */
		5948A6AD2805C6BD00EF4F26 /* Sources */ = {
			isa = PBXSourcesBuildPhase;
			buildActionMask = 2147483647;
			files = (
				5948A6B92805C6BD00EF4F26 /* ViewController.swift in Sources */,
				5948A6B52805C6BD00EF4F26 /* AppDelegate.swift in Sources */,
				5948A6E72805CC3200EF4F26 /* MovieCollectionViewCell.swift in Sources */,
				5948A6E52805CA5300EF4F26 /* Movie.swift in Sources */,
				5948A6B72805C6BD00EF4F26 /* SceneDelegate.swift in Sources */,
			);
			runOnlyForDeploymentPostprocessing = 0;
		};
		5948A6C32805C6BF00EF4F26 /* Sources */ = {
			isa = PBXSourcesBuildPhase;
			buildActionMask = 2147483647;
			files = (
				5948A6CC2805C6BF00EF4F26 /* MovieCollectionViewAppTests.swift in Sources */,
			);
			runOnlyForDeploymentPostprocessing = 0;
		};
		5948A6CD2805C6BF00EF4F26 /* Sources */ = {
			isa = PBXSourcesBuildPhase;
			buildActionMask = 2147483647;
			files = (
				5948A6D82805C6BF00EF4F26 /* MovieCollectionViewAppUITestsLaunchTests.swift in Sources */,
				5948A6D62805C6BF00EF4F26 /* MovieCollectionViewAppUITests.swift in Sources */,
			);
			runOnlyForDeploymentPostprocessing = 0;
		};
/* End PBXSourcesBuildPhase section */

/* Begin PBXTargetDependency section */
		5948A6C92805C6BF00EF4F26 /* PBXTargetDependency */ = {
			isa = PBXTargetDependency;
			target = 5948A6B02805C6BD00EF4F26 /* MovieCollectionViewApp */;
			targetProxy = 5948A6C82805C6BF00EF4F26 /* PBXContainerItemProxy */;
		};
		5948A6D32805C6BF00EF4F26 /* PBXTargetDependency */ = {
			isa = PBXTargetDependency;
			target = 5948A6B02805C6BD00EF4F26 /* MovieCollectionViewApp */;
			targetProxy = 5948A6D22805C6BF00EF4F26 /* PBXContainerItemProxy */;
		};
/* End PBXTargetDependency section */

/* Begin PBXVariantGroup section */
		5948A6BA2805C6BD00EF4F26 /* Main.storyboard */ = {
			isa = PBXVariantGroup;
			children = (
				5948A6BB2805C6BD00EF4F26 /* Base */,
			);
			name = Main.storyboard;
			sourceTree = "<group>";
		};
		5948A6BF2805C6BE00EF4F26 /* LaunchScreen.storyboard */ = {
			isa = PBXVariantGroup;
			children = (
				5948A6C02805C6BE00EF4F26 /* Base */,
			);
			name = LaunchScreen.storyboard;
			sourceTree = "<group>";
		};
/* End PBXVariantGroup section */

/* Begin XCBuildConfiguration section */
		5948A6D92805C6BF00EF4F26 /* Debug */ = {
			isa = XCBuildConfiguration;
			buildSettings = {
				ALWAYS_SEARCH_USER_PATHS = NO;
				CLANG_ANALYZER_NONNULL = YES;
				CLANG_ANALYZER_NUMBER_OBJECT_CONVERSION = YES_AGGRESSIVE;
				CLANG_CXX_LANGUAGE_STANDARD = "gnu++17";
				CLANG_CXX_LIBRARY = "libc++";
				CLANG_ENABLE_MODULES = YES;
				CLANG_ENABLE_OBJC_ARC = YES;
				CLANG_ENABLE_OBJC_WEAK = YES;
				CLANG_WARN_BLOCK_CAPTURE_AUTORELEASING = YES;
				CLANG_WARN_BOOL_CONVERSION = YES;
				CLANG_WARN_COMMA = YES;
				CLANG_WARN_CONSTANT_CONVERSION = YES;
				CLANG_WARN_DEPRECATED_OBJC_IMPLEMENTATIONS = YES;
				CLANG_WARN_DIRECT_OBJC_ISA_USAGE = YES_ERROR;
				CLANG_WARN_DOCUMENTATION_COMMENTS = YES;
				CLANG_WARN_EMPTY_BODY = YES;
				CLANG_WARN_ENUM_CONVERSION = YES;
				CLANG_WARN_INFINITE_RECURSION = YES;
				CLANG_WARN_INT_CONVERSION = YES;
				CLANG_WARN_NON_LITERAL_NULL_CONVERSION = YES;
				CLANG_WARN_OBJC_IMPLICIT_RETAIN_SELF = YES;
				CLANG_WARN_OBJC_LITERAL_CONVERSION = YES;
				CLANG_WARN_OBJC_ROOT_CLASS = YES_ERROR;
				CLANG_WARN_QUOTED_INCLUDE_IN_FRAMEWORK_HEADER = YES;
				CLANG_WARN_RANGE_LOOP_ANALYSIS = YES;
				CLANG_WARN_STRICT_PROTOTYPES = YES;
				CLANG_WARN_SUSPICIOUS_MOVE = YES;
				CLANG_WARN_UNGUARDED_AVAILABILITY = YES_AGGRESSIVE;
				CLANG_WARN_UNREACHABLE_CODE = YES;
				CLANG_WARN__DUPLICATE_METHOD_MATCH = YES;
				COPY_PHASE_STRIP = NO;
				DEBUG_INFORMATION_FORMAT = dwarf;
				ENABLE_STRICT_OBJC_MSGSEND = YES;
				ENABLE_TESTABILITY = YES;
				GCC_C_LANGUAGE_STANDARD = gnu11;
				GCC_DYNAMIC_NO_PIC = NO;
				GCC_NO_COMMON_BLOCKS = YES;
				GCC_OPTIMIZATION_LEVEL = 0;
				GCC_PREPROCESSOR_DEFINITIONS = (
					"DEBUG=1",
					"$(inherited)",
				);
				GCC_WARN_64_TO_32_BIT_CONVERSION = YES;
				GCC_WARN_ABOUT_RETURN_TYPE = YES_ERROR;
				GCC_WARN_UNDECLARED_SELECTOR = YES;
				GCC_WARN_UNINITIALIZED_AUTOS = YES_AGGRESSIVE;
				GCC_WARN_UNUSED_FUNCTION = YES;
				GCC_WARN_UNUSED_VARIABLE = YES;
				IPHONEOS_DEPLOYMENT_TARGET = 15.2;
				MTL_ENABLE_DEBUG_INFO = INCLUDE_SOURCE;
				MTL_FAST_MATH = YES;
				ONLY_ACTIVE_ARCH = YES;
				SDKROOT = iphoneos;
				SWIFT_ACTIVE_COMPILATION_CONDITIONS = DEBUG;
				SWIFT_OPTIMIZATION_LEVEL = "-Onone";
			};
			name = Debug;
		};
		5948A6DA2805C6BF00EF4F26 /* Release */ = {
			isa = XCBuildConfiguration;
			buildSettings = {
				ALWAYS_SEARCH_USER_PATHS = NO;
				CLANG_ANALYZER_NONNULL = YES;
				CLANG_ANALYZER_NUMBER_OBJECT_CONVERSION = YES_AGGRESSIVE;
				CLANG_CXX_LANGUAGE_STANDARD = "gnu++17";
				CLANG_CXX_LIBRARY = "libc++";
				CLANG_ENABLE_MODULES = YES;
				CLANG_ENABLE_OBJC_ARC = YES;
				CLANG_ENABLE_OBJC_WEAK = YES;
				CLANG_WARN_BLOCK_CAPTURE_AUTORELEASING = YES;
				CLANG_WARN_BOOL_CONVERSION = YES;
				CLANG_WARN_COMMA = YES;
				CLANG_WARN_CONSTANT_CONVERSION = YES;
				CLANG_WARN_DEPRECATED_OBJC_IMPLEMENTATIONS = YES;
				CLANG_WARN_DIRECT_OBJC_ISA_USAGE = YES_ERROR;
				CLANG_WARN_DOCUMENTATION_COMMENTS = YES;
				CLANG_WARN_EMPTY_BODY = YES;
				CLANG_WARN_ENUM_CONVERSION = YES;
				CLANG_WARN_INFINITE_RECURSION = YES;
				CLANG_WARN_INT_CONVERSION = YES;
				CLANG_WARN_NON_LITERAL_NULL_CONVERSION = YES;
				CLANG_WARN_OBJC_IMPLICIT_RETAIN_SELF = YES;
				CLANG_WARN_OBJC_LITERAL_CONVERSION = YES;
				CLANG_WARN_OBJC_ROOT_CLASS = YES_ERROR;
				CLANG_WARN_QUOTED_INCLUDE_IN_FRAMEWORK_HEADER = YES;
				CLANG_WARN_RANGE_LOOP_ANALYSIS = YES;
				CLANG_WARN_STRICT_PROTOTYPES = YES;
				CLANG_WARN_SUSPICIOUS_MOVE = YES;
				CLANG_WARN_UNGUARDED_AVAILABILITY = YES_AGGRESSIVE;
				CLANG_WARN_UNREACHABLE_CODE = YES;
				CLANG_WARN__DUPLICATE_METHOD_MATCH = YES;
				COPY_PHASE_STRIP = NO;
				DEBUG_INFORMATION_FORMAT = "dwarf-with-dsym";
				ENABLE_NS_ASSERTIONS = NO;
				ENABLE_STRICT_OBJC_MSGSEND = YES;
				GCC_C_LANGUAGE_STANDARD = gnu11;
				GCC_NO_COMMON_BLOCKS = YES;
				GCC_WARN_64_TO_32_BIT_CONVERSION = YES;
				GCC_WARN_ABOUT_RETURN_TYPE = YES_ERROR;
				GCC_WARN_UNDECLARED_SELECTOR = YES;
				GCC_WARN_UNINITIALIZED_AUTOS = YES_AGGRESSIVE;
				GCC_WARN_UNUSED_FUNCTION = YES;
				GCC_WARN_UNUSED_VARIABLE = YES;
				IPHONEOS_DEPLOYMENT_TARGET = 15.2;
				MTL_ENABLE_DEBUG_INFO = NO;
				MTL_FAST_MATH = YES;
				SDKROOT = iphoneos;
				SWIFT_COMPILATION_MODE = wholemodule;
				SWIFT_OPTIMIZATION_LEVEL = "-O";
				VALIDATE_PRODUCT = YES;
			};
			name = Release;
		};
		5948A6DC2805C6BF00EF4F26 /* Debug */ = {
			isa = XCBuildConfiguration;
			buildSettings = {
				ASSETCATALOG_COMPILER_APPICON_NAME = AppIcon;
				ASSETCATALOG_COMPILER_GLOBAL_ACCENT_COLOR_NAME = AccentColor;
				CODE_SIGN_STYLE = Automatic;
				CURRENT_PROJECT_VERSION = 1;
				GENERATE_INFOPLIST_FILE = YES;
				INFOPLIST_FILE = MovieCollectionViewApp/Info.plist;
				INFOPLIST_KEY_UIApplicationSupportsIndirectInputEvents = YES;
				INFOPLIST_KEY_UILaunchStoryboardName = LaunchScreen;
				INFOPLIST_KEY_UIMainStoryboardFile = Main;
				INFOPLIST_KEY_UISupportedInterfaceOrientations_iPad = "UIInterfaceOrientationPortrait UIInterfaceOrientationPortraitUpsideDown UIInterfaceOrientationLandscapeLeft UIInterfaceOrientationLandscapeRight";
				INFOPLIST_KEY_UISupportedInterfaceOrientations_iPhone = "UIInterfaceOrientationPortrait UIInterfaceOrientationLandscapeLeft UIInterfaceOrientationLandscapeRight";
				LD_RUNPATH_SEARCH_PATHS = (
					"$(inherited)",
					"@executable_path/Frameworks",
				);
				MARKETING_VERSION = 1.0;
				PRODUCT_BUNDLE_IDENTIFIER = nwmsu.MovieCollectionViewApp;
				PRODUCT_NAME = "$(TARGET_NAME)";
				SWIFT_EMIT_LOC_STRINGS = YES;
				SWIFT_VERSION = 5.0;
				TARGETED_DEVICE_FAMILY = "1,2";
			};
			name = Debug;
		};
		5948A6DD2805C6BF00EF4F26 /* Release */ = {
			isa = XCBuildConfiguration;
			buildSettings = {
				ASSETCATALOG_COMPILER_APPICON_NAME = AppIcon;
				ASSETCATALOG_COMPILER_GLOBAL_ACCENT_COLOR_NAME = AccentColor;
				CODE_SIGN_STYLE = Automatic;
				CURRENT_PROJECT_VERSION = 1;
				GENERATE_INFOPLIST_FILE = YES;
				INFOPLIST_FILE = MovieCollectionViewApp/Info.plist;
				INFOPLIST_KEY_UIApplicationSupportsIndirectInputEvents = YES;
				INFOPLIST_KEY_UILaunchStoryboardName = LaunchScreen;
				INFOPLIST_KEY_UIMainStoryboardFile = Main;
				INFOPLIST_KEY_UISupportedInterfaceOrientations_iPad = "UIInterfaceOrientationPortrait UIInterfaceOrientationPortraitUpsideDown UIInterfaceOrientationLandscapeLeft UIInterfaceOrientationLandscapeRight";
				INFOPLIST_KEY_UISupportedInterfaceOrientations_iPhone = "UIInterfaceOrientationPortrait UIInterfaceOrientationLandscapeLeft UIInterfaceOrientationLandscapeRight";
				LD_RUNPATH_SEARCH_PATHS = (
					"$(inherited)",
					"@executable_path/Frameworks",
				);
				MARKETING_VERSION = 1.0;
				PRODUCT_BUNDLE_IDENTIFIER = nwmsu.MovieCollectionViewApp;
				PRODUCT_NAME = "$(TARGET_NAME)";
				SWIFT_EMIT_LOC_STRINGS = YES;
				SWIFT_VERSION = 5.0;
				TARGETED_DEVICE_FAMILY = "1,2";
			};
			name = Release;
		};
		5948A6DF2805C6BF00EF4F26 /* Debug */ = {
			isa = XCBuildConfiguration;
			buildSettings = {
				ALWAYS_EMBED_SWIFT_STANDARD_LIBRARIES = YES;
				BUNDLE_LOADER = "$(TEST_HOST)";
				CODE_SIGN_STYLE = Automatic;
				CURRENT_PROJECT_VERSION = 1;
				GENERATE_INFOPLIST_FILE = YES;
				IPHONEOS_DEPLOYMENT_TARGET = 15.2;
				MARKETING_VERSION = 1.0;
				PRODUCT_BUNDLE_IDENTIFIER = nwmsu.MovieCollectionViewAppTests;
				PRODUCT_NAME = "$(TARGET_NAME)";
				SWIFT_EMIT_LOC_STRINGS = NO;
				SWIFT_VERSION = 5.0;
				TARGETED_DEVICE_FAMILY = "1,2";
				TEST_HOST = "$(BUILT_PRODUCTS_DIR)/MovieCollectionViewApp.app/MovieCollectionViewApp";
			};
			name = Debug;
		};
		5948A6E02805C6BF00EF4F26 /* Release */ = {
			isa = XCBuildConfiguration;
			buildSettings = {
				ALWAYS_EMBED_SWIFT_STANDARD_LIBRARIES = YES;
				BUNDLE_LOADER = "$(TEST_HOST)";
				CODE_SIGN_STYLE = Automatic;
				CURRENT_PROJECT_VERSION = 1;
				GENERATE_INFOPLIST_FILE = YES;
				IPHONEOS_DEPLOYMENT_TARGET = 15.2;
				MARKETING_VERSION = 1.0;
				PRODUCT_BUNDLE_IDENTIFIER = nwmsu.MovieCollectionViewAppTests;
				PRODUCT_NAME = "$(TARGET_NAME)";
				SWIFT_EMIT_LOC_STRINGS = NO;
				SWIFT_VERSION = 5.0;
				TARGETED_DEVICE_FAMILY = "1,2";
				TEST_HOST = "$(BUILT_PRODUCTS_DIR)/MovieCollectionViewApp.app/MovieCollectionViewApp";
			};
			name = Release;
		};
		5948A6E22805C6BF00EF4F26 /* Debug */ = {
			isa = XCBuildConfiguration;
			buildSettings = {
				ALWAYS_EMBED_SWIFT_STANDARD_LIBRARIES = YES;
				CODE_SIGN_STYLE = Automatic;
				CURRENT_PROJECT_VERSION = 1;
				GENERATE_INFOPLIST_FILE = YES;
				MARKETING_VERSION = 1.0;
				PRODUCT_BUNDLE_IDENTIFIER = nwmsu.MovieCollectionViewAppUITests;
				PRODUCT_NAME = "$(TARGET_NAME)";
				SWIFT_EMIT_LOC_STRINGS = NO;
				SWIFT_VERSION = 5.0;
				TARGETED_DEVICE_FAMILY = "1,2";
				TEST_TARGET_NAME = MovieCollectionViewApp;
			};
			name = Debug;
		};
		5948A6E32805C6BF00EF4F26 /* Release */ = {
			isa = XCBuildConfiguration;
			buildSettings = {
				ALWAYS_EMBED_SWIFT_STANDARD_LIBRARIES = YES;
				CODE_SIGN_STYLE = Automatic;
				CURRENT_PROJECT_VERSION = 1;
				GENERATE_INFOPLIST_FILE = YES;
				MARKETING_VERSION = 1.0;
				PRODUCT_BUNDLE_IDENTIFIER = nwmsu.MovieCollectionViewAppUITests;
				PRODUCT_NAME = "$(TARGET_NAME)";
				SWIFT_EMIT_LOC_STRINGS = NO;
				SWIFT_VERSION = 5.0;
				TARGETED_DEVICE_FAMILY = "1,2";
				TEST_TARGET_NAME = MovieCollectionViewApp;
			};
			name = Release;
		};
/* End XCBuildConfiguration section */

/* Begin XCConfigurationList section */
		5948A6AC2805C6BD00EF4F26 /* Build configuration list for PBXProject "MovieCollectionViewApp" */ = {
			isa = XCConfigurationList;
			buildConfigurations = (
				5948A6D92805C6BF00EF4F26 /* Debug */,
				5948A6DA2805C6BF00EF4F26 /* Release */,
			);
			defaultConfigurationIsVisible = 0;
			defaultConfigurationName = Release;
		};
		5948A6DB2805C6BF00EF4F26 /* Build configuration list for PBXNativeTarget "MovieCollectionViewApp" */ = {
			isa = XCConfigurationList;
			buildConfigurations = (
				5948A6DC2805C6BF00EF4F26 /* Debug */,
				5948A6DD2805C6BF00EF4F26 /* Release */,
			);
			defaultConfigurationIsVisible = 0;
			defaultConfigurationName = Release;
		};
		5948A6DE2805C6BF00EF4F26 /* Build configuration list for PBXNativeTarget "MovieCollectionViewAppTests" */ = {
			isa = XCConfigurationList;
			buildConfigurations = (
				5948A6DF2805C6BF00EF4F26 /* Debug */,
				5948A6E02805C6BF00EF4F26 /* Release */,
			);
			defaultConfigurationIsVisible = 0;
			defaultConfigurationName = Release;
		};
		5948A6E12805C6BF00EF4F26 /* Build configuration list for PBXNativeTarget "MovieCollectionViewAppUITests" */ = {
			isa = XCConfigurationList;
			buildConfigurations = (
				5948A6E22805C6BF00EF4F26 /* Debug */,
				5948A6E32805C6BF00EF4F26 /* Release */,
			);
			defaultConfigurationIsVisible = 0;
			defaultConfigurationName = Release;
		};
/* End XCConfigurationList section */
	};
	rootObject = 5948A6A92805C6BD00EF4F26 /* Project object */;
}
