// !$*UTF8*$!
{
	archiveVersion = 1;
	classes = {
	};
	objectVersion = 55;
	objects = {

/* Begin PBXBuildFile section */
		59E3A7C227B2CF3900DD70DE /* AppDelegate.swift in Sources */ = {isa = PBXBuildFile; fileRef = 59E3A7C127B2CF3900DD70DE /* AppDelegate.swift */; };
		59E3A7C427B2CF3900DD70DE /* SceneDelegate.swift in Sources */ = {isa = PBXBuildFile; fileRef = 59E3A7C327B2CF3900DD70DE /* SceneDelegate.swift */; };
		59E3A7C627B2CF3900DD70DE /* ViewController.swift in Sources */ = {isa = PBXBuildFile; fileRef = 59E3A7C527B2CF3900DD70DE /* ViewController.swift */; };
		59E3A7C927B2CF3900DD70DE /* Main.storyboard in Resources */ = {isa = PBXBuildFile; fileRef = 59E3A7C727B2CF3900DD70DE /* Main.storyboard */; };
		59E3A7CB27B2CF3A00DD70DE /* Assets.xcassets in Resources */ = {isa = PBXBuildFile; fileRef = 59E3A7CA27B2CF3A00DD70DE /* Assets.xcassets */; };
		59E3A7CE27B2CF3A00DD70DE /* LaunchScreen.storyboard in Resources */ = {isa = PBXBuildFile; fileRef = 59E3A7CC27B2CF3A00DD70DE /* LaunchScreen.storyboard */; };
		59E3A7D927B2CF3A00DD70DE /* EvenOddTests.swift in Sources */ = {isa = PBXBuildFile; fileRef = 59E3A7D827B2CF3A00DD70DE /* EvenOddTests.swift */; };
		59E3A7E327B2CF3A00DD70DE /* EvenOddUITests.swift in Sources */ = {isa = PBXBuildFile; fileRef = 59E3A7E227B2CF3A00DD70DE /* EvenOddUITests.swift */; };
		59E3A7E527B2CF3A00DD70DE /* EvenOddUITestsLaunchTests.swift in Sources */ = {isa = PBXBuildFile; fileRef = 59E3A7E427B2CF3A00DD70DE /* EvenOddUITestsLaunchTests.swift */; };
/* End PBXBuildFile section */

/* Begin PBXContainerItemProxy section */
		59E3A7D527B2CF3A00DD70DE /* PBXContainerItemProxy */ = {
			isa = PBXContainerItemProxy;
			containerPortal = 59E3A7B627B2CF3900DD70DE /* Project object */;
			proxyType = 1;
			remoteGlobalIDString = 59E3A7BD27B2CF3900DD70DE;
			remoteInfo = EvenOdd;
		};
		59E3A7DF27B2CF3A00DD70DE /* PBXContainerItemProxy */ = {
			isa = PBXContainerItemProxy;
			containerPortal = 59E3A7B627B2CF3900DD70DE /* Project object */;
			proxyType = 1;
			remoteGlobalIDString = 59E3A7BD27B2CF3900DD70DE;
			remoteInfo = EvenOdd;
		};
/* End PBXContainerItemProxy section */

/* Begin PBXFileReference section */
		59E3A7BE27B2CF3900DD70DE /* EvenOdd.app */ = {isa = PBXFileReference; explicitFileType = wrapper.application; includeInIndex = 0; path = EvenOdd.app; sourceTree = BUILT_PRODUCTS_DIR; };
		59E3A7C127B2CF3900DD70DE /* AppDelegate.swift */ = {isa = PBXFileReference; lastKnownFileType = sourcecode.swift; path = AppDelegate.swift; sourceTree = "<group>"; };
		59E3A7C327B2CF3900DD70DE /* SceneDelegate.swift */ = {isa = PBXFileReference; lastKnownFileType = sourcecode.swift; path = SceneDelegate.swift; sourceTree = "<group>"; };
		59E3A7C527B2CF3900DD70DE /* ViewController.swift */ = {isa = PBXFileReference; lastKnownFileType = sourcecode.swift; path = ViewController.swift; sourceTree = "<group>"; };
		59E3A7C827B2CF3900DD70DE /* Base */ = {isa = PBXFileReference; lastKnownFileType = file.storyboard; name = Base; path = Base.lproj/Main.storyboard; sourceTree = "<group>"; };
		59E3A7CA27B2CF3A00DD70DE /* Assets.xcassets */ = {isa = PBXFileReference; lastKnownFileType = folder.assetcatalog; path = Assets.xcassets; sourceTree = "<group>"; };
		59E3A7CD27B2CF3A00DD70DE /* Base */ = {isa = PBXFileReference; lastKnownFileType = file.storyboard; name = Base; path = Base.lproj/LaunchScreen.storyboard; sourceTree = "<group>"; };
		59E3A7CF27B2CF3A00DD70DE /* Info.plist */ = {isa = PBXFileReference; lastKnownFileType = text.plist.xml; path = Info.plist; sourceTree = "<group>"; };
		59E3A7D427B2CF3A00DD70DE /* EvenOddTests.xctest */ = {isa = PBXFileReference; explicitFileType = wrapper.cfbundle; includeInIndex = 0; path = EvenOddTests.xctest; sourceTree = BUILT_PRODUCTS_DIR; };
		59E3A7D827B2CF3A00DD70DE /* EvenOddTests.swift */ = {isa = PBXFileReference; lastKnownFileType = sourcecode.swift; path = EvenOddTests.swift; sourceTree = "<group>"; };
		59E3A7DE27B2CF3A00DD70DE /* EvenOddUITests.xctest */ = {isa = PBXFileReference; explicitFileType = wrapper.cfbundle; includeInIndex = 0; path = EvenOddUITests.xctest; sourceTree = BUILT_PRODUCTS_DIR; };
		59E3A7E227B2CF3A00DD70DE /* EvenOddUITests.swift */ = {isa = PBXFileReference; lastKnownFileType = sourcecode.swift; path = EvenOddUITests.swift; sourceTree = "<group>"; };
		59E3A7E427B2CF3A00DD70DE /* EvenOddUITestsLaunchTests.swift */ = {isa = PBXFileReference; lastKnownFileType = sourcecode.swift; path = EvenOddUITestsLaunchTests.swift; sourceTree = "<group>"; };
/* End PBXFileReference section */

/* Begin PBXFrameworksBuildPhase section */
		59E3A7BB27B2CF3900DD70DE /* Frameworks */ = {
			isa = PBXFrameworksBuildPhase;
			buildActionMask = 2147483647;
			files = (
			);
			runOnlyForDeploymentPostprocessing = 0;
		};
		59E3A7D127B2CF3A00DD70DE /* Frameworks */ = {
			isa = PBXFrameworksBuildPhase;
			buildActionMask = 2147483647;
			files = (
			);
			runOnlyForDeploymentPostprocessing = 0;
		};
		59E3A7DB27B2CF3A00DD70DE /* Frameworks */ = {
			isa = PBXFrameworksBuildPhase;
			buildActionMask = 2147483647;
			files = (
			);
			runOnlyForDeploymentPostprocessing = 0;
		};
/* End PBXFrameworksBuildPhase section */

/* Begin PBXGroup section */
		59E3A7B527B2CF3900DD70DE = {
			isa = PBXGroup;
			children = (
				59E3A7C027B2CF3900DD70DE /* EvenOdd */,
				59E3A7D727B2CF3A00DD70DE /* EvenOddTests */,
				59E3A7E127B2CF3A00DD70DE /* EvenOddUITests */,
				59E3A7BF27B2CF3900DD70DE /* Products */,
			);
			sourceTree = "<group>";
		};
		59E3A7BF27B2CF3900DD70DE /* Products */ = {
			isa = PBXGroup;
			children = (
				59E3A7BE27B2CF3900DD70DE /* EvenOdd.app */,
				59E3A7D427B2CF3A00DD70DE /* EvenOddTests.xctest */,
				59E3A7DE27B2CF3A00DD70DE /* EvenOddUITests.xctest */,
			);
			name = Products;
			sourceTree = "<group>";
		};
		59E3A7C027B2CF3900DD70DE /* EvenOdd */ = {
			isa = PBXGroup;
			children = (
				59E3A7C127B2CF3900DD70DE /* AppDelegate.swift */,
				59E3A7C327B2CF3900DD70DE /* SceneDelegate.swift */,
				59E3A7C527B2CF3900DD70DE /* ViewController.swift */,
				59E3A7C727B2CF3900DD70DE /* Main.storyboard */,
				59E3A7CA27B2CF3A00DD70DE /* Assets.xcassets */,
				59E3A7CC27B2CF3A00DD70DE /* LaunchScreen.storyboard */,
				59E3A7CF27B2CF3A00DD70DE /* Info.plist */,
			);
			path = EvenOdd;
			sourceTree = "<group>";
		};
		59E3A7D727B2CF3A00DD70DE /* EvenOddTests */ = {
			isa = PBXGroup;
			children = (
				59E3A7D827B2CF3A00DD70DE /* EvenOddTests.swift */,
			);
			path = EvenOddTests;
			sourceTree = "<group>";
		};
		59E3A7E127B2CF3A00DD70DE /* EvenOddUITests */ = {
			isa = PBXGroup;
			children = (
				59E3A7E227B2CF3A00DD70DE /* EvenOddUITests.swift */,
				59E3A7E427B2CF3A00DD70DE /* EvenOddUITestsLaunchTests.swift */,
			);
			path = EvenOddUITests;
			sourceTree = "<group>";
		};
/* End PBXGroup section */

/* Begin PBXNativeTarget section */
		59E3A7BD27B2CF3900DD70DE /* EvenOdd */ = {
			isa = PBXNativeTarget;
			buildConfigurationList = 59E3A7E827B2CF3A00DD70DE /* Build configuration list for PBXNativeTarget "EvenOdd" */;
			buildPhases = (
				59E3A7BA27B2CF3900DD70DE /* Sources */,
				59E3A7BB27B2CF3900DD70DE /* Frameworks */,
				59E3A7BC27B2CF3900DD70DE /* Resources */,
			);
			buildRules = (
			);
			dependencies = (
			);
			name = EvenOdd;
			productName = EvenOdd;
			productReference = 59E3A7BE27B2CF3900DD70DE /* EvenOdd.app */;
			productType = "com.apple.product-type.application";
		};
		59E3A7D327B2CF3A00DD70DE /* EvenOddTests */ = {
			isa = PBXNativeTarget;
			buildConfigurationList = 59E3A7EB27B2CF3A00DD70DE /* Build configuration list for PBXNativeTarget "EvenOddTests" */;
			buildPhases = (
				59E3A7D027B2CF3A00DD70DE /* Sources */,
				59E3A7D127B2CF3A00DD70DE /* Frameworks */,
				59E3A7D227B2CF3A00DD70DE /* Resources */,
			);
			buildRules = (
			);
			dependencies = (
				59E3A7D627B2CF3A00DD70DE /* PBXTargetDependency */,
			);
			name = EvenOddTests;
			productName = EvenOddTests;
			productReference = 59E3A7D427B2CF3A00DD70DE /* EvenOddTests.xctest */;
			productType = "com.apple.product-type.bundle.unit-test";
		};
		59E3A7DD27B2CF3A00DD70DE /* EvenOddUITests */ = {
			isa = PBXNativeTarget;
			buildConfigurationList = 59E3A7EE27B2CF3A00DD70DE /* Build configuration list for PBXNativeTarget "EvenOddUITests" */;
			buildPhases = (
				59E3A7DA27B2CF3A00DD70DE /* Sources */,
				59E3A7DB27B2CF3A00DD70DE /* Frameworks */,
				59E3A7DC27B2CF3A00DD70DE /* Resources */,
			);
			buildRules = (
			);
			dependencies = (
				59E3A7E027B2CF3A00DD70DE /* PBXTargetDependency */,
			);
			name = EvenOddUITests;
			productName = EvenOddUITests;
			productReference = 59E3A7DE27B2CF3A00DD70DE /* EvenOddUITests.xctest */;
			productType = "com.apple.product-type.bundle.ui-testing";
		};
/* End PBXNativeTarget section */

/* Begin PBXProject section */
		59E3A7B627B2CF3900DD70DE /* Project object */ = {
			isa = PBXProject;
			attributes = {
				BuildIndependentTargetsInParallel = 1;
				LastSwiftUpdateCheck = 1320;
				LastUpgradeCheck = 1320;
				TargetAttributes = {
					59E3A7BD27B2CF3900DD70DE = {
						CreatedOnToolsVersion = 13.2.1;
					};
					59E3A7D327B2CF3A00DD70DE = {
						CreatedOnToolsVersion = 13.2.1;
						TestTargetID = 59E3A7BD27B2CF3900DD70DE;
					};
					59E3A7DD27B2CF3A00DD70DE = {
						CreatedOnToolsVersion = 13.2.1;
						TestTargetID = 59E3A7BD27B2CF3900DD70DE;
					};
				};
			};
			buildConfigurationList = 59E3A7B927B2CF3900DD70DE /* Build configuration list for PBXProject "EvenOdd" */;
			compatibilityVersion = "Xcode 13.0";
			developmentRegion = en;
			hasScannedForEncodings = 0;
			knownRegions = (
				en,
				Base,
			);
			mainGroup = 59E3A7B527B2CF3900DD70DE;
			productRefGroup = 59E3A7BF27B2CF3900DD70DE /* Products */;
			projectDirPath = "";
			projectRoot = "";
			targets = (
				59E3A7BD27B2CF3900DD70DE /* EvenOdd */,
				59E3A7D327B2CF3A00DD70DE /* EvenOddTests */,
				59E3A7DD27B2CF3A00DD70DE /* EvenOddUITests */,
			);
		};
/* End PBXProject section */

/* Begin PBXResourcesBuildPhase section */
		59E3A7BC27B2CF3900DD70DE /* Resources */ = {
			isa = PBXResourcesBuildPhase;
			buildActionMask = 2147483647;
			files = (
				59E3A7CE27B2CF3A00DD70DE /* LaunchScreen.storyboard in Resources */,
				59E3A7CB27B2CF3A00DD70DE /* Assets.xcassets in Resources */,
				59E3A7C927B2CF3900DD70DE /* Main.storyboard in Resources */,
			);
			runOnlyForDeploymentPostprocessing = 0;
		};
		59E3A7D227B2CF3A00DD70DE /* Resources */ = {
			isa = PBXResourcesBuildPhase;
			buildActionMask = 2147483647;
			files = (
			);
			runOnlyForDeploymentPostprocessing = 0;
		};
		59E3A7DC27B2CF3A00DD70DE /* Resources */ = {
			isa = PBXResourcesBuildPhase;
			buildActionMask = 2147483647;
			files = (
			);
			runOnlyForDeploymentPostprocessing = 0;
		};
/* End PBXResourcesBuildPhase section */

/* Begin PBXSourcesBuildPhase section */
		59E3A7BA27B2CF3900DD70DE /* Sources */ = {
			isa = PBXSourcesBuildPhase;
			buildActionMask = 2147483647;
			files = (
				59E3A7C627B2CF3900DD70DE /* ViewController.swift in Sources */,
				59E3A7C227B2CF3900DD70DE /* AppDelegate.swift in Sources */,
				59E3A7C427B2CF3900DD70DE /* SceneDelegate.swift in Sources */,
			);
			runOnlyForDeploymentPostprocessing = 0;
		};
		59E3A7D027B2CF3A00DD70DE /* Sources */ = {
			isa = PBXSourcesBuildPhase;
			buildActionMask = 2147483647;
			files = (
				59E3A7D927B2CF3A00DD70DE /* EvenOddTests.swift in Sources */,
			);
			runOnlyForDeploymentPostprocessing = 0;
		};
		59E3A7DA27B2CF3A00DD70DE /* Sources */ = {
			isa = PBXSourcesBuildPhase;
			buildActionMask = 2147483647;
			files = (
				59E3A7E527B2CF3A00DD70DE /* EvenOddUITestsLaunchTests.swift in Sources */,
				59E3A7E327B2CF3A00DD70DE /* EvenOddUITests.swift in Sources */,
			);
			runOnlyForDeploymentPostprocessing = 0;
		};
/* End PBXSourcesBuildPhase section */

/* Begin PBXTargetDependency section */
		59E3A7D627B2CF3A00DD70DE /* PBXTargetDependency */ = {
			isa = PBXTargetDependency;
			target = 59E3A7BD27B2CF3900DD70DE /* EvenOdd */;
			targetProxy = 59E3A7D527B2CF3A00DD70DE /* PBXContainerItemProxy */;
		};
		59E3A7E027B2CF3A00DD70DE /* PBXTargetDependency */ = {
			isa = PBXTargetDependency;
			target = 59E3A7BD27B2CF3900DD70DE /* EvenOdd */;
			targetProxy = 59E3A7DF27B2CF3A00DD70DE /* PBXContainerItemProxy */;
		};
/* End PBXTargetDependency section */

/* Begin PBXVariantGroup section */
		59E3A7C727B2CF3900DD70DE /* Main.storyboard */ = {
			isa = PBXVariantGroup;
			children = (
				59E3A7C827B2CF3900DD70DE /* Base */,
			);
			name = Main.storyboard;
			sourceTree = "<group>";
		};
		59E3A7CC27B2CF3A00DD70DE /* LaunchScreen.storyboard */ = {
			isa = PBXVariantGroup;
			children = (
				59E3A7CD27B2CF3A00DD70DE /* Base */,
			);
			name = LaunchScreen.storyboard;
			sourceTree = "<group>";
		};
/* End PBXVariantGroup section */

/* Begin XCBuildConfiguration section */
		59E3A7E627B2CF3A00DD70DE /* Debug */ = {
			isa = XCBuildConfiguration;
			buildSettings = {
				ALWAYS_SEARCH_USER_PATHS = NO;
				CLANG_ANALYZER_NONNULL = YES;
				CLANG_ANALYZER_NUMBER_OBJECT_CONVERSION = YES_AGGRESSIVE;
				CLANG_CXX_LANGUAGE_STANDARD = "gnu++17";
				CLANG_CXX_LIBRARY = "libc++";
				CLANG_ENABLE_MODULES = YES;
				CLANG_ENABLE_OBJC_ARC = YES;
				CLANG_ENABLE_OBJC_WEAK = YES;
				CLANG_WARN_BLOCK_CAPTURE_AUTORELEASING = YES;
				CLANG_WARN_BOOL_CONVERSION = YES;
				CLANG_WARN_COMMA = YES;
				CLANG_WARN_CONSTANT_CONVERSION = YES;
				CLANG_WARN_DEPRECATED_OBJC_IMPLEMENTATIONS = YES;
				CLANG_WARN_DIRECT_OBJC_ISA_USAGE = YES_ERROR;
				CLANG_WARN_DOCUMENTATION_COMMENTS = YES;
				CLANG_WARN_EMPTY_BODY = YES;
				CLANG_WARN_ENUM_CONVERSION = YES;
				CLANG_WARN_INFINITE_RECURSION = YES;
				CLANG_WARN_INT_CONVERSION = YES;
				CLANG_WARN_NON_LITERAL_NULL_CONVERSION = YES;
				CLANG_WARN_OBJC_IMPLICIT_RETAIN_SELF = YES;
				CLANG_WARN_OBJC_LITERAL_CONVERSION = YES;
				CLANG_WARN_OBJC_ROOT_CLASS = YES_ERROR;
				CLANG_WARN_QUOTED_INCLUDE_IN_FRAMEWORK_HEADER = YES;
				CLANG_WARN_RANGE_LOOP_ANALYSIS = YES;
				CLANG_WARN_STRICT_PROTOTYPES = YES;
				CLANG_WARN_SUSPICIOUS_MOVE = YES;
				CLANG_WARN_UNGUARDED_AVAILABILITY = YES_AGGRESSIVE;
				CLANG_WARN_UNREACHABLE_CODE = YES;
				CLANG_WARN__DUPLICATE_METHOD_MATCH = YES;
				COPY_PHASE_STRIP = NO;
				DEBUG_INFORMATION_FORMAT = dwarf;
				ENABLE_STRICT_OBJC_MSGSEND = YES;
				ENABLE_TESTABILITY = YES;
				GCC_C_LANGUAGE_STANDARD = gnu11;
				GCC_DYNAMIC_NO_PIC = NO;
				GCC_NO_COMMON_BLOCKS = YES;
				GCC_OPTIMIZATION_LEVEL = 0;
				GCC_PREPROCESSOR_DEFINITIONS = (
					"DEBUG=1",
					"$(inherited)",
				);
				GCC_WARN_64_TO_32_BIT_CONVERSION = YES;
				GCC_WARN_ABOUT_RETURN_TYPE = YES_ERROR;
				GCC_WARN_UNDECLARED_SELECTOR = YES;
				GCC_WARN_UNINITIALIZED_AUTOS = YES_AGGRESSIVE;
				GCC_WARN_UNUSED_FUNCTION = YES;
				GCC_WARN_UNUSED_VARIABLE = YES;
				IPHONEOS_DEPLOYMENT_TARGET = 15.2;
				MTL_ENABLE_DEBUG_INFO = INCLUDE_SOURCE;
				MTL_FAST_MATH = YES;
				ONLY_ACTIVE_ARCH = YES;
				SDKROOT = iphoneos;
				SWIFT_ACTIVE_COMPILATION_CONDITIONS = DEBUG;
				SWIFT_OPTIMIZATION_LEVEL = "-Onone";
			};
			name = Debug;
		};
		59E3A7E727B2CF3A00DD70DE /* Release */ = {
			isa = XCBuildConfiguration;
			buildSettings = {
				ALWAYS_SEARCH_USER_PATHS = NO;
				CLANG_ANALYZER_NONNULL = YES;
				CLANG_ANALYZER_NUMBER_OBJECT_CONVERSION = YES_AGGRESSIVE;
				CLANG_CXX_LANGUAGE_STANDARD = "gnu++17";
				CLANG_CXX_LIBRARY = "libc++";
				CLANG_ENABLE_MODULES = YES;
				CLANG_ENABLE_OBJC_ARC = YES;
				CLANG_ENABLE_OBJC_WEAK = YES;
				CLANG_WARN_BLOCK_CAPTURE_AUTORELEASING = YES;
				CLANG_WARN_BOOL_CONVERSION = YES;
				CLANG_WARN_COMMA = YES;
				CLANG_WARN_CONSTANT_CONVERSION = YES;
				CLANG_WARN_DEPRECATED_OBJC_IMPLEMENTATIONS = YES;
				CLANG_WARN_DIRECT_OBJC_ISA_USAGE = YES_ERROR;
				CLANG_WARN_DOCUMENTATION_COMMENTS = YES;
				CLANG_WARN_EMPTY_BODY = YES;
				CLANG_WARN_ENUM_CONVERSION = YES;
				CLANG_WARN_INFINITE_RECURSION = YES;
				CLANG_WARN_INT_CONVERSION = YES;
				CLANG_WARN_NON_LITERAL_NULL_CONVERSION = YES;
				CLANG_WARN_OBJC_IMPLICIT_RETAIN_SELF = YES;
				CLANG_WARN_OBJC_LITERAL_CONVERSION = YES;
				CLANG_WARN_OBJC_ROOT_CLASS = YES_ERROR;
				CLANG_WARN_QUOTED_INCLUDE_IN_FRAMEWORK_HEADER = YES;
				CLANG_WARN_RANGE_LOOP_ANALYSIS = YES;
				CLANG_WARN_STRICT_PROTOTYPES = YES;
				CLANG_WARN_SUSPICIOUS_MOVE = YES;
				CLANG_WARN_UNGUARDED_AVAILABILITY = YES_AGGRESSIVE;
				CLANG_WARN_UNREACHABLE_CODE = YES;
				CLANG_WARN__DUPLICATE_METHOD_MATCH = YES;
				COPY_PHASE_STRIP = NO;
				DEBUG_INFORMATION_FORMAT = "dwarf-with-dsym";
				ENABLE_NS_ASSERTIONS = NO;
				ENABLE_STRICT_OBJC_MSGSEND = YES;
				GCC_C_LANGUAGE_STANDARD = gnu11;
				GCC_NO_COMMON_BLOCKS = YES;
				GCC_WARN_64_TO_32_BIT_CONVERSION = YES;
				GCC_WARN_ABOUT_RETURN_TYPE = YES_ERROR;
				GCC_WARN_UNDECLARED_SELECTOR = YES;
				GCC_WARN_UNINITIALIZED_AUTOS = YES_AGGRESSIVE;
				GCC_WARN_UNUSED_FUNCTION = YES;
				GCC_WARN_UNUSED_VARIABLE = YES;
				IPHONEOS_DEPLOYMENT_TARGET = 15.2;
				MTL_ENABLE_DEBUG_INFO = NO;
				MTL_FAST_MATH = YES;
				SDKROOT = iphoneos;
				SWIFT_COMPILATION_MODE = wholemodule;
				SWIFT_OPTIMIZATION_LEVEL = "-O";
				VALIDATE_PRODUCT = YES;
			};
			name = Release;
		};
		59E3A7E927B2CF3A00DD70DE /* Debug */ = {
			isa = XCBuildConfiguration;
			buildSettings = {
				ASSETCATALOG_COMPILER_APPICON_NAME = AppIcon;
				ASSETCATALOG_COMPILER_GLOBAL_ACCENT_COLOR_NAME = AccentColor;
				CODE_SIGN_STYLE = Automatic;
				CURRENT_PROJECT_VERSION = 1;
				GENERATE_INFOPLIST_FILE = YES;
				INFOPLIST_FILE = EvenOdd/Info.plist;
				INFOPLIST_KEY_UIApplicationSupportsIndirectInputEvents = YES;
				INFOPLIST_KEY_UILaunchStoryboardName = LaunchScreen;
				INFOPLIST_KEY_UIMainStoryboardFile = Main;
				INFOPLIST_KEY_UISupportedInterfaceOrientations_iPad = "UIInterfaceOrientationPortrait UIInterfaceOrientationPortraitUpsideDown UIInterfaceOrientationLandscapeLeft UIInterfaceOrientationLandscapeRight";
				INFOPLIST_KEY_UISupportedInterfaceOrientations_iPhone = "UIInterfaceOrientationPortrait UIInterfaceOrientationLandscapeLeft UIInterfaceOrientationLandscapeRight";
				LD_RUNPATH_SEARCH_PATHS = (
					"$(inherited)",
					"@executable_path/Frameworks",
				);
				MARKETING_VERSION = 1.0;
				PRODUCT_BUNDLE_IDENTIFIER = saitej.EvenOdd;
				PRODUCT_NAME = "$(TARGET_NAME)";
				SWIFT_EMIT_LOC_STRINGS = YES;
				SWIFT_VERSION = 5.0;
				TARGETED_DEVICE_FAMILY = "1,2";
			};
			name = Debug;
		};
		59E3A7EA27B2CF3A00DD70DE /* Release */ = {
			isa = XCBuildConfiguration;
			buildSettings = {
				ASSETCATALOG_COMPILER_APPICON_NAME = AppIcon;
				ASSETCATALOG_COMPILER_GLOBAL_ACCENT_COLOR_NAME = AccentColor;
				CODE_SIGN_STYLE = Automatic;
				CURRENT_PROJECT_VERSION = 1;
				GENERATE_INFOPLIST_FILE = YES;
				INFOPLIST_FILE = EvenOdd/Info.plist;
				INFOPLIST_KEY_UIApplicationSupportsIndirectInputEvents = YES;
				INFOPLIST_KEY_UILaunchStoryboardName = LaunchScreen;
				INFOPLIST_KEY_UIMainStoryboardFile = Main;
				INFOPLIST_KEY_UISupportedInterfaceOrientations_iPad = "UIInterfaceOrientationPortrait UIInterfaceOrientationPortraitUpsideDown UIInterfaceOrientationLandscapeLeft UIInterfaceOrientationLandscapeRight";
				INFOPLIST_KEY_UISupportedInterfaceOrientations_iPhone = "UIInterfaceOrientationPortrait UIInterfaceOrientationLandscapeLeft UIInterfaceOrientationLandscapeRight";
				LD_RUNPATH_SEARCH_PATHS = (
					"$(inherited)",
					"@executable_path/Frameworks",
				);
				MARKETING_VERSION = 1.0;
				PRODUCT_BUNDLE_IDENTIFIER = saitej.EvenOdd;
				PRODUCT_NAME = "$(TARGET_NAME)";
				SWIFT_EMIT_LOC_STRINGS = YES;
				SWIFT_VERSION = 5.0;
				TARGETED_DEVICE_FAMILY = "1,2";
			};
			name = Release;
		};
		59E3A7EC27B2CF3A00DD70DE /* Debug */ = {
			isa = XCBuildConfiguration;
			buildSettings = {
				ALWAYS_EMBED_SWIFT_STANDARD_LIBRARIES = YES;
				BUNDLE_LOADER = "$(TEST_HOST)";
				CODE_SIGN_STYLE = Automatic;
				CURRENT_PROJECT_VERSION = 1;
				GENERATE_INFOPLIST_FILE = YES;
				IPHONEOS_DEPLOYMENT_TARGET = 15.2;
				MARKETING_VERSION = 1.0;
				PRODUCT_BUNDLE_IDENTIFIER = saitej.EvenOddTests;
				PRODUCT_NAME = "$(TARGET_NAME)";
				SWIFT_EMIT_LOC_STRINGS = NO;
				SWIFT_VERSION = 5.0;
				TARGETED_DEVICE_FAMILY = "1,2";
				TEST_HOST = "$(BUILT_PRODUCTS_DIR)/EvenOdd.app/EvenOdd";
			};
			name = Debug;
		};
		59E3A7ED27B2CF3A00DD70DE /* Release */ = {
			isa = XCBuildConfiguration;
			buildSettings = {
				ALWAYS_EMBED_SWIFT_STANDARD_LIBRARIES = YES;
				BUNDLE_LOADER = "$(TEST_HOST)";
				CODE_SIGN_STYLE = Automatic;
				CURRENT_PROJECT_VERSION = 1;
				GENERATE_INFOPLIST_FILE = YES;
				IPHONEOS_DEPLOYMENT_TARGET = 15.2;
				MARKETING_VERSION = 1.0;
				PRODUCT_BUNDLE_IDENTIFIER = saitej.EvenOddTests;
				PRODUCT_NAME = "$(TARGET_NAME)";
				SWIFT_EMIT_LOC_STRINGS = NO;
				SWIFT_VERSION = 5.0;
				TARGETED_DEVICE_FAMILY = "1,2";
				TEST_HOST = "$(BUILT_PRODUCTS_DIR)/EvenOdd.app/EvenOdd";
			};
			name = Release;
		};
		59E3A7EF27B2CF3A00DD70DE /* Debug */ = {
			isa = XCBuildConfiguration;
			buildSettings = {
				ALWAYS_EMBED_SWIFT_STANDARD_LIBRARIES = YES;
				CODE_SIGN_STYLE = Automatic;
				CURRENT_PROJECT_VERSION = 1;
				GENERATE_INFOPLIST_FILE = YES;
				MARKETING_VERSION = 1.0;
				PRODUCT_BUNDLE_IDENTIFIER = saitej.EvenOddUITests;
				PRODUCT_NAME = "$(TARGET_NAME)";
				SWIFT_EMIT_LOC_STRINGS = NO;
				SWIFT_VERSION = 5.0;
				TARGETED_DEVICE_FAMILY = "1,2";
				TEST_TARGET_NAME = EvenOdd;
			};
			name = Debug;
		};
		59E3A7F027B2CF3A00DD70DE /* Release */ = {
			isa = XCBuildConfiguration;
			buildSettings = {
				ALWAYS_EMBED_SWIFT_STANDARD_LIBRARIES = YES;
				CODE_SIGN_STYLE = Automatic;
				CURRENT_PROJECT_VERSION = 1;
				GENERATE_INFOPLIST_FILE = YES;
				MARKETING_VERSION = 1.0;
				PRODUCT_BUNDLE_IDENTIFIER = saitej.EvenOddUITests;
				PRODUCT_NAME = "$(TARGET_NAME)";
				SWIFT_EMIT_LOC_STRINGS = NO;
				SWIFT_VERSION = 5.0;
				TARGETED_DEVICE_FAMILY = "1,2";
				TEST_TARGET_NAME = EvenOdd;
			};
			name = Release;
		};
/* End XCBuildConfiguration section */

/* Begin XCConfigurationList section */
		59E3A7B927B2CF3900DD70DE /* Build configuration list for PBXProject "EvenOdd" */ = {
			isa = XCConfigurationList;
			buildConfigurations = (
				59E3A7E627B2CF3A00DD70DE /* Debug */,
				59E3A7E727B2CF3A00DD70DE /* Release */,
			);
			defaultConfigurationIsVisible = 0;
			defaultConfigurationName = Release;
		};
		59E3A7E827B2CF3A00DD70DE /* Build configuration list for PBXNativeTarget "EvenOdd" */ = {
			isa = XCConfigurationList;
			buildConfigurations = (
				59E3A7E927B2CF3A00DD70DE /* Debug */,
				59E3A7EA27B2CF3A00DD70DE /* Release */,
			);
			defaultConfigurationIsVisible = 0;
			defaultConfigurationName = Release;
		};
		59E3A7EB27B2CF3A00DD70DE /* Build configuration list for PBXNativeTarget "EvenOddTests" */ = {
			isa = XCConfigurationList;
			buildConfigurations = (
				59E3A7EC27B2CF3A00DD70DE /* Debug */,
				59E3A7ED27B2CF3A00DD70DE /* Release */,
			);
			defaultConfigurationIsVisible = 0;
			defaultConfigurationName = Release;
		};
		59E3A7EE27B2CF3A00DD70DE /* Build configuration list for PBXNativeTarget "EvenOddUITests" */ = {
			isa = XCConfigurationList;
			buildConfigurations = (
				59E3A7EF27B2CF3A00DD70DE /* Debug */,
				59E3A7F027B2CF3A00DD70DE /* Release */,
			);
			defaultConfigurationIsVisible = 0;
			defaultConfigurationName = Release;
		};
/* End XCConfigurationList section */
	};
	rootObject = 59E3A7B627B2CF3900DD70DE /* Project object */;
}
