// !$*UTF8*$!
{
	archiveVersion = 1;
	classes = {
	};
	objectVersion = 55;
	objects = {

/* Begin PBXBuildFile section */
		5987BD0F27CC4ED5006BD2AC /* AppDelegate.swift in Sources */ = {isa = PBXBuildFile; fileRef = 5987BD0E27CC4ED5006BD2AC /* AppDelegate.swift */; };
		5987BD1127CC4ED5006BD2AC /* SceneDelegate.swift in Sources */ = {isa = PBXBuildFile; fileRef = 5987BD1027CC4ED5006BD2AC /* SceneDelegate.swift */; };
		5987BD1327CC4ED5006BD2AC /* ViewController.swift in Sources */ = {isa = PBXBuildFile; fileRef = 5987BD1227CC4ED5006BD2AC /* ViewController.swift */; };
		5987BD1627CC4ED5006BD2AC /* Main.storyboard in Resources */ = {isa = PBXBuildFile; fileRef = 5987BD1427CC4ED5006BD2AC /* Main.storyboard */; };
		5987BD1827CC4ED6006BD2AC /* Assets.xcassets in Resources */ = {isa = PBXBuildFile; fileRef = 5987BD1727CC4ED6006BD2AC /* Assets.xcassets */; };
		5987BD1B27CC4ED6006BD2AC /* LaunchScreen.storyboard in Resources */ = {isa = PBXBuildFile; fileRef = 5987BD1927CC4ED6006BD2AC /* LaunchScreen.storyboard */; };
		5987BD2627CC4ED6006BD2AC /* Veerabathini_SearchAppTests.swift in Sources */ = {isa = PBXBuildFile; fileRef = 5987BD2527CC4ED6006BD2AC /* Veerabathini_SearchAppTests.swift */; };
		5987BD3027CC4ED6006BD2AC /* Veerabathini_SearchAppUITests.swift in Sources */ = {isa = PBXBuildFile; fileRef = 5987BD2F27CC4ED6006BD2AC /* Veerabathini_SearchAppUITests.swift */; };
		5987BD3227CC4ED6006BD2AC /* Veerabathini_SearchAppUITestsLaunchTests.swift in Sources */ = {isa = PBXBuildFile; fileRef = 5987BD3127CC4ED6006BD2AC /* Veerabathini_SearchAppUITestsLaunchTests.swift */; };
/* End PBXBuildFile section */

/* Begin PBXContainerItemProxy section */
		5987BD2227CC4ED6006BD2AC /* PBXContainerItemProxy */ = {
			isa = PBXContainerItemProxy;
			containerPortal = 5987BD0327CC4ED5006BD2AC /* Project object */;
			proxyType = 1;
			remoteGlobalIDString = 5987BD0A27CC4ED5006BD2AC;
			remoteInfo = Veerabathini_SearchApp;
		};
		5987BD2C27CC4ED6006BD2AC /* PBXContainerItemProxy */ = {
			isa = PBXContainerItemProxy;
			containerPortal = 5987BD0327CC4ED5006BD2AC /* Project object */;
			proxyType = 1;
			remoteGlobalIDString = 5987BD0A27CC4ED5006BD2AC;
			remoteInfo = Veerabathini_SearchApp;
		};
/* End PBXContainerItemProxy section */

/* Begin PBXFileReference section */
		5987BD0B27CC4ED5006BD2AC /* Veerabathini_SearchApp.app */ = {isa = PBXFileReference; explicitFileType = wrapper.application; includeInIndex = 0; path = Veerabathini_SearchApp.app; sourceTree = BUILT_PRODUCTS_DIR; };
		5987BD0E27CC4ED5006BD2AC /* AppDelegate.swift */ = {isa = PBXFileReference; lastKnownFileType = sourcecode.swift; path = AppDelegate.swift; sourceTree = "<group>"; };
		5987BD1027CC4ED5006BD2AC /* SceneDelegate.swift */ = {isa = PBXFileReference; lastKnownFileType = sourcecode.swift; path = SceneDelegate.swift; sourceTree = "<group>"; };
		5987BD1227CC4ED5006BD2AC /* ViewController.swift */ = {isa = PBXFileReference; lastKnownFileType = sourcecode.swift; path = ViewController.swift; sourceTree = "<group>"; };
		5987BD1527CC4ED5006BD2AC /* Base */ = {isa = PBXFileReference; lastKnownFileType = file.storyboard; name = Base; path = Base.lproj/Main.storyboard; sourceTree = "<group>"; };
		5987BD1727CC4ED6006BD2AC /* Assets.xcassets */ = {isa = PBXFileReference; lastKnownFileType = folder.assetcatalog; path = Assets.xcassets; sourceTree = "<group>"; };
		5987BD1A27CC4ED6006BD2AC /* Base */ = {isa = PBXFileReference; lastKnownFileType = file.storyboard; name = Base; path = Base.lproj/LaunchScreen.storyboard; sourceTree = "<group>"; };
		5987BD1C27CC4ED6006BD2AC /* Info.plist */ = {isa = PBXFileReference; lastKnownFileType = text.plist.xml; path = Info.plist; sourceTree = "<group>"; };
		5987BD2127CC4ED6006BD2AC /* Veerabathini_SearchAppTests.xctest */ = {isa = PBXFileReference; explicitFileType = wrapper.cfbundle; includeInIndex = 0; path = Veerabathini_SearchAppTests.xctest; sourceTree = BUILT_PRODUCTS_DIR; };
		5987BD2527CC4ED6006BD2AC /* Veerabathini_SearchAppTests.swift */ = {isa = PBXFileReference; lastKnownFileType = sourcecode.swift; path = Veerabathini_SearchAppTests.swift; sourceTree = "<group>"; };
		5987BD2B27CC4ED6006BD2AC /* Veerabathini_SearchAppUITests.xctest */ = {isa = PBXFileReference; explicitFileType = wrapper.cfbundle; includeInIndex = 0; path = Veerabathini_SearchAppUITests.xctest; sourceTree = BUILT_PRODUCTS_DIR; };
		5987BD2F27CC4ED6006BD2AC /* Veerabathini_SearchAppUITests.swift */ = {isa = PBXFileReference; lastKnownFileType = sourcecode.swift; path = Veerabathini_SearchAppUITests.swift; sourceTree = "<group>"; };
		5987BD3127CC4ED6006BD2AC /* Veerabathini_SearchAppUITestsLaunchTests.swift */ = {isa = PBXFileReference; lastKnownFileType = sourcecode.swift; path = Veerabathini_SearchAppUITestsLaunchTests.swift; sourceTree = "<group>"; };
/* End PBXFileReference section */

/* Begin PBXFrameworksBuildPhase section */
		5987BD0827CC4ED5006BD2AC /* Frameworks */ = {
			isa = PBXFrameworksBuildPhase;
			buildActionMask = 2147483647;
			files = (
			);
			runOnlyForDeploymentPostprocessing = 0;
		};
		5987BD1E27CC4ED6006BD2AC /* Frameworks */ = {
			isa = PBXFrameworksBuildPhase;
			buildActionMask = 2147483647;
			files = (
			);
			runOnlyForDeploymentPostprocessing = 0;
		};
		5987BD2827CC4ED6006BD2AC /* Frameworks */ = {
			isa = PBXFrameworksBuildPhase;
			buildActionMask = 2147483647;
			files = (
			);
			runOnlyForDeploymentPostprocessing = 0;
		};
/* End PBXFrameworksBuildPhase section */

/* Begin PBXGroup section */
		5987BD0227CC4ED5006BD2AC = {
			isa = PBXGroup;
			children = (
				5987BD0D27CC4ED5006BD2AC /* Veerabathini_SearchApp */,
				5987BD2427CC4ED6006BD2AC /* Veerabathini_SearchAppTests */,
				5987BD2E27CC4ED6006BD2AC /* Veerabathini_SearchAppUITests */,
				5987BD0C27CC4ED5006BD2AC /* Products */,
			);
			sourceTree = "<group>";
		};
		5987BD0C27CC4ED5006BD2AC /* Products */ = {
			isa = PBXGroup;
			children = (
				5987BD0B27CC4ED5006BD2AC /* Veerabathini_SearchApp.app */,
				5987BD2127CC4ED6006BD2AC /* Veerabathini_SearchAppTests.xctest */,
				5987BD2B27CC4ED6006BD2AC /* Veerabathini_SearchAppUITests.xctest */,
			);
			name = Products;
			sourceTree = "<group>";
		};
		5987BD0D27CC4ED5006BD2AC /* Veerabathini_SearchApp */ = {
			isa = PBXGroup;
			children = (
				5987BD0E27CC4ED5006BD2AC /* AppDelegate.swift */,
				5987BD1027CC4ED5006BD2AC /* SceneDelegate.swift */,
				5987BD1227CC4ED5006BD2AC /* ViewController.swift */,
				5987BD1427CC4ED5006BD2AC /* Main.storyboard */,
				5987BD1727CC4ED6006BD2AC /* Assets.xcassets */,
				5987BD1927CC4ED6006BD2AC /* LaunchScreen.storyboard */,
				5987BD1C27CC4ED6006BD2AC /* Info.plist */,
			);
			path = Veerabathini_SearchApp;
			sourceTree = "<group>";
		};
		5987BD2427CC4ED6006BD2AC /* Veerabathini_SearchAppTests */ = {
			isa = PBXGroup;
			children = (
				5987BD2527CC4ED6006BD2AC /* Veerabathini_SearchAppTests.swift */,
			);
			path = Veerabathini_SearchAppTests;
			sourceTree = "<group>";
		};
		5987BD2E27CC4ED6006BD2AC /* Veerabathini_SearchAppUITests */ = {
			isa = PBXGroup;
			children = (
				5987BD2F27CC4ED6006BD2AC /* Veerabathini_SearchAppUITests.swift */,
				5987BD3127CC4ED6006BD2AC /* Veerabathini_SearchAppUITestsLaunchTests.swift */,
			);
			path = Veerabathini_SearchAppUITests;
			sourceTree = "<group>";
		};
/* End PBXGroup section */

/* Begin PBXNativeTarget section */
		5987BD0A27CC4ED5006BD2AC /* Veerabathini_SearchApp */ = {
			isa = PBXNativeTarget;
			buildConfigurationList = 5987BD3527CC4ED6006BD2AC /* Build configuration list for PBXNativeTarget "Veerabathini_SearchApp" */;
			buildPhases = (
				5987BD0727CC4ED5006BD2AC /* Sources */,
				5987BD0827CC4ED5006BD2AC /* Frameworks */,
				5987BD0927CC4ED5006BD2AC /* Resources */,
			);
			buildRules = (
			);
			dependencies = (
			);
			name = Veerabathini_SearchApp;
			productName = Veerabathini_SearchApp;
			productReference = 5987BD0B27CC4ED5006BD2AC /* Veerabathini_SearchApp.app */;
			productType = "com.apple.product-type.application";
		};
		5987BD2027CC4ED6006BD2AC /* Veerabathini_SearchAppTests */ = {
			isa = PBXNativeTarget;
			buildConfigurationList = 5987BD3827CC4ED6006BD2AC /* Build configuration list for PBXNativeTarget "Veerabathini_SearchAppTests" */;
			buildPhases = (
				5987BD1D27CC4ED6006BD2AC /* Sources */,
				5987BD1E27CC4ED6006BD2AC /* Frameworks */,
				5987BD1F27CC4ED6006BD2AC /* Resources */,
			);
			buildRules = (
			);
			dependencies = (
				5987BD2327CC4ED6006BD2AC /* PBXTargetDependency */,
			);
			name = Veerabathini_SearchAppTests;
			productName = Veerabathini_SearchAppTests;
			productReference = 5987BD2127CC4ED6006BD2AC /* Veerabathini_SearchAppTests.xctest */;
			productType = "com.apple.product-type.bundle.unit-test";
		};
		5987BD2A27CC4ED6006BD2AC /* Veerabathini_SearchAppUITests */ = {
			isa = PBXNativeTarget;
			buildConfigurationList = 5987BD3B27CC4ED6006BD2AC /* Build configuration list for PBXNativeTarget "Veerabathini_SearchAppUITests" */;
			buildPhases = (
				5987BD2727CC4ED6006BD2AC /* Sources */,
				5987BD2827CC4ED6006BD2AC /* Frameworks */,
				5987BD2927CC4ED6006BD2AC /* Resources */,
			);
			buildRules = (
			);
			dependencies = (
				5987BD2D27CC4ED6006BD2AC /* PBXTargetDependency */,
			);
			name = Veerabathini_SearchAppUITests;
			productName = Veerabathini_SearchAppUITests;
			productReference = 5987BD2B27CC4ED6006BD2AC /* Veerabathini_SearchAppUITests.xctest */;
			productType = "com.apple.product-type.bundle.ui-testing";
		};
/* End PBXNativeTarget section */

/* Begin PBXProject section */
		5987BD0327CC4ED5006BD2AC /* Project object */ = {
			isa = PBXProject;
			attributes = {
				BuildIndependentTargetsInParallel = 1;
				LastSwiftUpdateCheck = 1320;
				LastUpgradeCheck = 1320;
				TargetAttributes = {
					5987BD0A27CC4ED5006BD2AC = {
						CreatedOnToolsVersion = 13.2.1;
					};
					5987BD2027CC4ED6006BD2AC = {
						CreatedOnToolsVersion = 13.2.1;
						TestTargetID = 5987BD0A27CC4ED5006BD2AC;
					};
					5987BD2A27CC4ED6006BD2AC = {
						CreatedOnToolsVersion = 13.2.1;
						TestTargetID = 5987BD0A27CC4ED5006BD2AC;
					};
				};
			};
			buildConfigurationList = 5987BD0627CC4ED5006BD2AC /* Build configuration list for PBXProject "Veerabathini_SearchApp" */;
			compatibilityVersion = "Xcode 13.0";
			developmentRegion = en;
			hasScannedForEncodings = 0;
			knownRegions = (
				en,
				Base,
			);
			mainGroup = 5987BD0227CC4ED5006BD2AC;
			productRefGroup = 5987BD0C27CC4ED5006BD2AC /* Products */;
			projectDirPath = "";
			projectRoot = "";
			targets = (
				5987BD0A27CC4ED5006BD2AC /* Veerabathini_SearchApp */,
				5987BD2027CC4ED6006BD2AC /* Veerabathini_SearchAppTests */,
				5987BD2A27CC4ED6006BD2AC /* Veerabathini_SearchAppUITests */,
			);
		};
/* End PBXProject section */

/* Begin PBXResourcesBuildPhase section */
		5987BD0927CC4ED5006BD2AC /* Resources */ = {
			isa = PBXResourcesBuildPhase;
			buildActionMask = 2147483647;
			files = (
				5987BD1B27CC4ED6006BD2AC /* LaunchScreen.storyboard in Resources */,
				5987BD1827CC4ED6006BD2AC /* Assets.xcassets in Resources */,
				5987BD1627CC4ED5006BD2AC /* Main.storyboard in Resources */,
			);
			runOnlyForDeploymentPostprocessing = 0;
		};
		5987BD1F27CC4ED6006BD2AC /* Resources */ = {
			isa = PBXResourcesBuildPhase;
			buildActionMask = 2147483647;
			files = (
			);
			runOnlyForDeploymentPostprocessing = 0;
		};
		5987BD2927CC4ED6006BD2AC /* Resources */ = {
			isa = PBXResourcesBuildPhase;
			buildActionMask = 2147483647;
			files = (
			);
			runOnlyForDeploymentPostprocessing = 0;
		};
/* End PBXResourcesBuildPhase section */

/* Begin PBXSourcesBuildPhase section */
		5987BD0727CC4ED5006BD2AC /* Sources */ = {
			isa = PBXSourcesBuildPhase;
			buildActionMask = 2147483647;
			files = (
				5987BD1327CC4ED5006BD2AC /* ViewController.swift in Sources */,
				5987BD0F27CC4ED5006BD2AC /* AppDelegate.swift in Sources */,
				5987BD1127CC4ED5006BD2AC /* SceneDelegate.swift in Sources */,
			);
			runOnlyForDeploymentPostprocessing = 0;
		};
		5987BD1D27CC4ED6006BD2AC /* Sources */ = {
			isa = PBXSourcesBuildPhase;
			buildActionMask = 2147483647;
			files = (
				5987BD2627CC4ED6006BD2AC /* Veerabathini_SearchAppTests.swift in Sources */,
			);
			runOnlyForDeploymentPostprocessing = 0;
		};
		5987BD2727CC4ED6006BD2AC /* Sources */ = {
			isa = PBXSourcesBuildPhase;
			buildActionMask = 2147483647;
			files = (
				5987BD3227CC4ED6006BD2AC /* Veerabathini_SearchAppUITestsLaunchTests.swift in Sources */,
				5987BD3027CC4ED6006BD2AC /* Veerabathini_SearchAppUITests.swift in Sources */,
			);
			runOnlyForDeploymentPostprocessing = 0;
		};
/* End PBXSourcesBuildPhase section */

/* Begin PBXTargetDependency section */
		5987BD2327CC4ED6006BD2AC /* PBXTargetDependency */ = {
			isa = PBXTargetDependency;
			target = 5987BD0A27CC4ED5006BD2AC /* Veerabathini_SearchApp */;
			targetProxy = 5987BD2227CC4ED6006BD2AC /* PBXContainerItemProxy */;
		};
		5987BD2D27CC4ED6006BD2AC /* PBXTargetDependency */ = {
			isa = PBXTargetDependency;
			target = 5987BD0A27CC4ED5006BD2AC /* Veerabathini_SearchApp */;
			targetProxy = 5987BD2C27CC4ED6006BD2AC /* PBXContainerItemProxy */;
		};
/* End PBXTargetDependency section */

/* Begin PBXVariantGroup section */
		5987BD1427CC4ED5006BD2AC /* Main.storyboard */ = {
			isa = PBXVariantGroup;
			children = (
				5987BD1527CC4ED5006BD2AC /* Base */,
			);
			name = Main.storyboard;
			sourceTree = "<group>";
		};
		5987BD1927CC4ED6006BD2AC /* LaunchScreen.storyboard */ = {
			isa = PBXVariantGroup;
			children = (
				5987BD1A27CC4ED6006BD2AC /* Base */,
			);
			name = LaunchScreen.storyboard;
			sourceTree = "<group>";
		};
/* End PBXVariantGroup section */

/* Begin XCBuildConfiguration section */
		5987BD3327CC4ED6006BD2AC /* Debug */ = {
			isa = XCBuildConfiguration;
			buildSettings = {
				ALWAYS_SEARCH_USER_PATHS = NO;
				CLANG_ANALYZER_NONNULL = YES;
				CLANG_ANALYZER_NUMBER_OBJECT_CONVERSION = YES_AGGRESSIVE;
				CLANG_CXX_LANGUAGE_STANDARD = "gnu++17";
				CLANG_CXX_LIBRARY = "libc++";
				CLANG_ENABLE_MODULES = YES;
				CLANG_ENABLE_OBJC_ARC = YES;
				CLANG_ENABLE_OBJC_WEAK = YES;
				CLANG_WARN_BLOCK_CAPTURE_AUTORELEASING = YES;
				CLANG_WARN_BOOL_CONVERSION = YES;
				CLANG_WARN_COMMA = YES;
				CLANG_WARN_CONSTANT_CONVERSION = YES;
				CLANG_WARN_DEPRECATED_OBJC_IMPLEMENTATIONS = YES;
				CLANG_WARN_DIRECT_OBJC_ISA_USAGE = YES_ERROR;
				CLANG_WARN_DOCUMENTATION_COMMENTS = YES;
				CLANG_WARN_EMPTY_BODY = YES;
				CLANG_WARN_ENUM_CONVERSION = YES;
				CLANG_WARN_INFINITE_RECURSION = YES;
				CLANG_WARN_INT_CONVERSION = YES;
				CLANG_WARN_NON_LITERAL_NULL_CONVERSION = YES;
				CLANG_WARN_OBJC_IMPLICIT_RETAIN_SELF = YES;
				CLANG_WARN_OBJC_LITERAL_CONVERSION = YES;
				CLANG_WARN_OBJC_ROOT_CLASS = YES_ERROR;
				CLANG_WARN_QUOTED_INCLUDE_IN_FRAMEWORK_HEADER = YES;
				CLANG_WARN_RANGE_LOOP_ANALYSIS = YES;
				CLANG_WARN_STRICT_PROTOTYPES = YES;
				CLANG_WARN_SUSPICIOUS_MOVE = YES;
				CLANG_WARN_UNGUARDED_AVAILABILITY = YES_AGGRESSIVE;
				CLANG_WARN_UNREACHABLE_CODE = YES;
				CLANG_WARN__DUPLICATE_METHOD_MATCH = YES;
				COPY_PHASE_STRIP = NO;
				DEBUG_INFORMATION_FORMAT = dwarf;
				ENABLE_STRICT_OBJC_MSGSEND = YES;
				ENABLE_TESTABILITY = YES;
				GCC_C_LANGUAGE_STANDARD = gnu11;
				GCC_DYNAMIC_NO_PIC = NO;
				GCC_NO_COMMON_BLOCKS = YES;
				GCC_OPTIMIZATION_LEVEL = 0;
				GCC_PREPROCESSOR_DEFINITIONS = (
					"DEBUG=1",
					"$(inherited)",
				);
				GCC_WARN_64_TO_32_BIT_CONVERSION = YES;
				GCC_WARN_ABOUT_RETURN_TYPE = YES_ERROR;
				GCC_WARN_UNDECLARED_SELECTOR = YES;
				GCC_WARN_UNINITIALIZED_AUTOS = YES_AGGRESSIVE;
				GCC_WARN_UNUSED_FUNCTION = YES;
				GCC_WARN_UNUSED_VARIABLE = YES;
				IPHONEOS_DEPLOYMENT_TARGET = 15.2;
				MTL_ENABLE_DEBUG_INFO = INCLUDE_SOURCE;
				MTL_FAST_MATH = YES;
				ONLY_ACTIVE_ARCH = YES;
				SDKROOT = iphoneos;
				SWIFT_ACTIVE_COMPILATION_CONDITIONS = DEBUG;
				SWIFT_OPTIMIZATION_LEVEL = "-Onone";
			};
			name = Debug;
		};
		5987BD3427CC4ED6006BD2AC /* Release */ = {
			isa = XCBuildConfiguration;
			buildSettings = {
				ALWAYS_SEARCH_USER_PATHS = NO;
				CLANG_ANALYZER_NONNULL = YES;
				CLANG_ANALYZER_NUMBER_OBJECT_CONVERSION = YES_AGGRESSIVE;
				CLANG_CXX_LANGUAGE_STANDARD = "gnu++17";
				CLANG_CXX_LIBRARY = "libc++";
				CLANG_ENABLE_MODULES = YES;
				CLANG_ENABLE_OBJC_ARC = YES;
				CLANG_ENABLE_OBJC_WEAK = YES;
				CLANG_WARN_BLOCK_CAPTURE_AUTORELEASING = YES;
				CLANG_WARN_BOOL_CONVERSION = YES;
				CLANG_WARN_COMMA = YES;
				CLANG_WARN_CONSTANT_CONVERSION = YES;
				CLANG_WARN_DEPRECATED_OBJC_IMPLEMENTATIONS = YES;
				CLANG_WARN_DIRECT_OBJC_ISA_USAGE = YES_ERROR;
				CLANG_WARN_DOCUMENTATION_COMMENTS = YES;
				CLANG_WARN_EMPTY_BODY = YES;
				CLANG_WARN_ENUM_CONVERSION = YES;
				CLANG_WARN_INFINITE_RECURSION = YES;
				CLANG_WARN_INT_CONVERSION = YES;
				CLANG_WARN_NON_LITERAL_NULL_CONVERSION = YES;
				CLANG_WARN_OBJC_IMPLICIT_RETAIN_SELF = YES;
				CLANG_WARN_OBJC_LITERAL_CONVERSION = YES;
				CLANG_WARN_OBJC_ROOT_CLASS = YES_ERROR;
				CLANG_WARN_QUOTED_INCLUDE_IN_FRAMEWORK_HEADER = YES;
				CLANG_WARN_RANGE_LOOP_ANALYSIS = YES;
				CLANG_WARN_STRICT_PROTOTYPES = YES;
				CLANG_WARN_SUSPICIOUS_MOVE = YES;
				CLANG_WARN_UNGUARDED_AVAILABILITY = YES_AGGRESSIVE;
				CLANG_WARN_UNREACHABLE_CODE = YES;
				CLANG_WARN__DUPLICATE_METHOD_MATCH = YES;
				COPY_PHASE_STRIP = NO;
				DEBUG_INFORMATION_FORMAT = "dwarf-with-dsym";
				ENABLE_NS_ASSERTIONS = NO;
				ENABLE_STRICT_OBJC_MSGSEND = YES;
				GCC_C_LANGUAGE_STANDARD = gnu11;
				GCC_NO_COMMON_BLOCKS = YES;
				GCC_WARN_64_TO_32_BIT_CONVERSION = YES;
				GCC_WARN_ABOUT_RETURN_TYPE = YES_ERROR;
				GCC_WARN_UNDECLARED_SELECTOR = YES;
				GCC_WARN_UNINITIALIZED_AUTOS = YES_AGGRESSIVE;
				GCC_WARN_UNUSED_FUNCTION = YES;
				GCC_WARN_UNUSED_VARIABLE = YES;
				IPHONEOS_DEPLOYMENT_TARGET = 15.2;
				MTL_ENABLE_DEBUG_INFO = NO;
				MTL_FAST_MATH = YES;
				SDKROOT = iphoneos;
				SWIFT_COMPILATION_MODE = wholemodule;
				SWIFT_OPTIMIZATION_LEVEL = "-O";
				VALIDATE_PRODUCT = YES;
			};
			name = Release;
		};
		5987BD3627CC4ED6006BD2AC /* Debug */ = {
			isa = XCBuildConfiguration;
			buildSettings = {
				ASSETCATALOG_COMPILER_APPICON_NAME = AppIcon;
				ASSETCATALOG_COMPILER_GLOBAL_ACCENT_COLOR_NAME = AccentColor;
				CODE_SIGN_STYLE = Automatic;
				CURRENT_PROJECT_VERSION = 1;
				GENERATE_INFOPLIST_FILE = YES;
				INFOPLIST_FILE = Veerabathini_SearchApp/Info.plist;
				INFOPLIST_KEY_UIApplicationSupportsIndirectInputEvents = YES;
				INFOPLIST_KEY_UILaunchStoryboardName = LaunchScreen;
				INFOPLIST_KEY_UIMainStoryboardFile = Main;
				INFOPLIST_KEY_UISupportedInterfaceOrientations_iPad = "UIInterfaceOrientationPortrait UIInterfaceOrientationPortraitUpsideDown UIInterfaceOrientationLandscapeLeft UIInterfaceOrientationLandscapeRight";
				INFOPLIST_KEY_UISupportedInterfaceOrientations_iPhone = "UIInterfaceOrientationPortrait UIInterfaceOrientationLandscapeLeft UIInterfaceOrientationLandscapeRight";
				LD_RUNPATH_SEARCH_PATHS = (
					"$(inherited)",
					"@executable_path/Frameworks",
				);
				MARKETING_VERSION = 1.0;
				PRODUCT_BUNDLE_IDENTIFIER = "nwmsu.Veerabathini-SearchApp";
				PRODUCT_NAME = "$(TARGET_NAME)";
				SWIFT_EMIT_LOC_STRINGS = YES;
				SWIFT_VERSION = 5.0;
				TARGETED_DEVICE_FAMILY = "1,2";
			};
			name = Debug;
		};
		5987BD3727CC4ED6006BD2AC /* Release */ = {
			isa = XCBuildConfiguration;
			buildSettings = {
				ASSETCATALOG_COMPILER_APPICON_NAME = AppIcon;
				ASSETCATALOG_COMPILER_GLOBAL_ACCENT_COLOR_NAME = AccentColor;
				CODE_SIGN_STYLE = Automatic;
				CURRENT_PROJECT_VERSION = 1;
				GENERATE_INFOPLIST_FILE = YES;
				INFOPLIST_FILE = Veerabathini_SearchApp/Info.plist;
				INFOPLIST_KEY_UIApplicationSupportsIndirectInputEvents = YES;
				INFOPLIST_KEY_UILaunchStoryboardName = LaunchScreen;
				INFOPLIST_KEY_UIMainStoryboardFile = Main;
				INFOPLIST_KEY_UISupportedInterfaceOrientations_iPad = "UIInterfaceOrientationPortrait UIInterfaceOrientationPortraitUpsideDown UIInterfaceOrientationLandscapeLeft UIInterfaceOrientationLandscapeRight";
				INFOPLIST_KEY_UISupportedInterfaceOrientations_iPhone = "UIInterfaceOrientationPortrait UIInterfaceOrientationLandscapeLeft UIInterfaceOrientationLandscapeRight";
				LD_RUNPATH_SEARCH_PATHS = (
					"$(inherited)",
					"@executable_path/Frameworks",
				);
				MARKETING_VERSION = 1.0;
				PRODUCT_BUNDLE_IDENTIFIER = "nwmsu.Veerabathini-SearchApp";
				PRODUCT_NAME = "$(TARGET_NAME)";
				SWIFT_EMIT_LOC_STRINGS = YES;
				SWIFT_VERSION = 5.0;
				TARGETED_DEVICE_FAMILY = "1,2";
			};
			name = Release;
		};
		5987BD3927CC4ED6006BD2AC /* Debug */ = {
			isa = XCBuildConfiguration;
			buildSettings = {
				ALWAYS_EMBED_SWIFT_STANDARD_LIBRARIES = YES;
				BUNDLE_LOADER = "$(TEST_HOST)";
				CODE_SIGN_STYLE = Automatic;
				CURRENT_PROJECT_VERSION = 1;
				GENERATE_INFOPLIST_FILE = YES;
				IPHONEOS_DEPLOYMENT_TARGET = 15.2;
				MARKETING_VERSION = 1.0;
				PRODUCT_BUNDLE_IDENTIFIER = "nwmsu.Veerabathini-SearchAppTests";
				PRODUCT_NAME = "$(TARGET_NAME)";
				SWIFT_EMIT_LOC_STRINGS = NO;
				SWIFT_VERSION = 5.0;
				TARGETED_DEVICE_FAMILY = "1,2";
				TEST_HOST = "$(BUILT_PRODUCTS_DIR)/Veerabathini_SearchApp.app/Veerabathini_SearchApp";
			};
			name = Debug;
		};
		5987BD3A27CC4ED6006BD2AC /* Release */ = {
			isa = XCBuildConfiguration;
			buildSettings = {
				ALWAYS_EMBED_SWIFT_STANDARD_LIBRARIES = YES;
				BUNDLE_LOADER = "$(TEST_HOST)";
				CODE_SIGN_STYLE = Automatic;
				CURRENT_PROJECT_VERSION = 1;
				GENERATE_INFOPLIST_FILE = YES;
				IPHONEOS_DEPLOYMENT_TARGET = 15.2;
				MARKETING_VERSION = 1.0;
				PRODUCT_BUNDLE_IDENTIFIER = "nwmsu.Veerabathini-SearchAppTests";
				PRODUCT_NAME = "$(TARGET_NAME)";
				SWIFT_EMIT_LOC_STRINGS = NO;
				SWIFT_VERSION = 5.0;
				TARGETED_DEVICE_FAMILY = "1,2";
				TEST_HOST = "$(BUILT_PRODUCTS_DIR)/Veerabathini_SearchApp.app/Veerabathini_SearchApp";
			};
			name = Release;
		};
		5987BD3C27CC4ED6006BD2AC /* Debug */ = {
			isa = XCBuildConfiguration;
			buildSettings = {
				ALWAYS_EMBED_SWIFT_STANDARD_LIBRARIES = YES;
				CODE_SIGN_STYLE = Automatic;
				CURRENT_PROJECT_VERSION = 1;
				GENERATE_INFOPLIST_FILE = YES;
				MARKETING_VERSION = 1.0;
				PRODUCT_BUNDLE_IDENTIFIER = "nwmsu.Veerabathini-SearchAppUITests";
				PRODUCT_NAME = "$(TARGET_NAME)";
				SWIFT_EMIT_LOC_STRINGS = NO;
				SWIFT_VERSION = 5.0;
				TARGETED_DEVICE_FAMILY = "1,2";
				TEST_TARGET_NAME = Veerabathini_SearchApp;
			};
			name = Debug;
		};
		5987BD3D27CC4ED6006BD2AC /* Release */ = {
			isa = XCBuildConfiguration;
			buildSettings = {
				ALWAYS_EMBED_SWIFT_STANDARD_LIBRARIES = YES;
				CODE_SIGN_STYLE = Automatic;
				CURRENT_PROJECT_VERSION = 1;
				GENERATE_INFOPLIST_FILE = YES;
				MARKETING_VERSION = 1.0;
				PRODUCT_BUNDLE_IDENTIFIER = "nwmsu.Veerabathini-SearchAppUITests";
				PRODUCT_NAME = "$(TARGET_NAME)";
				SWIFT_EMIT_LOC_STRINGS = NO;
				SWIFT_VERSION = 5.0;
				TARGETED_DEVICE_FAMILY = "1,2";
				TEST_TARGET_NAME = Veerabathini_SearchApp;
			};
			name = Release;
		};
/* End XCBuildConfiguration section */

/* Begin XCConfigurationList section */
		5987BD0627CC4ED5006BD2AC /* Build configuration list for PBXProject "Veerabathini_SearchApp" */ = {
			isa = XCConfigurationList;
			buildConfigurations = (
				5987BD3327CC4ED6006BD2AC /* Debug */,
				5987BD3427CC4ED6006BD2AC /* Release */,
			);
			defaultConfigurationIsVisible = 0;
			defaultConfigurationName = Release;
		};
		5987BD3527CC4ED6006BD2AC /* Build configuration list for PBXNativeTarget "Veerabathini_SearchApp" */ = {
			isa = XCConfigurationList;
			buildConfigurations = (
				5987BD3627CC4ED6006BD2AC /* Debug */,
				5987BD3727CC4ED6006BD2AC /* Release */,
			);
			defaultConfigurationIsVisible = 0;
			defaultConfigurationName = Release;
		};
		5987BD3827CC4ED6006BD2AC /* Build configuration list for PBXNativeTarget "Veerabathini_SearchAppTests" */ = {
			isa = XCConfigurationList;
			buildConfigurations = (
				5987BD3927CC4ED6006BD2AC /* Debug */,
				5987BD3A27CC4ED6006BD2AC /* Release */,
			);
			defaultConfigurationIsVisible = 0;
			defaultConfigurationName = Release;
		};
		5987BD3B27CC4ED6006BD2AC /* Build configuration list for PBXNativeTarget "Veerabathini_SearchAppUITests" */ = {
			isa = XCConfigurationList;
			buildConfigurations = (
				5987BD3C27CC4ED6006BD2AC /* Debug */,
				5987BD3D27CC4ED6006BD2AC /* Release */,
			);
			defaultConfigurationIsVisible = 0;
			defaultConfigurationName = Release;
		};
/* End XCConfigurationList section */
	};
	rootObject = 5987BD0327CC4ED5006BD2AC /* Project object */;
}
