// !$*UTF8*$!
{
	archiveVersion = 1;
	classes = {
	};
	objectVersion = 55;
	objects = {

/* Begin PBXBuildFile section */
		59A4F64127B56959000EFA21 /* AppDelegate.swift in Sources */ = {isa = PBXBuildFile; fileRef = 59A4F64027B56959000EFA21 /* AppDelegate.swift */; };
		59A4F64327B56959000EFA21 /* SceneDelegate.swift in Sources */ = {isa = PBXBuildFile; fileRef = 59A4F64227B56959000EFA21 /* SceneDelegate.swift */; };
		59A4F64527B56959000EFA21 /* ViewController.swift in Sources */ = {isa = PBXBuildFile; fileRef = 59A4F64427B56959000EFA21 /* ViewController.swift */; };
		59A4F64827B56959000EFA21 /* Main.storyboard in Resources */ = {isa = PBXBuildFile; fileRef = 59A4F64627B56959000EFA21 /* Main.storyboard */; };
		59A4F64A27B5695B000EFA21 /* Assets.xcassets in Resources */ = {isa = PBXBuildFile; fileRef = 59A4F64927B5695B000EFA21 /* Assets.xcassets */; };
		59A4F64D27B5695B000EFA21 /* LaunchScreen.storyboard in Resources */ = {isa = PBXBuildFile; fileRef = 59A4F64B27B5695B000EFA21 /* LaunchScreen.storyboard */; };
		59A4F65827B5695B000EFA21 /* CourseDisplayAppTests.swift in Sources */ = {isa = PBXBuildFile; fileRef = 59A4F65727B5695B000EFA21 /* CourseDisplayAppTests.swift */; };
		59A4F66227B5695B000EFA21 /* CourseDisplayAppUITests.swift in Sources */ = {isa = PBXBuildFile; fileRef = 59A4F66127B5695B000EFA21 /* CourseDisplayAppUITests.swift */; };
		59A4F66427B5695B000EFA21 /* CourseDisplayAppUITestsLaunchTests.swift in Sources */ = {isa = PBXBuildFile; fileRef = 59A4F66327B5695B000EFA21 /* CourseDisplayAppUITestsLaunchTests.swift */; };
/* End PBXBuildFile section */

/* Begin PBXContainerItemProxy section */
		59A4F65427B5695B000EFA21 /* PBXContainerItemProxy */ = {
			isa = PBXContainerItemProxy;
			containerPortal = 59A4F63527B56959000EFA21 /* Project object */;
			proxyType = 1;
			remoteGlobalIDString = 59A4F63C27B56959000EFA21;
			remoteInfo = CourseDisplayApp;
		};
		59A4F65E27B5695B000EFA21 /* PBXContainerItemProxy */ = {
			isa = PBXContainerItemProxy;
			containerPortal = 59A4F63527B56959000EFA21 /* Project object */;
			proxyType = 1;
			remoteGlobalIDString = 59A4F63C27B56959000EFA21;
			remoteInfo = CourseDisplayApp;
		};
/* End PBXContainerItemProxy section */

/* Begin PBXFileReference section */
		59A4F63D27B56959000EFA21 /* CourseDisplayApp.app */ = {isa = PBXFileReference; explicitFileType = wrapper.application; includeInIndex = 0; path = CourseDisplayApp.app; sourceTree = BUILT_PRODUCTS_DIR; };
		59A4F64027B56959000EFA21 /* AppDelegate.swift */ = {isa = PBXFileReference; lastKnownFileType = sourcecode.swift; path = AppDelegate.swift; sourceTree = "<group>"; };
		59A4F64227B56959000EFA21 /* SceneDelegate.swift */ = {isa = PBXFileReference; lastKnownFileType = sourcecode.swift; path = SceneDelegate.swift; sourceTree = "<group>"; };
		59A4F64427B56959000EFA21 /* ViewController.swift */ = {isa = PBXFileReference; lastKnownFileType = sourcecode.swift; path = ViewController.swift; sourceTree = "<group>"; };
		59A4F64727B56959000EFA21 /* Base */ = {isa = PBXFileReference; lastKnownFileType = file.storyboard; name = Base; path = Base.lproj/Main.storyboard; sourceTree = "<group>"; };
		59A4F64927B5695B000EFA21 /* Assets.xcassets */ = {isa = PBXFileReference; lastKnownFileType = folder.assetcatalog; path = Assets.xcassets; sourceTree = "<group>"; };
		59A4F64C27B5695B000EFA21 /* Base */ = {isa = PBXFileReference; lastKnownFileType = file.storyboard; name = Base; path = Base.lproj/LaunchScreen.storyboard; sourceTree = "<group>"; };
		59A4F64E27B5695B000EFA21 /* Info.plist */ = {isa = PBXFileReference; lastKnownFileType = text.plist.xml; path = Info.plist; sourceTree = "<group>"; };
		59A4F65327B5695B000EFA21 /* CourseDisplayAppTests.xctest */ = {isa = PBXFileReference; explicitFileType = wrapper.cfbundle; includeInIndex = 0; path = CourseDisplayAppTests.xctest; sourceTree = BUILT_PRODUCTS_DIR; };
		59A4F65727B5695B000EFA21 /* CourseDisplayAppTests.swift */ = {isa = PBXFileReference; lastKnownFileType = sourcecode.swift; path = CourseDisplayAppTests.swift; sourceTree = "<group>"; };
		59A4F65D27B5695B000EFA21 /* CourseDisplayAppUITests.xctest */ = {isa = PBXFileReference; explicitFileType = wrapper.cfbundle; includeInIndex = 0; path = CourseDisplayAppUITests.xctest; sourceTree = BUILT_PRODUCTS_DIR; };
		59A4F66127B5695B000EFA21 /* CourseDisplayAppUITests.swift */ = {isa = PBXFileReference; lastKnownFileType = sourcecode.swift; path = CourseDisplayAppUITests.swift; sourceTree = "<group>"; };
		59A4F66327B5695B000EFA21 /* CourseDisplayAppUITestsLaunchTests.swift */ = {isa = PBXFileReference; lastKnownFileType = sourcecode.swift; path = CourseDisplayAppUITestsLaunchTests.swift; sourceTree = "<group>"; };
/* End PBXFileReference section */

/* Begin PBXFrameworksBuildPhase section */
		59A4F63A27B56959000EFA21 /* Frameworks */ = {
			isa = PBXFrameworksBuildPhase;
			buildActionMask = 2147483647;
			files = (
			);
			runOnlyForDeploymentPostprocessing = 0;
		};
		59A4F65027B5695B000EFA21 /* Frameworks */ = {
			isa = PBXFrameworksBuildPhase;
			buildActionMask = 2147483647;
			files = (
			);
			runOnlyForDeploymentPostprocessing = 0;
		};
		59A4F65A27B5695B000EFA21 /* Frameworks */ = {
			isa = PBXFrameworksBuildPhase;
			buildActionMask = 2147483647;
			files = (
			);
			runOnlyForDeploymentPostprocessing = 0;
		};
/* End PBXFrameworksBuildPhase section */

/* Begin PBXGroup section */
		59A4F63427B56959000EFA21 = {
			isa = PBXGroup;
			children = (
				59A4F63F27B56959000EFA21 /* CourseDisplayApp */,
				59A4F65627B5695B000EFA21 /* CourseDisplayAppTests */,
				59A4F66027B5695B000EFA21 /* CourseDisplayAppUITests */,
				59A4F63E27B56959000EFA21 /* Products */,
			);
			sourceTree = "<group>";
		};
		59A4F63E27B56959000EFA21 /* Products */ = {
			isa = PBXGroup;
			children = (
				59A4F63D27B56959000EFA21 /* CourseDisplayApp.app */,
				59A4F65327B5695B000EFA21 /* CourseDisplayAppTests.xctest */,
				59A4F65D27B5695B000EFA21 /* CourseDisplayAppUITests.xctest */,
			);
			name = Products;
			sourceTree = "<group>";
		};
		59A4F63F27B56959000EFA21 /* CourseDisplayApp */ = {
			isa = PBXGroup;
			children = (
				59A4F64027B56959000EFA21 /* AppDelegate.swift */,
				59A4F64227B56959000EFA21 /* SceneDelegate.swift */,
				59A4F64427B56959000EFA21 /* ViewController.swift */,
				59A4F64627B56959000EFA21 /* Main.storyboard */,
				59A4F64927B5695B000EFA21 /* Assets.xcassets */,
				59A4F64B27B5695B000EFA21 /* LaunchScreen.storyboard */,
				59A4F64E27B5695B000EFA21 /* Info.plist */,
			);
			path = CourseDisplayApp;
			sourceTree = "<group>";
		};
		59A4F65627B5695B000EFA21 /* CourseDisplayAppTests */ = {
			isa = PBXGroup;
			children = (
				59A4F65727B5695B000EFA21 /* CourseDisplayAppTests.swift */,
			);
			path = CourseDisplayAppTests;
			sourceTree = "<group>";
		};
		59A4F66027B5695B000EFA21 /* CourseDisplayAppUITests */ = {
			isa = PBXGroup;
			children = (
				59A4F66127B5695B000EFA21 /* CourseDisplayAppUITests.swift */,
				59A4F66327B5695B000EFA21 /* CourseDisplayAppUITestsLaunchTests.swift */,
			);
			path = CourseDisplayAppUITests;
			sourceTree = "<group>";
		};
/* End PBXGroup section */

/* Begin PBXNativeTarget section */
		59A4F63C27B56959000EFA21 /* CourseDisplayApp */ = {
			isa = PBXNativeTarget;
			buildConfigurationList = 59A4F66727B5695B000EFA21 /* Build configuration list for PBXNativeTarget "CourseDisplayApp" */;
			buildPhases = (
				59A4F63927B56959000EFA21 /* Sources */,
				59A4F63A27B56959000EFA21 /* Frameworks */,
				59A4F63B27B56959000EFA21 /* Resources */,
			);
			buildRules = (
			);
			dependencies = (
			);
			name = CourseDisplayApp;
			productName = CourseDisplayApp;
			productReference = 59A4F63D27B56959000EFA21 /* CourseDisplayApp.app */;
			productType = "com.apple.product-type.application";
		};
		59A4F65227B5695B000EFA21 /* CourseDisplayAppTests */ = {
			isa = PBXNativeTarget;
			buildConfigurationList = 59A4F66A27B5695B000EFA21 /* Build configuration list for PBXNativeTarget "CourseDisplayAppTests" */;
			buildPhases = (
				59A4F64F27B5695B000EFA21 /* Sources */,
				59A4F65027B5695B000EFA21 /* Frameworks */,
				59A4F65127B5695B000EFA21 /* Resources */,
			);
			buildRules = (
			);
			dependencies = (
				59A4F65527B5695B000EFA21 /* PBXTargetDependency */,
			);
			name = CourseDisplayAppTests;
			productName = CourseDisplayAppTests;
			productReference = 59A4F65327B5695B000EFA21 /* CourseDisplayAppTests.xctest */;
			productType = "com.apple.product-type.bundle.unit-test";
		};
		59A4F65C27B5695B000EFA21 /* CourseDisplayAppUITests */ = {
			isa = PBXNativeTarget;
			buildConfigurationList = 59A4F66D27B5695B000EFA21 /* Build configuration list for PBXNativeTarget "CourseDisplayAppUITests" */;
			buildPhases = (
				59A4F65927B5695B000EFA21 /* Sources */,
				59A4F65A27B5695B000EFA21 /* Frameworks */,
				59A4F65B27B5695B000EFA21 /* Resources */,
			);
			buildRules = (
			);
			dependencies = (
				59A4F65F27B5695B000EFA21 /* PBXTargetDependency */,
			);
			name = CourseDisplayAppUITests;
			productName = CourseDisplayAppUITests;
			productReference = 59A4F65D27B5695B000EFA21 /* CourseDisplayAppUITests.xctest */;
			productType = "com.apple.product-type.bundle.ui-testing";
		};
/* End PBXNativeTarget section */

/* Begin PBXProject section */
		59A4F63527B56959000EFA21 /* Project object */ = {
			isa = PBXProject;
			attributes = {
				BuildIndependentTargetsInParallel = 1;
				LastSwiftUpdateCheck = 1320;
				LastUpgradeCheck = 1320;
				TargetAttributes = {
					59A4F63C27B56959000EFA21 = {
						CreatedOnToolsVersion = 13.2.1;
					};
					59A4F65227B5695B000EFA21 = {
						CreatedOnToolsVersion = 13.2.1;
						TestTargetID = 59A4F63C27B56959000EFA21;
					};
					59A4F65C27B5695B000EFA21 = {
						CreatedOnToolsVersion = 13.2.1;
						TestTargetID = 59A4F63C27B56959000EFA21;
					};
				};
			};
			buildConfigurationList = 59A4F63827B56959000EFA21 /* Build configuration list for PBXProject "CourseDisplayApp" */;
			compatibilityVersion = "Xcode 13.0";
			developmentRegion = en;
			hasScannedForEncodings = 0;
			knownRegions = (
				en,
				Base,
			);
			mainGroup = 59A4F63427B56959000EFA21;
			productRefGroup = 59A4F63E27B56959000EFA21 /* Products */;
			projectDirPath = "";
			projectRoot = "";
			targets = (
				59A4F63C27B56959000EFA21 /* CourseDisplayApp */,
				59A4F65227B5695B000EFA21 /* CourseDisplayAppTests */,
				59A4F65C27B5695B000EFA21 /* CourseDisplayAppUITests */,
			);
		};
/* End PBXProject section */

/* Begin PBXResourcesBuildPhase section */
		59A4F63B27B56959000EFA21 /* Resources */ = {
			isa = PBXResourcesBuildPhase;
			buildActionMask = 2147483647;
			files = (
				59A4F64D27B5695B000EFA21 /* LaunchScreen.storyboard in Resources */,
				59A4F64A27B5695B000EFA21 /* Assets.xcassets in Resources */,
				59A4F64827B56959000EFA21 /* Main.storyboard in Resources */,
			);
			runOnlyForDeploymentPostprocessing = 0;
		};
		59A4F65127B5695B000EFA21 /* Resources */ = {
			isa = PBXResourcesBuildPhase;
			buildActionMask = 2147483647;
			files = (
			);
			runOnlyForDeploymentPostprocessing = 0;
		};
		59A4F65B27B5695B000EFA21 /* Resources */ = {
			isa = PBXResourcesBuildPhase;
			buildActionMask = 2147483647;
			files = (
			);
			runOnlyForDeploymentPostprocessing = 0;
		};
/* End PBXResourcesBuildPhase section */

/* Begin PBXSourcesBuildPhase section */
		59A4F63927B56959000EFA21 /* Sources */ = {
			isa = PBXSourcesBuildPhase;
			buildActionMask = 2147483647;
			files = (
				59A4F64527B56959000EFA21 /* ViewController.swift in Sources */,
				59A4F64127B56959000EFA21 /* AppDelegate.swift in Sources */,
				59A4F64327B56959000EFA21 /* SceneDelegate.swift in Sources */,
			);
			runOnlyForDeploymentPostprocessing = 0;
		};
		59A4F64F27B5695B000EFA21 /* Sources */ = {
			isa = PBXSourcesBuildPhase;
			buildActionMask = 2147483647;
			files = (
				59A4F65827B5695B000EFA21 /* CourseDisplayAppTests.swift in Sources */,
			);
			runOnlyForDeploymentPostprocessing = 0;
		};
		59A4F65927B5695B000EFA21 /* Sources */ = {
			isa = PBXSourcesBuildPhase;
			buildActionMask = 2147483647;
			files = (
				59A4F66427B5695B000EFA21 /* CourseDisplayAppUITestsLaunchTests.swift in Sources */,
				59A4F66227B5695B000EFA21 /* CourseDisplayAppUITests.swift in Sources */,
			);
			runOnlyForDeploymentPostprocessing = 0;
		};
/* End PBXSourcesBuildPhase section */

/* Begin PBXTargetDependency section */
		59A4F65527B5695B000EFA21 /* PBXTargetDependency */ = {
			isa = PBXTargetDependency;
			target = 59A4F63C27B56959000EFA21 /* CourseDisplayApp */;
			targetProxy = 59A4F65427B5695B000EFA21 /* PBXContainerItemProxy */;
		};
		59A4F65F27B5695B000EFA21 /* PBXTargetDependency */ = {
			isa = PBXTargetDependency;
			target = 59A4F63C27B56959000EFA21 /* CourseDisplayApp */;
			targetProxy = 59A4F65E27B5695B000EFA21 /* PBXContainerItemProxy */;
		};
/* End PBXTargetDependency section */

/* Begin PBXVariantGroup section */
		59A4F64627B56959000EFA21 /* Main.storyboard */ = {
			isa = PBXVariantGroup;
			children = (
				59A4F64727B56959000EFA21 /* Base */,
			);
			name = Main.storyboard;
			sourceTree = "<group>";
		};
		59A4F64B27B5695B000EFA21 /* LaunchScreen.storyboard */ = {
			isa = PBXVariantGroup;
			children = (
				59A4F64C27B5695B000EFA21 /* Base */,
			);
			name = LaunchScreen.storyboard;
			sourceTree = "<group>";
		};
/* End PBXVariantGroup section */

/* Begin XCBuildConfiguration section */
		59A4F66527B5695B000EFA21 /* Debug */ = {
			isa = XCBuildConfiguration;
			buildSettings = {
				ALWAYS_SEARCH_USER_PATHS = NO;
				CLANG_ANALYZER_NONNULL = YES;
				CLANG_ANALYZER_NUMBER_OBJECT_CONVERSION = YES_AGGRESSIVE;
				CLANG_CXX_LANGUAGE_STANDARD = "gnu++17";
				CLANG_CXX_LIBRARY = "libc++";
				CLANG_ENABLE_MODULES = YES;
				CLANG_ENABLE_OBJC_ARC = YES;
				CLANG_ENABLE_OBJC_WEAK = YES;
				CLANG_WARN_BLOCK_CAPTURE_AUTORELEASING = YES;
				CLANG_WARN_BOOL_CONVERSION = YES;
				CLANG_WARN_COMMA = YES;
				CLANG_WARN_CONSTANT_CONVERSION = YES;
				CLANG_WARN_DEPRECATED_OBJC_IMPLEMENTATIONS = YES;
				CLANG_WARN_DIRECT_OBJC_ISA_USAGE = YES_ERROR;
				CLANG_WARN_DOCUMENTATION_COMMENTS = YES;
				CLANG_WARN_EMPTY_BODY = YES;
				CLANG_WARN_ENUM_CONVERSION = YES;
				CLANG_WARN_INFINITE_RECURSION = YES;
				CLANG_WARN_INT_CONVERSION = YES;
				CLANG_WARN_NON_LITERAL_NULL_CONVERSION = YES;
				CLANG_WARN_OBJC_IMPLICIT_RETAIN_SELF = YES;
				CLANG_WARN_OBJC_LITERAL_CONVERSION = YES;
				CLANG_WARN_OBJC_ROOT_CLASS = YES_ERROR;
				CLANG_WARN_QUOTED_INCLUDE_IN_FRAMEWORK_HEADER = YES;
				CLANG_WARN_RANGE_LOOP_ANALYSIS = YES;
				CLANG_WARN_STRICT_PROTOTYPES = YES;
				CLANG_WARN_SUSPICIOUS_MOVE = YES;
				CLANG_WARN_UNGUARDED_AVAILABILITY = YES_AGGRESSIVE;
				CLANG_WARN_UNREACHABLE_CODE = YES;
				CLANG_WARN__DUPLICATE_METHOD_MATCH = YES;
				COPY_PHASE_STRIP = NO;
				DEBUG_INFORMATION_FORMAT = dwarf;
				ENABLE_STRICT_OBJC_MSGSEND = YES;
				ENABLE_TESTABILITY = YES;
				GCC_C_LANGUAGE_STANDARD = gnu11;
				GCC_DYNAMIC_NO_PIC = NO;
				GCC_NO_COMMON_BLOCKS = YES;
				GCC_OPTIMIZATION_LEVEL = 0;
				GCC_PREPROCESSOR_DEFINITIONS = (
					"DEBUG=1",
					"$(inherited)",
				);
				GCC_WARN_64_TO_32_BIT_CONVERSION = YES;
				GCC_WARN_ABOUT_RETURN_TYPE = YES_ERROR;
				GCC_WARN_UNDECLARED_SELECTOR = YES;
				GCC_WARN_UNINITIALIZED_AUTOS = YES_AGGRESSIVE;
				GCC_WARN_UNUSED_FUNCTION = YES;
				GCC_WARN_UNUSED_VARIABLE = YES;
				IPHONEOS_DEPLOYMENT_TARGET = 15.2;
				MTL_ENABLE_DEBUG_INFO = INCLUDE_SOURCE;
				MTL_FAST_MATH = YES;
				ONLY_ACTIVE_ARCH = YES;
				SDKROOT = iphoneos;
				SWIFT_ACTIVE_COMPILATION_CONDITIONS = DEBUG;
				SWIFT_OPTIMIZATION_LEVEL = "-Onone";
			};
			name = Debug;
		};
		59A4F66627B5695B000EFA21 /* Release */ = {
			isa = XCBuildConfiguration;
			buildSettings = {
				ALWAYS_SEARCH_USER_PATHS = NO;
				CLANG_ANALYZER_NONNULL = YES;
				CLANG_ANALYZER_NUMBER_OBJECT_CONVERSION = YES_AGGRESSIVE;
				CLANG_CXX_LANGUAGE_STANDARD = "gnu++17";
				CLANG_CXX_LIBRARY = "libc++";
				CLANG_ENABLE_MODULES = YES;
				CLANG_ENABLE_OBJC_ARC = YES;
				CLANG_ENABLE_OBJC_WEAK = YES;
				CLANG_WARN_BLOCK_CAPTURE_AUTORELEASING = YES;
				CLANG_WARN_BOOL_CONVERSION = YES;
				CLANG_WARN_COMMA = YES;
				CLANG_WARN_CONSTANT_CONVERSION = YES;
				CLANG_WARN_DEPRECATED_OBJC_IMPLEMENTATIONS = YES;
				CLANG_WARN_DIRECT_OBJC_ISA_USAGE = YES_ERROR;
				CLANG_WARN_DOCUMENTATION_COMMENTS = YES;
				CLANG_WARN_EMPTY_BODY = YES;
				CLANG_WARN_ENUM_CONVERSION = YES;
				CLANG_WARN_INFINITE_RECURSION = YES;
				CLANG_WARN_INT_CONVERSION = YES;
				CLANG_WARN_NON_LITERAL_NULL_CONVERSION = YES;
				CLANG_WARN_OBJC_IMPLICIT_RETAIN_SELF = YES;
				CLANG_WARN_OBJC_LITERAL_CONVERSION = YES;
				CLANG_WARN_OBJC_ROOT_CLASS = YES_ERROR;
				CLANG_WARN_QUOTED_INCLUDE_IN_FRAMEWORK_HEADER = YES;
				CLANG_WARN_RANGE_LOOP_ANALYSIS = YES;
				CLANG_WARN_STRICT_PROTOTYPES = YES;
				CLANG_WARN_SUSPICIOUS_MOVE = YES;
				CLANG_WARN_UNGUARDED_AVAILABILITY = YES_AGGRESSIVE;
				CLANG_WARN_UNREACHABLE_CODE = YES;
				CLANG_WARN__DUPLICATE_METHOD_MATCH = YES;
				COPY_PHASE_STRIP = NO;
				DEBUG_INFORMATION_FORMAT = "dwarf-with-dsym";
				ENABLE_NS_ASSERTIONS = NO;
				ENABLE_STRICT_OBJC_MSGSEND = YES;
				GCC_C_LANGUAGE_STANDARD = gnu11;
				GCC_NO_COMMON_BLOCKS = YES;
				GCC_WARN_64_TO_32_BIT_CONVERSION = YES;
				GCC_WARN_ABOUT_RETURN_TYPE = YES_ERROR;
				GCC_WARN_UNDECLARED_SELECTOR = YES;
				GCC_WARN_UNINITIALIZED_AUTOS = YES_AGGRESSIVE;
				GCC_WARN_UNUSED_FUNCTION = YES;
				GCC_WARN_UNUSED_VARIABLE = YES;
				IPHONEOS_DEPLOYMENT_TARGET = 15.2;
				MTL_ENABLE_DEBUG_INFO = NO;
				MTL_FAST_MATH = YES;
				SDKROOT = iphoneos;
				SWIFT_COMPILATION_MODE = wholemodule;
				SWIFT_OPTIMIZATION_LEVEL = "-O";
				VALIDATE_PRODUCT = YES;
			};
			name = Release;
		};
		59A4F66827B5695B000EFA21 /* Debug */ = {
			isa = XCBuildConfiguration;
			buildSettings = {
				ASSETCATALOG_COMPILER_APPICON_NAME = AppIcon;
				ASSETCATALOG_COMPILER_GLOBAL_ACCENT_COLOR_NAME = AccentColor;
				CODE_SIGN_STYLE = Automatic;
				CURRENT_PROJECT_VERSION = 1;
				GENERATE_INFOPLIST_FILE = YES;
				INFOPLIST_FILE = CourseDisplayApp/Info.plist;
				INFOPLIST_KEY_UIApplicationSupportsIndirectInputEvents = YES;
				INFOPLIST_KEY_UILaunchStoryboardName = LaunchScreen;
				INFOPLIST_KEY_UIMainStoryboardFile = Main;
				INFOPLIST_KEY_UISupportedInterfaceOrientations_iPad = "UIInterfaceOrientationPortrait UIInterfaceOrientationPortraitUpsideDown UIInterfaceOrientationLandscapeLeft UIInterfaceOrientationLandscapeRight";
				INFOPLIST_KEY_UISupportedInterfaceOrientations_iPhone = "UIInterfaceOrientationPortrait UIInterfaceOrientationLandscapeLeft UIInterfaceOrientationLandscapeRight";
				LD_RUNPATH_SEARCH_PATHS = (
					"$(inherited)",
					"@executable_path/Frameworks",
				);
				MARKETING_VERSION = 1.0;
				PRODUCT_BUNDLE_IDENTIFIER = nwmsu.CourseDisplayApp;
				PRODUCT_NAME = "$(TARGET_NAME)";
				SWIFT_EMIT_LOC_STRINGS = YES;
				SWIFT_VERSION = 5.0;
				TARGETED_DEVICE_FAMILY = "1,2";
			};
			name = Debug;
		};
		59A4F66927B5695B000EFA21 /* Release */ = {
			isa = XCBuildConfiguration;
			buildSettings = {
				ASSETCATALOG_COMPILER_APPICON_NAME = AppIcon;
				ASSETCATALOG_COMPILER_GLOBAL_ACCENT_COLOR_NAME = AccentColor;
				CODE_SIGN_STYLE = Automatic;
				CURRENT_PROJECT_VERSION = 1;
				GENERATE_INFOPLIST_FILE = YES;
				INFOPLIST_FILE = CourseDisplayApp/Info.plist;
				INFOPLIST_KEY_UIApplicationSupportsIndirectInputEvents = YES;
				INFOPLIST_KEY_UILaunchStoryboardName = LaunchScreen;
				INFOPLIST_KEY_UIMainStoryboardFile = Main;
				INFOPLIST_KEY_UISupportedInterfaceOrientations_iPad = "UIInterfaceOrientationPortrait UIInterfaceOrientationPortraitUpsideDown UIInterfaceOrientationLandscapeLeft UIInterfaceOrientationLandscapeRight";
				INFOPLIST_KEY_UISupportedInterfaceOrientations_iPhone = "UIInterfaceOrientationPortrait UIInterfaceOrientationLandscapeLeft UIInterfaceOrientationLandscapeRight";
				LD_RUNPATH_SEARCH_PATHS = (
					"$(inherited)",
					"@executable_path/Frameworks",
				);
				MARKETING_VERSION = 1.0;
				PRODUCT_BUNDLE_IDENTIFIER = nwmsu.CourseDisplayApp;
				PRODUCT_NAME = "$(TARGET_NAME)";
				SWIFT_EMIT_LOC_STRINGS = YES;
				SWIFT_VERSION = 5.0;
				TARGETED_DEVICE_FAMILY = "1,2";
			};
			name = Release;
		};
		59A4F66B27B5695B000EFA21 /* Debug */ = {
			isa = XCBuildConfiguration;
			buildSettings = {
				ALWAYS_EMBED_SWIFT_STANDARD_LIBRARIES = YES;
				BUNDLE_LOADER = "$(TEST_HOST)";
				CODE_SIGN_STYLE = Automatic;
				CURRENT_PROJECT_VERSION = 1;
				GENERATE_INFOPLIST_FILE = YES;
				IPHONEOS_DEPLOYMENT_TARGET = 15.2;
				MARKETING_VERSION = 1.0;
				PRODUCT_BUNDLE_IDENTIFIER = nwmsu.CourseDisplayAppTests;
				PRODUCT_NAME = "$(TARGET_NAME)";
				SWIFT_EMIT_LOC_STRINGS = NO;
				SWIFT_VERSION = 5.0;
				TARGETED_DEVICE_FAMILY = "1,2";
				TEST_HOST = "$(BUILT_PRODUCTS_DIR)/CourseDisplayApp.app/CourseDisplayApp";
			};
			name = Debug;
		};
		59A4F66C27B5695B000EFA21 /* Release */ = {
			isa = XCBuildConfiguration;
			buildSettings = {
				ALWAYS_EMBED_SWIFT_STANDARD_LIBRARIES = YES;
				BUNDLE_LOADER = "$(TEST_HOST)";
				CODE_SIGN_STYLE = Automatic;
				CURRENT_PROJECT_VERSION = 1;
				GENERATE_INFOPLIST_FILE = YES;
				IPHONEOS_DEPLOYMENT_TARGET = 15.2;
				MARKETING_VERSION = 1.0;
				PRODUCT_BUNDLE_IDENTIFIER = nwmsu.CourseDisplayAppTests;
				PRODUCT_NAME = "$(TARGET_NAME)";
				SWIFT_EMIT_LOC_STRINGS = NO;
				SWIFT_VERSION = 5.0;
				TARGETED_DEVICE_FAMILY = "1,2";
				TEST_HOST = "$(BUILT_PRODUCTS_DIR)/CourseDisplayApp.app/CourseDisplayApp";
			};
			name = Release;
		};
		59A4F66E27B5695B000EFA21 /* Debug */ = {
			isa = XCBuildConfiguration;
			buildSettings = {
				ALWAYS_EMBED_SWIFT_STANDARD_LIBRARIES = YES;
				CODE_SIGN_STYLE = Automatic;
				CURRENT_PROJECT_VERSION = 1;
				GENERATE_INFOPLIST_FILE = YES;
				MARKETING_VERSION = 1.0;
				PRODUCT_BUNDLE_IDENTIFIER = nwmsu.CourseDisplayAppUITests;
				PRODUCT_NAME = "$(TARGET_NAME)";
				SWIFT_EMIT_LOC_STRINGS = NO;
				SWIFT_VERSION = 5.0;
				TARGETED_DEVICE_FAMILY = "1,2";
				TEST_TARGET_NAME = CourseDisplayApp;
			};
			name = Debug;
		};
		59A4F66F27B5695B000EFA21 /* Release */ = {
			isa = XCBuildConfiguration;
			buildSettings = {
				ALWAYS_EMBED_SWIFT_STANDARD_LIBRARIES = YES;
				CODE_SIGN_STYLE = Automatic;
				CURRENT_PROJECT_VERSION = 1;
				GENERATE_INFOPLIST_FILE = YES;
				MARKETING_VERSION = 1.0;
				PRODUCT_BUNDLE_IDENTIFIER = nwmsu.CourseDisplayAppUITests;
				PRODUCT_NAME = "$(TARGET_NAME)";
				SWIFT_EMIT_LOC_STRINGS = NO;
				SWIFT_VERSION = 5.0;
				TARGETED_DEVICE_FAMILY = "1,2";
				TEST_TARGET_NAME = CourseDisplayApp;
			};
			name = Release;
		};
/* End XCBuildConfiguration section */

/* Begin XCConfigurationList section */
		59A4F63827B56959000EFA21 /* Build configuration list for PBXProject "CourseDisplayApp" */ = {
			isa = XCConfigurationList;
			buildConfigurations = (
				59A4F66527B5695B000EFA21 /* Debug */,
				59A4F66627B5695B000EFA21 /* Release */,
			);
			defaultConfigurationIsVisible = 0;
			defaultConfigurationName = Release;
		};
		59A4F66727B5695B000EFA21 /* Build configuration list for PBXNativeTarget "CourseDisplayApp" */ = {
			isa = XCConfigurationList;
			buildConfigurations = (
				59A4F66827B5695B000EFA21 /* Debug */,
				59A4F66927B5695B000EFA21 /* Release */,
			);
			defaultConfigurationIsVisible = 0;
			defaultConfigurationName = Release;
		};
		59A4F66A27B5695B000EFA21 /* Build configuration list for PBXNativeTarget "CourseDisplayAppTests" */ = {
			isa = XCConfigurationList;
			buildConfigurations = (
				59A4F66B27B5695B000EFA21 /* Debug */,
				59A4F66C27B5695B000EFA21 /* Release */,
			);
			defaultConfigurationIsVisible = 0;
			defaultConfigurationName = Release;
		};
		59A4F66D27B5695B000EFA21 /* Build configuration list for PBXNativeTarget "CourseDisplayAppUITests" */ = {
			isa = XCConfigurationList;
			buildConfigurations = (
				59A4F66E27B5695B000EFA21 /* Debug */,
				59A4F66F27B5695B000EFA21 /* Release */,
			);
			defaultConfigurationIsVisible = 0;
			defaultConfigurationName = Release;
		};
/* End XCConfigurationList section */
	};
	rootObject = 59A4F63527B56959000EFA21 /* Project object */;
}
