// !$*UTF8*$!
{
	archiveVersion = 1;
	classes = {
	};
	objectVersion = 55;
	objects = {

/* Begin PBXBuildFile section */
		5908AC5C27E37E61007AA345 /* AppDelegate.swift in Sources */ = {isa = PBXBuildFile; fileRef = 5908AC5B27E37E61007AA345 /* AppDelegate.swift */; };
		5908AC5E27E37E61007AA345 /* SceneDelegate.swift in Sources */ = {isa = PBXBuildFile; fileRef = 5908AC5D27E37E61007AA345 /* SceneDelegate.swift */; };
		5908AC6027E37E61007AA345 /* ViewController.swift in Sources */ = {isa = PBXBuildFile; fileRef = 5908AC5F27E37E61007AA345 /* ViewController.swift */; };
		5908AC6327E37E61007AA345 /* Main.storyboard in Resources */ = {isa = PBXBuildFile; fileRef = 5908AC6127E37E61007AA345 /* Main.storyboard */; };
		5908AC6527E37E62007AA345 /* Assets.xcassets in Resources */ = {isa = PBXBuildFile; fileRef = 5908AC6427E37E62007AA345 /* Assets.xcassets */; };
		5908AC6827E37E62007AA345 /* LaunchScreen.storyboard in Resources */ = {isa = PBXBuildFile; fileRef = 5908AC6627E37E62007AA345 /* LaunchScreen.storyboard */; };
		5908AC7327E37E63007AA345 /* AnimationAppTests.swift in Sources */ = {isa = PBXBuildFile; fileRef = 5908AC7227E37E63007AA345 /* AnimationAppTests.swift */; };
		5908AC7D27E37E63007AA345 /* AnimationAppUITests.swift in Sources */ = {isa = PBXBuildFile; fileRef = 5908AC7C27E37E63007AA345 /* AnimationAppUITests.swift */; };
		5908AC7F27E37E63007AA345 /* AnimationAppUITestsLaunchTests.swift in Sources */ = {isa = PBXBuildFile; fileRef = 5908AC7E27E37E63007AA345 /* AnimationAppUITestsLaunchTests.swift */; };
/* End PBXBuildFile section */

/* Begin PBXContainerItemProxy section */
		5908AC6F27E37E63007AA345 /* PBXContainerItemProxy */ = {
			isa = PBXContainerItemProxy;
			containerPortal = 5908AC5027E37E61007AA345 /* Project object */;
			proxyType = 1;
			remoteGlobalIDString = 5908AC5727E37E61007AA345;
			remoteInfo = AnimationApp;
		};
		5908AC7927E37E63007AA345 /* PBXContainerItemProxy */ = {
			isa = PBXContainerItemProxy;
			containerPortal = 5908AC5027E37E61007AA345 /* Project object */;
			proxyType = 1;
			remoteGlobalIDString = 5908AC5727E37E61007AA345;
			remoteInfo = AnimationApp;
		};
/* End PBXContainerItemProxy section */

/* Begin PBXFileReference section */
		5908AC5827E37E61007AA345 /* AnimationApp.app */ = {isa = PBXFileReference; explicitFileType = wrapper.application; includeInIndex = 0; path = AnimationApp.app; sourceTree = BUILT_PRODUCTS_DIR; };
		5908AC5B27E37E61007AA345 /* AppDelegate.swift */ = {isa = PBXFileReference; lastKnownFileType = sourcecode.swift; path = AppDelegate.swift; sourceTree = "<group>"; };
		5908AC5D27E37E61007AA345 /* SceneDelegate.swift */ = {isa = PBXFileReference; lastKnownFileType = sourcecode.swift; path = SceneDelegate.swift; sourceTree = "<group>"; };
		5908AC5F27E37E61007AA345 /* ViewController.swift */ = {isa = PBXFileReference; lastKnownFileType = sourcecode.swift; path = ViewController.swift; sourceTree = "<group>"; };
		5908AC6227E37E61007AA345 /* Base */ = {isa = PBXFileReference; lastKnownFileType = file.storyboard; name = Base; path = Base.lproj/Main.storyboard; sourceTree = "<group>"; };
		5908AC6427E37E62007AA345 /* Assets.xcassets */ = {isa = PBXFileReference; lastKnownFileType = folder.assetcatalog; path = Assets.xcassets; sourceTree = "<group>"; };
		5908AC6727E37E62007AA345 /* Base */ = {isa = PBXFileReference; lastKnownFileType = file.storyboard; name = Base; path = Base.lproj/LaunchScreen.storyboard; sourceTree = "<group>"; };
		5908AC6927E37E63007AA345 /* Info.plist */ = {isa = PBXFileReference; lastKnownFileType = text.plist.xml; path = Info.plist; sourceTree = "<group>"; };
		5908AC6E27E37E63007AA345 /* AnimationAppTests.xctest */ = {isa = PBXFileReference; explicitFileType = wrapper.cfbundle; includeInIndex = 0; path = AnimationAppTests.xctest; sourceTree = BUILT_PRODUCTS_DIR; };
		5908AC7227E37E63007AA345 /* AnimationAppTests.swift */ = {isa = PBXFileReference; lastKnownFileType = sourcecode.swift; path = AnimationAppTests.swift; sourceTree = "<group>"; };
		5908AC7827E37E63007AA345 /* AnimationAppUITests.xctest */ = {isa = PBXFileReference; explicitFileType = wrapper.cfbundle; includeInIndex = 0; path = AnimationAppUITests.xctest; sourceTree = BUILT_PRODUCTS_DIR; };
		5908AC7C27E37E63007AA345 /* AnimationAppUITests.swift */ = {isa = PBXFileReference; lastKnownFileType = sourcecode.swift; path = AnimationAppUITests.swift; sourceTree = "<group>"; };
		5908AC7E27E37E63007AA345 /* AnimationAppUITestsLaunchTests.swift */ = {isa = PBXFileReference; lastKnownFileType = sourcecode.swift; path = AnimationAppUITestsLaunchTests.swift; sourceTree = "<group>"; };
/* End PBXFileReference section */

/* Begin PBXFrameworksBuildPhase section */
		5908AC5527E37E61007AA345 /* Frameworks */ = {
			isa = PBXFrameworksBuildPhase;
			buildActionMask = 2147483647;
			files = (
			);
			runOnlyForDeploymentPostprocessing = 0;
		};
		5908AC6B27E37E63007AA345 /* Frameworks */ = {
			isa = PBXFrameworksBuildPhase;
			buildActionMask = 2147483647;
			files = (
			);
			runOnlyForDeploymentPostprocessing = 0;
		};
		5908AC7527E37E63007AA345 /* Frameworks */ = {
			isa = PBXFrameworksBuildPhase;
			buildActionMask = 2147483647;
			files = (
			);
			runOnlyForDeploymentPostprocessing = 0;
		};
/* End PBXFrameworksBuildPhase section */

/* Begin PBXGroup section */
		5908AC4F27E37E61007AA345 = {
			isa = PBXGroup;
			children = (
				5908AC5A27E37E61007AA345 /* AnimationApp */,
				5908AC7127E37E63007AA345 /* AnimationAppTests */,
				5908AC7B27E37E63007AA345 /* AnimationAppUITests */,
				5908AC5927E37E61007AA345 /* Products */,
			);
			sourceTree = "<group>";
		};
		5908AC5927E37E61007AA345 /* Products */ = {
			isa = PBXGroup;
			children = (
				5908AC5827E37E61007AA345 /* AnimationApp.app */,
				5908AC6E27E37E63007AA345 /* AnimationAppTests.xctest */,
				5908AC7827E37E63007AA345 /* AnimationAppUITests.xctest */,
			);
			name = Products;
			sourceTree = "<group>";
		};
		5908AC5A27E37E61007AA345 /* AnimationApp */ = {
			isa = PBXGroup;
			children = (
				5908AC5B27E37E61007AA345 /* AppDelegate.swift */,
				5908AC5D27E37E61007AA345 /* SceneDelegate.swift */,
				5908AC5F27E37E61007AA345 /* ViewController.swift */,
				5908AC6127E37E61007AA345 /* Main.storyboard */,
				5908AC6427E37E62007AA345 /* Assets.xcassets */,
				5908AC6627E37E62007AA345 /* LaunchScreen.storyboard */,
				5908AC6927E37E63007AA345 /* Info.plist */,
			);
			path = AnimationApp;
			sourceTree = "<group>";
		};
		5908AC7127E37E63007AA345 /* AnimationAppTests */ = {
			isa = PBXGroup;
			children = (
				5908AC7227E37E63007AA345 /* AnimationAppTests.swift */,
			);
			path = AnimationAppTests;
			sourceTree = "<group>";
		};
		5908AC7B27E37E63007AA345 /* AnimationAppUITests */ = {
			isa = PBXGroup;
			children = (
				5908AC7C27E37E63007AA345 /* AnimationAppUITests.swift */,
				5908AC7E27E37E63007AA345 /* AnimationAppUITestsLaunchTests.swift */,
			);
			path = AnimationAppUITests;
			sourceTree = "<group>";
		};
/* End PBXGroup section */

/* Begin PBXNativeTarget section */
		5908AC5727E37E61007AA345 /* AnimationApp */ = {
			isa = PBXNativeTarget;
			buildConfigurationList = 5908AC8227E37E63007AA345 /* Build configuration list for PBXNativeTarget "AnimationApp" */;
			buildPhases = (
				5908AC5427E37E61007AA345 /* Sources */,
				5908AC5527E37E61007AA345 /* Frameworks */,
				5908AC5627E37E61007AA345 /* Resources */,
			);
			buildRules = (
			);
			dependencies = (
			);
			name = AnimationApp;
			productName = AnimationApp;
			productReference = 5908AC5827E37E61007AA345 /* AnimationApp.app */;
			productType = "com.apple.product-type.application";
		};
		5908AC6D27E37E63007AA345 /* AnimationAppTests */ = {
			isa = PBXNativeTarget;
			buildConfigurationList = 5908AC8527E37E63007AA345 /* Build configuration list for PBXNativeTarget "AnimationAppTests" */;
			buildPhases = (
				5908AC6A27E37E63007AA345 /* Sources */,
				5908AC6B27E37E63007AA345 /* Frameworks */,
				5908AC6C27E37E63007AA345 /* Resources */,
			);
			buildRules = (
			);
			dependencies = (
				5908AC7027E37E63007AA345 /* PBXTargetDependency */,
			);
			name = AnimationAppTests;
			productName = AnimationAppTests;
			productReference = 5908AC6E27E37E63007AA345 /* AnimationAppTests.xctest */;
			productType = "com.apple.product-type.bundle.unit-test";
		};
		5908AC7727E37E63007AA345 /* AnimationAppUITests */ = {
			isa = PBXNativeTarget;
			buildConfigurationList = 5908AC8827E37E63007AA345 /* Build configuration list for PBXNativeTarget "AnimationAppUITests" */;
			buildPhases = (
				5908AC7427E37E63007AA345 /* Sources */,
				5908AC7527E37E63007AA345 /* Frameworks */,
				5908AC7627E37E63007AA345 /* Resources */,
			);
			buildRules = (
			);
			dependencies = (
				5908AC7A27E37E63007AA345 /* PBXTargetDependency */,
			);
			name = AnimationAppUITests;
			productName = AnimationAppUITests;
			productReference = 5908AC7827E37E63007AA345 /* AnimationAppUITests.xctest */;
			productType = "com.apple.product-type.bundle.ui-testing";
		};
/* End PBXNativeTarget section */

/* Begin PBXProject section */
		5908AC5027E37E61007AA345 /* Project object */ = {
			isa = PBXProject;
			attributes = {
				BuildIndependentTargetsInParallel = 1;
				LastSwiftUpdateCheck = 1320;
				LastUpgradeCheck = 1320;
				TargetAttributes = {
					5908AC5727E37E61007AA345 = {
						CreatedOnToolsVersion = 13.2.1;
					};
					5908AC6D27E37E63007AA345 = {
						CreatedOnToolsVersion = 13.2.1;
						TestTargetID = 5908AC5727E37E61007AA345;
					};
					5908AC7727E37E63007AA345 = {
						CreatedOnToolsVersion = 13.2.1;
						TestTargetID = 5908AC5727E37E61007AA345;
					};
				};
			};
			buildConfigurationList = 5908AC5327E37E61007AA345 /* Build configuration list for PBXProject "AnimationApp" */;
			compatibilityVersion = "Xcode 13.0";
			developmentRegion = en;
			hasScannedForEncodings = 0;
			knownRegions = (
				en,
				Base,
			);
			mainGroup = 5908AC4F27E37E61007AA345;
			productRefGroup = 5908AC5927E37E61007AA345 /* Products */;
			projectDirPath = "";
			projectRoot = "";
			targets = (
				5908AC5727E37E61007AA345 /* AnimationApp */,
				5908AC6D27E37E63007AA345 /* AnimationAppTests */,
				5908AC7727E37E63007AA345 /* AnimationAppUITests */,
			);
		};
/* End PBXProject section */

/* Begin PBXResourcesBuildPhase section */
		5908AC5627E37E61007AA345 /* Resources */ = {
			isa = PBXResourcesBuildPhase;
			buildActionMask = 2147483647;
			files = (
				5908AC6827E37E62007AA345 /* LaunchScreen.storyboard in Resources */,
				5908AC6527E37E62007AA345 /* Assets.xcassets in Resources */,
				5908AC6327E37E61007AA345 /* Main.storyboard in Resources */,
			);
			runOnlyForDeploymentPostprocessing = 0;
		};
		5908AC6C27E37E63007AA345 /* Resources */ = {
			isa = PBXResourcesBuildPhase;
			buildActionMask = 2147483647;
			files = (
			);
			runOnlyForDeploymentPostprocessing = 0;
		};
		5908AC7627E37E63007AA345 /* Resources */ = {
			isa = PBXResourcesBuildPhase;
			buildActionMask = 2147483647;
			files = (
			);
			runOnlyForDeploymentPostprocessing = 0;
		};
/* End PBXResourcesBuildPhase section */

/* Begin PBXSourcesBuildPhase section */
		5908AC5427E37E61007AA345 /* Sources */ = {
			isa = PBXSourcesBuildPhase;
			buildActionMask = 2147483647;
			files = (
				5908AC6027E37E61007AA345 /* ViewController.swift in Sources */,
				5908AC5C27E37E61007AA345 /* AppDelegate.swift in Sources */,
				5908AC5E27E37E61007AA345 /* SceneDelegate.swift in Sources */,
			);
			runOnlyForDeploymentPostprocessing = 0;
		};
		5908AC6A27E37E63007AA345 /* Sources */ = {
			isa = PBXSourcesBuildPhase;
			buildActionMask = 2147483647;
			files = (
				5908AC7327E37E63007AA345 /* AnimationAppTests.swift in Sources */,
			);
			runOnlyForDeploymentPostprocessing = 0;
		};
		5908AC7427E37E63007AA345 /* Sources */ = {
			isa = PBXSourcesBuildPhase;
			buildActionMask = 2147483647;
			files = (
				5908AC7D27E37E63007AA345 /* AnimationAppUITests.swift in Sources */,
				5908AC7F27E37E63007AA345 /* AnimationAppUITestsLaunchTests.swift in Sources */,
			);
			runOnlyForDeploymentPostprocessing = 0;
		};
/* End PBXSourcesBuildPhase section */

/* Begin PBXTargetDependency section */
		5908AC7027E37E63007AA345 /* PBXTargetDependency */ = {
			isa = PBXTargetDependency;
			target = 5908AC5727E37E61007AA345 /* AnimationApp */;
			targetProxy = 5908AC6F27E37E63007AA345 /* PBXContainerItemProxy */;
		};
		5908AC7A27E37E63007AA345 /* PBXTargetDependency */ = {
			isa = PBXTargetDependency;
			target = 5908AC5727E37E61007AA345 /* AnimationApp */;
			targetProxy = 5908AC7927E37E63007AA345 /* PBXContainerItemProxy */;
		};
/* End PBXTargetDependency section */

/* Begin PBXVariantGroup section */
		5908AC6127E37E61007AA345 /* Main.storyboard */ = {
			isa = PBXVariantGroup;
			children = (
				5908AC6227E37E61007AA345 /* Base */,
			);
			name = Main.storyboard;
			sourceTree = "<group>";
		};
		5908AC6627E37E62007AA345 /* LaunchScreen.storyboard */ = {
			isa = PBXVariantGroup;
			children = (
				5908AC6727E37E62007AA345 /* Base */,
			);
			name = LaunchScreen.storyboard;
			sourceTree = "<group>";
		};
/* End PBXVariantGroup section */

/* Begin XCBuildConfiguration section */
		5908AC8027E37E63007AA345 /* Debug */ = {
			isa = XCBuildConfiguration;
			buildSettings = {
				ALWAYS_SEARCH_USER_PATHS = NO;
				CLANG_ANALYZER_NONNULL = YES;
				CLANG_ANALYZER_NUMBER_OBJECT_CONVERSION = YES_AGGRESSIVE;
				CLANG_CXX_LANGUAGE_STANDARD = "gnu++17";
				CLANG_CXX_LIBRARY = "libc++";
				CLANG_ENABLE_MODULES = YES;
				CLANG_ENABLE_OBJC_ARC = YES;
				CLANG_ENABLE_OBJC_WEAK = YES;
				CLANG_WARN_BLOCK_CAPTURE_AUTORELEASING = YES;
				CLANG_WARN_BOOL_CONVERSION = YES;
				CLANG_WARN_COMMA = YES;
				CLANG_WARN_CONSTANT_CONVERSION = YES;
				CLANG_WARN_DEPRECATED_OBJC_IMPLEMENTATIONS = YES;
				CLANG_WARN_DIRECT_OBJC_ISA_USAGE = YES_ERROR;
				CLANG_WARN_DOCUMENTATION_COMMENTS = YES;
				CLANG_WARN_EMPTY_BODY = YES;
				CLANG_WARN_ENUM_CONVERSION = YES;
				CLANG_WARN_INFINITE_RECURSION = YES;
				CLANG_WARN_INT_CONVERSION = YES;
				CLANG_WARN_NON_LITERAL_NULL_CONVERSION = YES;
				CLANG_WARN_OBJC_IMPLICIT_RETAIN_SELF = YES;
				CLANG_WARN_OBJC_LITERAL_CONVERSION = YES;
				CLANG_WARN_OBJC_ROOT_CLASS = YES_ERROR;
				CLANG_WARN_QUOTED_INCLUDE_IN_FRAMEWORK_HEADER = YES;
				CLANG_WARN_RANGE_LOOP_ANALYSIS = YES;
				CLANG_WARN_STRICT_PROTOTYPES = YES;
				CLANG_WARN_SUSPICIOUS_MOVE = YES;
				CLANG_WARN_UNGUARDED_AVAILABILITY = YES_AGGRESSIVE;
				CLANG_WARN_UNREACHABLE_CODE = YES;
				CLANG_WARN__DUPLICATE_METHOD_MATCH = YES;
				COPY_PHASE_STRIP = NO;
				DEBUG_INFORMATION_FORMAT = dwarf;
				ENABLE_STRICT_OBJC_MSGSEND = YES;
				ENABLE_TESTABILITY = YES;
				GCC_C_LANGUAGE_STANDARD = gnu11;
				GCC_DYNAMIC_NO_PIC = NO;
				GCC_NO_COMMON_BLOCKS = YES;
				GCC_OPTIMIZATION_LEVEL = 0;
				GCC_PREPROCESSOR_DEFINITIONS = (
					"DEBUG=1",
					"$(inherited)",
				);
				GCC_WARN_64_TO_32_BIT_CONVERSION = YES;
				GCC_WARN_ABOUT_RETURN_TYPE = YES_ERROR;
				GCC_WARN_UNDECLARED_SELECTOR = YES;
				GCC_WARN_UNINITIALIZED_AUTOS = YES_AGGRESSIVE;
				GCC_WARN_UNUSED_FUNCTION = YES;
				GCC_WARN_UNUSED_VARIABLE = YES;
				IPHONEOS_DEPLOYMENT_TARGET = 15.2;
				MTL_ENABLE_DEBUG_INFO = INCLUDE_SOURCE;
				MTL_FAST_MATH = YES;
				ONLY_ACTIVE_ARCH = YES;
				SDKROOT = iphoneos;
				SWIFT_ACTIVE_COMPILATION_CONDITIONS = DEBUG;
				SWIFT_OPTIMIZATION_LEVEL = "-Onone";
			};
			name = Debug;
		};
		5908AC8127E37E63007AA345 /* Release */ = {
			isa = XCBuildConfiguration;
			buildSettings = {
				ALWAYS_SEARCH_USER_PATHS = NO;
				CLANG_ANALYZER_NONNULL = YES;
				CLANG_ANALYZER_NUMBER_OBJECT_CONVERSION = YES_AGGRESSIVE;
				CLANG_CXX_LANGUAGE_STANDARD = "gnu++17";
				CLANG_CXX_LIBRARY = "libc++";
				CLANG_ENABLE_MODULES = YES;
				CLANG_ENABLE_OBJC_ARC = YES;
				CLANG_ENABLE_OBJC_WEAK = YES;
				CLANG_WARN_BLOCK_CAPTURE_AUTORELEASING = YES;
				CLANG_WARN_BOOL_CONVERSION = YES;
				CLANG_WARN_COMMA = YES;
				CLANG_WARN_CONSTANT_CONVERSION = YES;
				CLANG_WARN_DEPRECATED_OBJC_IMPLEMENTATIONS = YES;
				CLANG_WARN_DIRECT_OBJC_ISA_USAGE = YES_ERROR;
				CLANG_WARN_DOCUMENTATION_COMMENTS = YES;
				CLANG_WARN_EMPTY_BODY = YES;
				CLANG_WARN_ENUM_CONVERSION = YES;
				CLANG_WARN_INFINITE_RECURSION = YES;
				CLANG_WARN_INT_CONVERSION = YES;
				CLANG_WARN_NON_LITERAL_NULL_CONVERSION = YES;
				CLANG_WARN_OBJC_IMPLICIT_RETAIN_SELF = YES;
				CLANG_WARN_OBJC_LITERAL_CONVERSION = YES;
				CLANG_WARN_OBJC_ROOT_CLASS = YES_ERROR;
				CLANG_WARN_QUOTED_INCLUDE_IN_FRAMEWORK_HEADER = YES;
				CLANG_WARN_RANGE_LOOP_ANALYSIS = YES;
				CLANG_WARN_STRICT_PROTOTYPES = YES;
				CLANG_WARN_SUSPICIOUS_MOVE = YES;
				CLANG_WARN_UNGUARDED_AVAILABILITY = YES_AGGRESSIVE;
				CLANG_WARN_UNREACHABLE_CODE = YES;
				CLANG_WARN__DUPLICATE_METHOD_MATCH = YES;
				COPY_PHASE_STRIP = NO;
				DEBUG_INFORMATION_FORMAT = "dwarf-with-dsym";
				ENABLE_NS_ASSERTIONS = NO;
				ENABLE_STRICT_OBJC_MSGSEND = YES;
				GCC_C_LANGUAGE_STANDARD = gnu11;
				GCC_NO_COMMON_BLOCKS = YES;
				GCC_WARN_64_TO_32_BIT_CONVERSION = YES;
				GCC_WARN_ABOUT_RETURN_TYPE = YES_ERROR;
				GCC_WARN_UNDECLARED_SELECTOR = YES;
				GCC_WARN_UNINITIALIZED_AUTOS = YES_AGGRESSIVE;
				GCC_WARN_UNUSED_FUNCTION = YES;
				GCC_WARN_UNUSED_VARIABLE = YES;
				IPHONEOS_DEPLOYMENT_TARGET = 15.2;
				MTL_ENABLE_DEBUG_INFO = NO;
				MTL_FAST_MATH = YES;
				SDKROOT = iphoneos;
				SWIFT_COMPILATION_MODE = wholemodule;
				SWIFT_OPTIMIZATION_LEVEL = "-O";
				VALIDATE_PRODUCT = YES;
			};
			name = Release;
		};
		5908AC8327E37E63007AA345 /* Debug */ = {
			isa = XCBuildConfiguration;
			buildSettings = {
				ASSETCATALOG_COMPILER_APPICON_NAME = AppIcon;
				ASSETCATALOG_COMPILER_GLOBAL_ACCENT_COLOR_NAME = AccentColor;
				CODE_SIGN_STYLE = Automatic;
				CURRENT_PROJECT_VERSION = 1;
				GENERATE_INFOPLIST_FILE = YES;
				INFOPLIST_FILE = AnimationApp/Info.plist;
				INFOPLIST_KEY_UIApplicationSupportsIndirectInputEvents = YES;
				INFOPLIST_KEY_UILaunchStoryboardName = LaunchScreen;
				INFOPLIST_KEY_UIMainStoryboardFile = Main;
				INFOPLIST_KEY_UISupportedInterfaceOrientations_iPad = "UIInterfaceOrientationPortrait UIInterfaceOrientationPortraitUpsideDown UIInterfaceOrientationLandscapeLeft UIInterfaceOrientationLandscapeRight";
				INFOPLIST_KEY_UISupportedInterfaceOrientations_iPhone = "UIInterfaceOrientationPortrait UIInterfaceOrientationLandscapeLeft UIInterfaceOrientationLandscapeRight";
				LD_RUNPATH_SEARCH_PATHS = (
					"$(inherited)",
					"@executable_path/Frameworks",
				);
				MARKETING_VERSION = 1.0;
				PRODUCT_BUNDLE_IDENTIFIER = nwmsu.AnimationApp;
				PRODUCT_NAME = "$(TARGET_NAME)";
				SWIFT_EMIT_LOC_STRINGS = YES;
				SWIFT_VERSION = 5.0;
				TARGETED_DEVICE_FAMILY = "1,2";
			};
			name = Debug;
		};
		5908AC8427E37E63007AA345 /* Release */ = {
			isa = XCBuildConfiguration;
			buildSettings = {
				ASSETCATALOG_COMPILER_APPICON_NAME = AppIcon;
				ASSETCATALOG_COMPILER_GLOBAL_ACCENT_COLOR_NAME = AccentColor;
				CODE_SIGN_STYLE = Automatic;
				CURRENT_PROJECT_VERSION = 1;
				GENERATE_INFOPLIST_FILE = YES;
				INFOPLIST_FILE = AnimationApp/Info.plist;
				INFOPLIST_KEY_UIApplicationSupportsIndirectInputEvents = YES;
				INFOPLIST_KEY_UILaunchStoryboardName = LaunchScreen;
				INFOPLIST_KEY_UIMainStoryboardFile = Main;
				INFOPLIST_KEY_UISupportedInterfaceOrientations_iPad = "UIInterfaceOrientationPortrait UIInterfaceOrientationPortraitUpsideDown UIInterfaceOrientationLandscapeLeft UIInterfaceOrientationLandscapeRight";
				INFOPLIST_KEY_UISupportedInterfaceOrientations_iPhone = "UIInterfaceOrientationPortrait UIInterfaceOrientationLandscapeLeft UIInterfaceOrientationLandscapeRight";
				LD_RUNPATH_SEARCH_PATHS = (
					"$(inherited)",
					"@executable_path/Frameworks",
				);
				MARKETING_VERSION = 1.0;
				PRODUCT_BUNDLE_IDENTIFIER = nwmsu.AnimationApp;
				PRODUCT_NAME = "$(TARGET_NAME)";
				SWIFT_EMIT_LOC_STRINGS = YES;
				SWIFT_VERSION = 5.0;
				TARGETED_DEVICE_FAMILY = "1,2";
			};
			name = Release;
		};
		5908AC8627E37E63007AA345 /* Debug */ = {
			isa = XCBuildConfiguration;
			buildSettings = {
				ALWAYS_EMBED_SWIFT_STANDARD_LIBRARIES = YES;
				BUNDLE_LOADER = "$(TEST_HOST)";
				CODE_SIGN_STYLE = Automatic;
				CURRENT_PROJECT_VERSION = 1;
				GENERATE_INFOPLIST_FILE = YES;
				IPHONEOS_DEPLOYMENT_TARGET = 15.2;
				MARKETING_VERSION = 1.0;
				PRODUCT_BUNDLE_IDENTIFIER = nwmsu.AnimationAppTests;
				PRODUCT_NAME = "$(TARGET_NAME)";
				SWIFT_EMIT_LOC_STRINGS = NO;
				SWIFT_VERSION = 5.0;
				TARGETED_DEVICE_FAMILY = "1,2";
				TEST_HOST = "$(BUILT_PRODUCTS_DIR)/AnimationApp.app/AnimationApp";
			};
			name = Debug;
		};
		5908AC8727E37E63007AA345 /* Release */ = {
			isa = XCBuildConfiguration;
			buildSettings = {
				ALWAYS_EMBED_SWIFT_STANDARD_LIBRARIES = YES;
				BUNDLE_LOADER = "$(TEST_HOST)";
				CODE_SIGN_STYLE = Automatic;
				CURRENT_PROJECT_VERSION = 1;
				GENERATE_INFOPLIST_FILE = YES;
				IPHONEOS_DEPLOYMENT_TARGET = 15.2;
				MARKETING_VERSION = 1.0;
				PRODUCT_BUNDLE_IDENTIFIER = nwmsu.AnimationAppTests;
				PRODUCT_NAME = "$(TARGET_NAME)";
				SWIFT_EMIT_LOC_STRINGS = NO;
				SWIFT_VERSION = 5.0;
				TARGETED_DEVICE_FAMILY = "1,2";
				TEST_HOST = "$(BUILT_PRODUCTS_DIR)/AnimationApp.app/AnimationApp";
			};
			name = Release;
		};
		5908AC8927E37E63007AA345 /* Debug */ = {
			isa = XCBuildConfiguration;
			buildSettings = {
				ALWAYS_EMBED_SWIFT_STANDARD_LIBRARIES = YES;
				CODE_SIGN_STYLE = Automatic;
				CURRENT_PROJECT_VERSION = 1;
				GENERATE_INFOPLIST_FILE = YES;
				MARKETING_VERSION = 1.0;
				PRODUCT_BUNDLE_IDENTIFIER = nwmsu.AnimationAppUITests;
				PRODUCT_NAME = "$(TARGET_NAME)";
				SWIFT_EMIT_LOC_STRINGS = NO;
				SWIFT_VERSION = 5.0;
				TARGETED_DEVICE_FAMILY = "1,2";
				TEST_TARGET_NAME = AnimationApp;
			};
			name = Debug;
		};
		5908AC8A27E37E63007AA345 /* Release */ = {
			isa = XCBuildConfiguration;
			buildSettings = {
				ALWAYS_EMBED_SWIFT_STANDARD_LIBRARIES = YES;
				CODE_SIGN_STYLE = Automatic;
				CURRENT_PROJECT_VERSION = 1;
				GENERATE_INFOPLIST_FILE = YES;
				MARKETING_VERSION = 1.0;
				PRODUCT_BUNDLE_IDENTIFIER = nwmsu.AnimationAppUITests;
				PRODUCT_NAME = "$(TARGET_NAME)";
				SWIFT_EMIT_LOC_STRINGS = NO;
				SWIFT_VERSION = 5.0;
				TARGETED_DEVICE_FAMILY = "1,2";
				TEST_TARGET_NAME = AnimationApp;
			};
			name = Release;
		};
/* End XCBuildConfiguration section */

/* Begin XCConfigurationList section */
		5908AC5327E37E61007AA345 /* Build configuration list for PBXProject "AnimationApp" */ = {
			isa = XCConfigurationList;
			buildConfigurations = (
				5908AC8027E37E63007AA345 /* Debug */,
				5908AC8127E37E63007AA345 /* Release */,
			);
			defaultConfigurationIsVisible = 0;
			defaultConfigurationName = Release;
		};
		5908AC8227E37E63007AA345 /* Build configuration list for PBXNativeTarget "AnimationApp" */ = {
			isa = XCConfigurationList;
			buildConfigurations = (
				5908AC8327E37E63007AA345 /* Debug */,
				5908AC8427E37E63007AA345 /* Release */,
			);
			defaultConfigurationIsVisible = 0;
			defaultConfigurationName = Release;
		};
		5908AC8527E37E63007AA345 /* Build configuration list for PBXNativeTarget "AnimationAppTests" */ = {
			isa = XCConfigurationList;
			buildConfigurations = (
				5908AC8627E37E63007AA345 /* Debug */,
				5908AC8727E37E63007AA345 /* Release */,
			);
			defaultConfigurationIsVisible = 0;
			defaultConfigurationName = Release;
		};
		5908AC8827E37E63007AA345 /* Build configuration list for PBXNativeTarget "AnimationAppUITests" */ = {
			isa = XCConfigurationList;
			buildConfigurations = (
				5908AC8927E37E63007AA345 /* Debug */,
				5908AC8A27E37E63007AA345 /* Release */,
			);
			defaultConfigurationIsVisible = 0;
			defaultConfigurationName = Release;
		};
/* End XCConfigurationList section */
	};
	rootObject = 5908AC5027E37E61007AA345 /* Project object */;
}
